// !$*UTF8*$!
{
	archiveVersion = 1;
	classes = {
	};
	objectVersion = 46;
	objects = {

/* Begin PBXBuildFile section */
		0535C78E19C743B8006BB1A5 /* KCPreferenceTableSource.m in Sources */ = {isa = PBXBuildFile; fileRef = 0535C78D19C743B8006BB1A5 /* KCPreferenceTableSource.m */; };
		056C521119CFE24700ADCCA3 /* SecondViewController.m in Sources */ = {isa = PBXBuildFile; fileRef = 056C521019CFE24700ADCCA3 /* SecondViewController.m */; };
		05ADA8E419CB142200A7EBE8 /* AppDefaults.plist in Resources */ = {isa = PBXBuildFile; fileRef = 05ADA8E319CB142200A7EBE8 /* AppDefaults.plist */; };
		05D3598C1B1DF58100C3AF33 /* KCPreferenceTableDelegate.m in Sources */ = {isa = PBXBuildFile; fileRef = 05D3598B1B1DF58100C3AF33 /* KCPreferenceTableDelegate.m */; };
		05D3598E1B1E047C00C3AF33 /* KCPreferenceTableCell.xib in Resources */ = {isa = PBXBuildFile; fileRef = 05D3598D1B1E047C00C3AF33 /* KCPreferenceTableCell.xib */; };
		05E8AFBA19C73CA4005AB0E9 /* KCPreferenceTable.h in CopyFiles */ = {isa = PBXBuildFile; fileRef = 05E8AFB919C73CA4005AB0E9 /* KCPreferenceTable.h */; };
		05E8AFBC19C73CA4005AB0E9 /* KCPreferenceTable.m in Sources */ = {isa = PBXBuildFile; fileRef = 05E8AFBB19C73CA4005AB0E9 /* KCPreferenceTable.m */; };
		05F738F619C87BF300817D33 /* main.m in Sources */ = {isa = PBXBuildFile; fileRef = 05F738F519C87BF300817D33 /* main.m */; };
		05F738F919C87BF300817D33 /* AppDelegate.m in Sources */ = {isa = PBXBuildFile; fileRef = 05F738F819C87BF300817D33 /* AppDelegate.m */; };
		05F738FC19C87BF300817D33 /* FirstViewController.m in Sources */ = {isa = PBXBuildFile; fileRef = 05F738FB19C87BF300817D33 /* FirstViewController.m */; };
		05F738FF19C87BF300817D33 /* Main.storyboard in Resources */ = {isa = PBXBuildFile; fileRef = 05F738FD19C87BF300817D33 /* Main.storyboard */; };
		05F7390119C87BF300817D33 /* Images.xcassets in Resources */ = {isa = PBXBuildFile; fileRef = 05F7390019C87BF300817D33 /* Images.xcassets */; };
		05F7390419C87BF300817D33 /* LaunchScreen.xib in Resources */ = {isa = PBXBuildFile; fileRef = 05F7390219C87BF300817D33 /* LaunchScreen.xib */; };
		05F7391D19C8849E00817D33 /* KCPreferenceTableSource.h in CopyFiles */ = {isa = PBXBuildFile; fileRef = 0535C78C19C743B8006BB1A5 /* KCPreferenceTableSource.h */; };
/* End PBXBuildFile section */

/* Begin PBXContainerItemProxy section */
		0535C78719C73FC0006BB1A5 /* PBXContainerItemProxy */ = {
			isa = PBXContainerItemProxy;
			containerPortal = 05E8AFAE19C73CA4005AB0E9 /* Project object */;
			proxyType = 1;
			remoteGlobalIDString = 05E8AFB519C73CA4005AB0E9;
			remoteInfo = KCPreferenceTable;
		};
		05F7391F19C884C500817D33 /* PBXContainerItemProxy */ = {
			isa = PBXContainerItemProxy;
			containerPortal = 05E8AFAE19C73CA4005AB0E9 /* Project object */;
			proxyType = 1;
			remoteGlobalIDString = 0535C78319C73FB8006BB1A5;
			remoteInfo = Install;
		};
/* End PBXContainerItemProxy section */

/* Begin PBXCopyFilesBuildPhase section */
		05E8AFB419C73CA4005AB0E9 /* CopyFiles */ = {
			isa = PBXCopyFilesBuildPhase;
			buildActionMask = 2147483647;
			dstPath = "include/$(PRODUCT_NAME)";
			dstSubfolderSpec = 16;
			files = (
				05F7391D19C8849E00817D33 /* KCPreferenceTableSource.h in CopyFiles */,
				05E8AFBA19C73CA4005AB0E9 /* KCPreferenceTable.h in CopyFiles */,
			);
			runOnlyForDeploymentPostprocessing = 0;
		};
/* End PBXCopyFilesBuildPhase section */

/* Begin PBXFileReference section */
		0535C78C19C743B8006BB1A5 /* KCPreferenceTableSource.h */ = {isa = PBXFileReference; fileEncoding = 4; lastKnownFileType = sourcecode.c.h; name = KCPreferenceTableSource.h; path = Source/KCPreferenceTableSource.h; sourceTree = SOURCE_ROOT; };
		0535C78D19C743B8006BB1A5 /* KCPreferenceTableSource.m */ = {isa = PBXFileReference; fileEncoding = 4; lastKnownFileType = sourcecode.c.objc; name = KCPreferenceTableSource.m; path = Source/KCPreferenceTableSource.m; sourceTree = SOURCE_ROOT; };
		056C520F19CFE24700ADCCA3 /* SecondViewController.h */ = {isa = PBXFileReference; fileEncoding = 4; lastKnownFileType = sourcecode.c.h; path = SecondViewController.h; sourceTree = "<group>"; };
		056C521019CFE24700ADCCA3 /* SecondViewController.m */ = {isa = PBXFileReference; fileEncoding = 4; lastKnownFileType = sourcecode.c.objc; path = SecondViewController.m; sourceTree = "<group>"; };
		058C643119C8762F00024190 /* KCPreferenceTableCell.xib */ = {isa = PBXFileReference; fileEncoding = 4; lastKnownFileType = file.xib; name = KCPreferenceTableCell.xib; path = Resource/KCPreferenceTableCell.xib; sourceTree = SOURCE_ROOT; };
		05ADA8E319CB142200A7EBE8 /* AppDefaults.plist */ = {isa = PBXFileReference; fileEncoding = 4; lastKnownFileType = text.plist.xml; path = AppDefaults.plist; sourceTree = "<group>"; };
		05D3598A1B1DF58100C3AF33 /* KCPreferenceTableDelegate.h */ = {isa = PBXFileReference; fileEncoding = 4; lastKnownFileType = sourcecode.c.h; name = KCPreferenceTableDelegate.h; path = Source/KCPreferenceTableDelegate.h; sourceTree = SOURCE_ROOT; };
		05D3598B1B1DF58100C3AF33 /* KCPreferenceTableDelegate.m */ = {isa = PBXFileReference; fileEncoding = 4; lastKnownFileType = sourcecode.c.objc; name = KCPreferenceTableDelegate.m; path = Source/KCPreferenceTableDelegate.m; sourceTree = SOURCE_ROOT; };
		05D3598D1B1E047C00C3AF33 /* KCPreferenceTableCell.xib */ = {isa = PBXFileReference; fileEncoding = 4; lastKnownFileType = file.xib; name = KCPreferenceTableCell.xib; path = ../../../../local/resource/KCPreferenceTableCell.xib; sourceTree = "<group>"; };
		05E8AFB619C73CA4005AB0E9 /* libKCPreferenceTable.a */ = {isa = PBXFileReference; explicitFileType = archive.ar; includeInIndex = 0; path = libKCPreferenceTable.a; sourceTree = BUILT_PRODUCTS_DIR; };
		05E8AFB919C73CA4005AB0E9 /* KCPreferenceTable.h */ = {isa = PBXFileReference; lastKnownFileType = sourcecode.c.h; name = KCPreferenceTable.h; path = Source/KCPreferenceTable.h; sourceTree = SOURCE_ROOT; };
		05E8AFBB19C73CA4005AB0E9 /* KCPreferenceTable.m */ = {isa = PBXFileReference; lastKnownFileType = sourcecode.c.objc; name = KCPreferenceTable.m; path = Source/KCPreferenceTable.m; sourceTree = SOURCE_ROOT; };
		05F738F119C87BF300817D33 /* KCPreferenceTableTest.app */ = {isa = PBXFileReference; explicitFileType = wrapper.application; includeInIndex = 0; path = KCPreferenceTableTest.app; sourceTree = BUILT_PRODUCTS_DIR; };
		05F738F419C87BF300817D33 /* Info.plist */ = {isa = PBXFileReference; lastKnownFileType = text.plist.xml; path = Info.plist; sourceTree = "<group>"; };
		05F738F519C87BF300817D33 /* main.m */ = {isa = PBXFileReference; lastKnownFileType = sourcecode.c.objc; path = main.m; sourceTree = "<group>"; };
		05F738F719C87BF300817D33 /* AppDelegate.h */ = {isa = PBXFileReference; lastKnownFileType = sourcecode.c.h; path = AppDelegate.h; sourceTree = "<group>"; };
		05F738F819C87BF300817D33 /* AppDelegate.m */ = {isa = PBXFileReference; lastKnownFileType = sourcecode.c.objc; path = AppDelegate.m; sourceTree = "<group>"; };
		05F738FA19C87BF300817D33 /* FirstViewController.h */ = {isa = PBXFileReference; lastKnownFileType = sourcecode.c.h; path = FirstViewController.h; sourceTree = "<group>"; };
		05F738FB19C87BF300817D33 /* FirstViewController.m */ = {isa = PBXFileReference; lastKnownFileType = sourcecode.c.objc; path = FirstViewController.m; sourceTree = "<group>"; };
		05F738FE19C87BF300817D33 /* Base */ = {isa = PBXFileReference; lastKnownFileType = file.storyboard; name = Base; path = Base.lproj/Main.storyboard; sourceTree = "<group>"; };
		05F7390019C87BF300817D33 /* Images.xcassets */ = {isa = PBXFileReference; lastKnownFileType = folder.assetcatalog; path = Images.xcassets; sourceTree = "<group>"; };
		05F7390319C87BF300817D33 /* Base */ = {isa = PBXFileReference; lastKnownFileType = file.xib; name = Base; path = Base.lproj/LaunchScreen.xib; sourceTree = "<group>"; };
/* End PBXFileReference section */

/* Begin PBXFrameworksBuildPhase section */
		05E8AFB319C73CA4005AB0E9 /* Frameworks */ = {
			isa = PBXFrameworksBuildPhase;
			buildActionMask = 2147483647;
			files = (
			);
			runOnlyForDeploymentPostprocessing = 0;
		};
		05F738EE19C87BF300817D33 /* Frameworks */ = {
			isa = PBXFrameworksBuildPhase;
			buildActionMask = 2147483647;
			files = (
			);
			runOnlyForDeploymentPostprocessing = 0;
		};
/* End PBXFrameworksBuildPhase section */

/* Begin PBXGroup section */
		05E8AFAD19C73CA4005AB0E9 = {
			isa = PBXGroup;
			children = (
				05E8AFB819C73CA4005AB0E9 /* KCPreferenceTable */,
				05F738F219C87BF300817D33 /* KCPreferenceTableTest */,
				05E8AFB719C73CA4005AB0E9 /* Products */,
			);
			sourceTree = "<group>";
		};
		05E8AFB719C73CA4005AB0E9 /* Products */ = {
			isa = PBXGroup;
			children = (
				05E8AFB619C73CA4005AB0E9 /* libKCPreferenceTable.a */,
				05F738F119C87BF300817D33 /* KCPreferenceTableTest.app */,
			);
			name = Products;
			sourceTree = "<group>";
		};
		05E8AFB819C73CA4005AB0E9 /* KCPreferenceTable */ = {
			isa = PBXGroup;
			children = (
				05E8AFB919C73CA4005AB0E9 /* KCPreferenceTable.h */,
				05E8AFBB19C73CA4005AB0E9 /* KCPreferenceTable.m */,
				0535C78C19C743B8006BB1A5 /* KCPreferenceTableSource.h */,
				0535C78D19C743B8006BB1A5 /* KCPreferenceTableSource.m */,
				05D3598A1B1DF58100C3AF33 /* KCPreferenceTableDelegate.h */,
				05D3598B1B1DF58100C3AF33 /* KCPreferenceTableDelegate.m */,
				058C643119C8762F00024190 /* KCPreferenceTableCell.xib */,
			);
			path = KCPreferenceTable;
			sourceTree = SOURCE_ROOT;
		};
		05F738F219C87BF300817D33 /* KCPreferenceTableTest */ = {
			isa = PBXGroup;
			children = (
				05F738F719C87BF300817D33 /* AppDelegate.h */,
				05F738F819C87BF300817D33 /* AppDelegate.m */,
				05F738FA19C87BF300817D33 /* FirstViewController.h */,
				05F738FB19C87BF300817D33 /* FirstViewController.m */,
				056C520F19CFE24700ADCCA3 /* SecondViewController.h */,
				056C521019CFE24700ADCCA3 /* SecondViewController.m */,
				05F738FD19C87BF300817D33 /* Main.storyboard */,
				05F7390019C87BF300817D33 /* Images.xcassets */,
				05F7390219C87BF300817D33 /* LaunchScreen.xib */,
				05F738F319C87BF300817D33 /* Supporting Files */,
			);
			path = KCPreferenceTableTest;
			sourceTree = "<group>";
		};
		05F738F319C87BF300817D33 /* Supporting Files */ = {
			isa = PBXGroup;
			children = (
				05D3598D1B1E047C00C3AF33 /* KCPreferenceTableCell.xib */,
				05ADA8E319CB142200A7EBE8 /* AppDefaults.plist */,
				05F738F419C87BF300817D33 /* Info.plist */,
				05F738F519C87BF300817D33 /* main.m */,
			);
			name = "Supporting Files";
			sourceTree = "<group>";
		};
/* End PBXGroup section */

/* Begin PBXLegacyTarget section */
		0535C78319C73FB8006BB1A5 /* Install */ = {
			isa = PBXLegacyTarget;
			buildArgumentsString = "-f ../script/install.mk";
			buildConfigurationList = 0535C78419C73FB8006BB1A5 /* Build configuration list for PBXLegacyTarget "Install" */;
			buildPhases = (
			);
			buildToolPath = /usr/bin/make;
			buildWorkingDirectory = "";
			dependencies = (
				0535C78819C73FC0006BB1A5 /* PBXTargetDependency */,
			);
			name = Install;
			passBuildSettingsInEnvironment = 1;
			productName = Install;
		};
/* End PBXLegacyTarget section */

/* Begin PBXNativeTarget section */
		05E8AFB519C73CA4005AB0E9 /* KCPreferenceTable */ = {
			isa = PBXNativeTarget;
			buildConfigurationList = 05E8AFC719C73CA4005AB0E9 /* Build configuration list for PBXNativeTarget "KCPreferenceTable" */;
			buildPhases = (
				05E8AFB219C73CA4005AB0E9 /* Sources */,
				05E8AFB319C73CA4005AB0E9 /* Frameworks */,
				05E8AFB419C73CA4005AB0E9 /* CopyFiles */,
			);
			buildRules = (
			);
			dependencies = (
			);
			name = KCPreferenceTable;
			productName = KCPreferenceTable;
			productReference = 05E8AFB619C73CA4005AB0E9 /* libKCPreferenceTable.a */;
			productType = "com.apple.product-type.library.static";
		};
		05F738F019C87BF300817D33 /* KCPreferenceTableTest */ = {
			isa = PBXNativeTarget;
			buildConfigurationList = 05F7391119C87BF300817D33 /* Build configuration list for PBXNativeTarget "KCPreferenceTableTest" */;
			buildPhases = (
				05F738ED19C87BF300817D33 /* Sources */,
				05F738EE19C87BF300817D33 /* Frameworks */,
				05F738EF19C87BF300817D33 /* Resources */,
			);
			buildRules = (
			);
			dependencies = (
				05F7392019C884C500817D33 /* PBXTargetDependency */,
			);
			name = KCPreferenceTableTest;
			productName = KCPreferenceTableTest;
			productReference = 05F738F119C87BF300817D33 /* KCPreferenceTableTest.app */;
			productType = "com.apple.product-type.application";
		};
/* End PBXNativeTarget section */

/* Begin PBXProject section */
		05E8AFAE19C73CA4005AB0E9 /* Project object */ = {
			isa = PBXProject;
			attributes = {
				LastUpgradeCheck = 0600;
				ORGANIZATIONNAME = "Steel Wheels Project";
				TargetAttributes = {
					0535C78319C73FB8006BB1A5 = {
						CreatedOnToolsVersion = 6.0;
					};
					05E8AFB519C73CA4005AB0E9 = {
						CreatedOnToolsVersion = 6.0;
					};
					05F738F019C87BF300817D33 = {
						CreatedOnToolsVersion = 6.0;
					};
				};
			};
			buildConfigurationList = 05E8AFB119C73CA4005AB0E9 /* Build configuration list for PBXProject "KCPreferenceTable" */;
			compatibilityVersion = "Xcode 3.2";
			developmentRegion = English;
			hasScannedForEncodings = 0;
			knownRegions = (
				en,
				Base,
			);
			mainGroup = 05E8AFAD19C73CA4005AB0E9;
			productRefGroup = 05E8AFB719C73CA4005AB0E9 /* Products */;
			projectDirPath = "";
			projectRoot = "";
			targets = (
				05E8AFB519C73CA4005AB0E9 /* KCPreferenceTable */,
				0535C78319C73FB8006BB1A5 /* Install */,
				05F738F019C87BF300817D33 /* KCPreferenceTableTest */,
			);
		};
/* End PBXProject section */

/* Begin PBXResourcesBuildPhase section */
		05F738EF19C87BF300817D33 /* Resources */ = {
			isa = PBXResourcesBuildPhase;
			buildActionMask = 2147483647;
			files = (
				05F738FF19C87BF300817D33 /* Main.storyboard in Resources */,
				05F7390419C87BF300817D33 /* LaunchScreen.xib in Resources */,
				05ADA8E419CB142200A7EBE8 /* AppDefaults.plist in Resources */,
				05F7390119C87BF300817D33 /* Images.xcassets in Resources */,
				05D3598E1B1E047C00C3AF33 /* KCPreferenceTableCell.xib in Resources */,
			);
			runOnlyForDeploymentPostprocessing = 0;
		};
/* End PBXResourcesBuildPhase section */

/* Begin PBXSourcesBuildPhase section */
		05E8AFB219C73CA4005AB0E9 /* Sources */ = {
			isa = PBXSourcesBuildPhase;
			buildActionMask = 2147483647;
			files = (
				0535C78E19C743B8006BB1A5 /* KCPreferenceTableSource.m in Sources */,
				05E8AFBC19C73CA4005AB0E9 /* KCPreferenceTable.m in Sources */,
				05D3598C1B1DF58100C3AF33 /* KCPreferenceTableDelegate.m in Sources */,
			);
			runOnlyForDeploymentPostprocessing = 0;
		};
		05F738ED19C87BF300817D33 /* Sources */ = {
			isa = PBXSourcesBuildPhase;
			buildActionMask = 2147483647;
			files = (
				056C521119CFE24700ADCCA3 /* SecondViewController.m in Sources */,
				05F738FC19C87BF300817D33 /* FirstViewController.m in Sources */,
				05F738F919C87BF300817D33 /* AppDelegate.m in Sources */,
				05F738F619C87BF300817D33 /* main.m in Sources */,
			);
			runOnlyForDeploymentPostprocessing = 0;
		};
/* End PBXSourcesBuildPhase section */

/* Begin PBXTargetDependency section */
		0535C78819C73FC0006BB1A5 /* PBXTargetDependency */ = {
			isa = PBXTargetDependency;
			target = 05E8AFB519C73CA4005AB0E9 /* KCPreferenceTable */;
			targetProxy = 0535C78719C73FC0006BB1A5 /* PBXContainerItemProxy */;
		};
		05F7392019C884C500817D33 /* PBXTargetDependency */ = {
			isa = PBXTargetDependency;
			target = 0535C78319C73FB8006BB1A5 /* Install */;
			targetProxy = 05F7391F19C884C500817D33 /* PBXContainerItemProxy */;
		};
/* End PBXTargetDependency section */

/* Begin PBXVariantGroup section */
		05F738FD19C87BF300817D33 /* Main.storyboard */ = {
			isa = PBXVariantGroup;
			children = (
				05F738FE19C87BF300817D33 /* Base */,
			);
			name = Main.storyboard;
			sourceTree = "<group>";
		};
		05F7390219C87BF300817D33 /* LaunchScreen.xib */ = {
			isa = PBXVariantGroup;
			children = (
				05F7390319C87BF300817D33 /* Base */,
			);
			name = LaunchScreen.xib;
			sourceTree = "<group>";
		};
/* End PBXVariantGroup section */

/* Begin XCBuildConfiguration section */
		0535C78519C73FB8006BB1A5 /* Debug */ = {
			isa = XCBuildConfiguration;
			buildSettings = {
				DEBUGGING_SYMBOLS = YES;
				GCC_GENERATE_DEBUGGING_SYMBOLS = YES;
				GCC_OPTIMIZATION_LEVEL = 0;
				GCC_PREPROCESSOR_DEFINITIONS = (
					"DEBUG=1",
					"$(inherited)",
				);
				MACOSX_DEPLOYMENT_TARGET = 10.9;
				OTHER_CFLAGS = "";
				OTHER_LDFLAGS = "";
				PRODUCT_NAME = "$(TARGET_NAME)";
				SDKROOT = macosx;
			};
			name = Debug;
		};
		0535C78619C73FB8006BB1A5 /* Release */ = {
			isa = XCBuildConfiguration;
			buildSettings = {
				DEBUG_INFORMATION_FORMAT = "dwarf-with-dsym";
				MACOSX_DEPLOYMENT_TARGET = 10.9;
				OTHER_CFLAGS = "";
				OTHER_LDFLAGS = "";
				PRODUCT_NAME = "$(TARGET_NAME)";
				SDKROOT = macosx;
			};
			name = Release;
		};
		05E8AFC519C73CA4005AB0E9 /* Debug */ = {
			isa = XCBuildConfiguration;
			buildSettings = {
				ALWAYS_SEARCH_USER_PATHS = NO;
				CLANG_CXX_LANGUAGE_STANDARD = "gnu++0x";
				CLANG_CXX_LIBRARY = "libc++";
				CLANG_ENABLE_MODULES = YES;
				CLANG_ENABLE_OBJC_ARC = YES;
				CLANG_WARN_BOOL_CONVERSION = YES;
				CLANG_WARN_CONSTANT_CONVERSION = YES;
				CLANG_WARN_DIRECT_OBJC_ISA_USAGE = YES_ERROR;
				CLANG_WARN_EMPTY_BODY = YES;
				CLANG_WARN_ENUM_CONVERSION = YES;
				CLANG_WARN_INT_CONVERSION = YES;
				CLANG_WARN_OBJC_ROOT_CLASS = YES_ERROR;
				CLANG_WARN_UNREACHABLE_CODE = YES;
				CLANG_WARN__DUPLICATE_METHOD_MATCH = YES;
				COPY_PHASE_STRIP = NO;
				ENABLE_STRICT_OBJC_MSGSEND = YES;
				GCC_C_LANGUAGE_STANDARD = gnu99;
				GCC_DYNAMIC_NO_PIC = NO;
				GCC_OPTIMIZATION_LEVEL = 2;
				GCC_PREPROCESSOR_DEFINITIONS = (
					"DEBUG=1",
					"$(inherited)",
				);
				GCC_SYMBOLS_PRIVATE_EXTERN = NO;
				GCC_WARN_64_TO_32_BIT_CONVERSION = YES;
				GCC_WARN_ABOUT_RETURN_TYPE = YES_ERROR;
				GCC_WARN_UNDECLARED_SELECTOR = YES;
				GCC_WARN_UNINITIALIZED_AUTOS = YES_AGGRESSIVE;
				GCC_WARN_UNUSED_FUNCTION = YES;
				GCC_WARN_UNUSED_VARIABLE = YES;
				HEADER_SEARCH_PATHS = (
					"$(inherited)",
					/Applications/Xcode.app/Contents/Developer/Toolchains/XcodeDefault.xctoolchain/usr/include,
					"$(HOME)/local/include",
				);
				IPHONEOS_DEPLOYMENT_TARGET = 8.0;
				LIBRARY_SEARCH_PATHS = "$(HOME)/local/lib";
				MTL_ENABLE_DEBUG_INFO = YES;
				ONLY_ACTIVE_ARCH = YES;
				OTHER_LDFLAGS = "-lKiwiControl";
				SDKROOT = iphoneos;
			};
			name = Debug;
		};
		05E8AFC619C73CA4005AB0E9 /* Release */ = {
			isa = XCBuildConfiguration;
			buildSettings = {
				ALWAYS_SEARCH_USER_PATHS = NO;
				CLANG_CXX_LANGUAGE_STANDARD = "gnu++0x";
				CLANG_CXX_LIBRARY = "libc++";
				CLANG_ENABLE_MODULES = YES;
				CLANG_ENABLE_OBJC_ARC = YES;
				CLANG_WARN_BOOL_CONVERSION = YES;
				CLANG_WARN_CONSTANT_CONVERSION = YES;
				CLANG_WARN_DIRECT_OBJC_ISA_USAGE = YES_ERROR;
				CLANG_WARN_EMPTY_BODY = YES;
				CLANG_WARN_ENUM_CONVERSION = YES;
				CLANG_WARN_INT_CONVERSION = YES;
				CLANG_WARN_OBJC_ROOT_CLASS = YES_ERROR;
				CLANG_WARN_UNREACHABLE_CODE = YES;
				CLANG_WARN__DUPLICATE_METHOD_MATCH = YES;
				COPY_PHASE_STRIP = YES;
				ENABLE_NS_ASSERTIONS = NO;
				ENABLE_STRICT_OBJC_MSGSEND = YES;
				GCC_C_LANGUAGE_STANDARD = gnu99;
				GCC_OPTIMIZATION_LEVEL = 2;
				GCC_WARN_64_TO_32_BIT_CONVERSION = YES;
				GCC_WARN_ABOUT_RETURN_TYPE = YES_ERROR;
				GCC_WARN_UNDECLARED_SELECTOR = YES;
				GCC_WARN_UNINITIALIZED_AUTOS = YES_AGGRESSIVE;
				GCC_WARN_UNUSED_FUNCTION = YES;
				GCC_WARN_UNUSED_VARIABLE = YES;
				HEADER_SEARCH_PATHS = (
					"$(inherited)",
					/Applications/Xcode.app/Contents/Developer/Toolchains/XcodeDefault.xctoolchain/usr/include,
					"$(HOME)/local/include",
				);
				IPHONEOS_DEPLOYMENT_TARGET = 8.0;
				LIBRARY_SEARCH_PATHS = "$(HOME)/local/lib";
				MTL_ENABLE_DEBUG_INFO = NO;
				OTHER_LDFLAGS = "-lKiwiControl";
				SDKROOT = iphoneos;
				VALIDATE_PRODUCT = YES;
			};
			name = Release;
		};
		05E8AFC819C73CA4005AB0E9 /* Debug */ = {
			isa = XCBuildConfiguration;
			buildSettings = {
				GCC_TREAT_WARNINGS_AS_ERRORS = YES;
				OTHER_CFLAGS = (
					"-W",
					"-Wall",
				);
				OTHER_LDFLAGS = (
					"-lKCTableView",
					"-ObjC",
				);
				PRODUCT_NAME = "$(TARGET_NAME)";
				SKIP_INSTALL = NO;
			};
			name = Debug;
		};
		05E8AFC919C73CA4005AB0E9 /* Release */ = {
			isa = XCBuildConfiguration;
			buildSettings = {
				GCC_TREAT_WARNINGS_AS_ERRORS = YES;
				OTHER_CFLAGS = (
					"-W",
					"-Wall",
				);
				OTHER_LDFLAGS = (
					"-lKCTableView",
					"-ObjC",
				);
				PRODUCT_NAME = "$(TARGET_NAME)";
				SKIP_INSTALL = NO;
			};
			name = Release;
		};
		05F7391219C87BF300817D33 /* Debug */ = {
			isa = XCBuildConfiguration;
			buildSettings = {
				ASSETCATALOG_COMPILER_APPICON_NAME = AppIcon;
				"CODE_SIGN_IDENTITY[sdk=iphoneos*]" = "iPhone Developer";
				GCC_OPTIMIZATION_LEVEL = 2;
				GCC_PREPROCESSOR_DEFINITIONS = (
					"DEBUG=1",
					"$(inherited)",
				);
				GCC_TREAT_WARNINGS_AS_ERRORS = YES;
				INFOPLIST_FILE = KCPreferenceTableTest/Info.plist;
				LD_RUNPATH_SEARCH_PATHS = "$(inherited) @executable_path/Frameworks";
				OTHER_CFLAGS = (
					"-W",
					"-Wall",
				);
				OTHER_LDFLAGS = (
					"-lKCPreferenceTable",
					"-lKCTableView",
					"-lKiwiControl",
					"-lCoconutGraphics",
					"-ObjC",
					"-all_load",
				);
				PRODUCT_NAME = "$(TARGET_NAME)";
				TARGETED_DEVICE_FAMILY = "1,2";
			};
			name = Debug;
		};
		05F7391319C87BF300817D33 /* Release */ = {
			isa = XCBuildConfiguration;
			buildSettings = {
				ASSETCATALOG_COMPILER_APPICON_NAME = AppIcon;
				"CODE_SIGN_IDENTITY[sdk=iphoneos*]" = "iPhone Developer";
				GCC_OPTIMIZATION_LEVEL = 2;
				GCC_TREAT_WARNINGS_AS_ERRORS = YES;
				INFOPLIST_FILE = KCPreferenceTableTest/Info.plist;
				LD_RUNPATH_SEARCH_PATHS = "$(inherited) @executable_path/Frameworks";
				OTHER_CFLAGS = (
					"-W",
					"-Wall",
				);
				OTHER_LDFLAGS = (
					"-lKCPreferenceTable",
					"-lKCTableView",
					"-lKiwiControl",
					"-lCoconutGraphics",
					"-ObjC",
					"-all_load",
				);
				PRODUCT_NAME = "$(TARGET_NAME)";
				TARGETED_DEVICE_FAMILY = "1,2";
			};
			name = Release;
		};
/* End XCBuildConfiguration section */

/* Begin XCConfigurationList section */
		0535C78419C73FB8006BB1A5 /* Build configuration list for PBXLegacyTarget "Install" */ = {
			isa = XCConfigurationList;
			buildConfigurations = (
				0535C78519C73FB8006BB1A5 /* Debug */,
				0535C78619C73FB8006BB1A5 /* Release */,
			);
			defaultConfigurationIsVisible = 0;
			defaultConfigurationName = Release;
		};
		05E8AFB119C73CA4005AB0E9 /* Build configuration list for PBXProject "KCPreferenceTable" */ = {
			isa = XCConfigurationList;
			buildConfigurations = (
				05E8AFC519C73CA4005AB0E9 /* Debug */,
				05E8AFC619C73CA4005AB0E9 /* Release */,
			);
			defaultConfigurationIsVisible = 0;
			defaultConfigurationName = Release;
		};
		05E8AFC719C73CA4005AB0E9 /* Build configuration list for PBXNativeTarget "KCPreferenceTable" */ = {
			isa = XCConfigurationList;
			buildConfigurations = (
				05E8AFC819C73CA4005AB0E9 /* Debug */,
				05E8AFC919C73CA4005AB0E9 /* Release */,
			);
			defaultConfigurationIsVisible = 0;
			defaultConfigurationName = Release;
		};
		05F7391119C87BF300817D33 /* Build configuration list for PBXNativeTarget "KCPreferenceTableTest" */ = {
			isa = XCConfigurationList;
			buildConfigurations = (
				05F7391219C87BF300817D33 /* Debug */,
				05F7391319C87BF300817D33 /* Release */,
			);
			defaultConfigurationIsVisible = 0;
			defaultConfigurationName = Release;
		};
/* End XCConfigurationList section */
	};
	rootObject = 05E8AFAE19C73CA4005AB0E9 /* Project object */;
}
