// !$*UTF8*$!
{
	archiveVersion = 1;
	classes = {
	};
	objectVersion = 46;
	objects = {

/* Begin PBXBuildFile section */
		051771E619BB423E00215F46 /* KCViewVisitor.h in CopyFiles */ = {isa = PBXBuildFile; fileRef = 05DD637919BB250E00F500F7 /* KCViewVisitor.h */; };
		0555A30719B4D2E4005D87FE /* KCPreference.m in Sources */ = {isa = PBXBuildFile; fileRef = 0555A30619B4D2E4005D87FE /* KCPreference.m */; };
		0555A30819B4D4F9005D87FE /* KCPreference.h in CopyFiles */ = {isa = PBXBuildFile; fileRef = 0555A30519B4D2E4005D87FE /* KCPreference.h */; };
		058D5E9319BDFF06002AC953 /* KCViewAdjuster.h in CopyFiles */ = {isa = PBXBuildFile; fileRef = 05B3933519BCA973002C4CF7 /* KCViewAdjuster.h */; };
		058D5E9419BDFF0C002AC953 /* KCViewUtil.h in CopyFiles */ = {isa = PBXBuildFile; fileRef = 058D5E9219BDF52A002AC953 /* KCViewUtil.h */; };
		05B1137D199BBA3A00E9AC62 /* KCColorTable.m in Sources */ = {isa = PBXBuildFile; fileRef = 05B1137C199BBA3A00E9AC62 /* KCColorTable.m */; };
		05B1137E199BBC1700E9AC62 /* KCColorTable.h in CopyFiles */ = {isa = PBXBuildFile; fileRef = 05B1137B199BBA3A00E9AC62 /* KCColorTable.h */; };
		05B3933719BCA973002C4CF7 /* KCViewAdjuster.m in Sources */ = {isa = PBXBuildFile; fileRef = 05B3933619BCA973002C4CF7 /* KCViewAdjuster.m */; };
		05C0AC45199CFDEA00BD21C3 /* KCDebugUtil.m in Sources */ = {isa = PBXBuildFile; fileRef = 05C0AC44199CFDEA00BD21C3 /* KCDebugUtil.m */; };
		05C0AC46199CFE3E00BD21C3 /* KCDebugUtil.h in CopyFiles */ = {isa = PBXBuildFile; fileRef = 05C0AC43199CFDEA00BD21C3 /* KCDebugUtil.h */; };
		05C0AC49199CFF5D00BD21C3 /* KCXIBUtil.m in Sources */ = {isa = PBXBuildFile; fileRef = 05C0AC48199CFF5D00BD21C3 /* KCXIBUtil.m */; };
		05C0AC4A199D01C600BD21C3 /* KCXIBUtil.h in CopyFiles */ = {isa = PBXBuildFile; fileRef = 05C0AC47199CFF5D00BD21C3 /* KCXIBUtil.h */; };
		05DBE164199BB818009356CB /* KiwiControl.h in CopyFiles */ = {isa = PBXBuildFile; fileRef = 05DBE163199BB818009356CB /* KiwiControl.h */; };
		05DD637B19BB250E00F500F7 /* KCViewVisitor.m in Sources */ = {isa = PBXBuildFile; fileRef = 05DD637A19BB250E00F500F7 /* KCViewVisitor.m */; };
/* End PBXBuildFile section */

/* Begin PBXContainerItemProxy section */
		0502A045199BB8C8004E2432 /* PBXContainerItemProxy */ = {
			isa = PBXContainerItemProxy;
			containerPortal = 05DBE158199BB818009356CB /* Project object */;
			proxyType = 1;
			remoteGlobalIDString = 05DBE15F199BB818009356CB;
			remoteInfo = KiwiControl;
		};
/* End PBXContainerItemProxy section */

/* Begin PBXCopyFilesBuildPhase section */
		05DBE15E199BB818009356CB /* CopyFiles */ = {
			isa = PBXCopyFilesBuildPhase;
			buildActionMask = 2147483647;
			dstPath = "include/$(PRODUCT_NAME)";
			dstSubfolderSpec = 16;
			files = (
				058D5E9419BDFF0C002AC953 /* KCViewUtil.h in CopyFiles */,
				058D5E9319BDFF06002AC953 /* KCViewAdjuster.h in CopyFiles */,
				051771E619BB423E00215F46 /* KCViewVisitor.h in CopyFiles */,
				0555A30819B4D4F9005D87FE /* KCPreference.h in CopyFiles */,
				05C0AC4A199D01C600BD21C3 /* KCXIBUtil.h in CopyFiles */,
				05C0AC46199CFE3E00BD21C3 /* KCDebugUtil.h in CopyFiles */,
				05B1137E199BBC1700E9AC62 /* KCColorTable.h in CopyFiles */,
				05DBE164199BB818009356CB /* KiwiControl.h in CopyFiles */,
			);
			runOnlyForDeploymentPostprocessing = 0;
		};
/* End PBXCopyFilesBuildPhase section */

/* Begin PBXFileReference section */
		0555A30519B4D2E4005D87FE /* KCPreference.h */ = {isa = PBXFileReference; fileEncoding = 4; lastKnownFileType = sourcecode.c.h; name = KCPreference.h; path = Source/KCPreference.h; sourceTree = SOURCE_ROOT; };
		0555A30619B4D2E4005D87FE /* KCPreference.m */ = {isa = PBXFileReference; fileEncoding = 4; lastKnownFileType = sourcecode.c.objc; name = KCPreference.m; path = Source/KCPreference.m; sourceTree = SOURCE_ROOT; };
		058D5E9219BDF52A002AC953 /* KCViewUtil.h */ = {isa = PBXFileReference; fileEncoding = 4; lastKnownFileType = sourcecode.c.h; name = KCViewUtil.h; path = Source/KCViewUtil.h; sourceTree = SOURCE_ROOT; };
		05B1137B199BBA3A00E9AC62 /* KCColorTable.h */ = {isa = PBXFileReference; fileEncoding = 4; lastKnownFileType = sourcecode.c.h; name = KCColorTable.h; path = Source/KCColorTable.h; sourceTree = SOURCE_ROOT; };
		05B1137C199BBA3A00E9AC62 /* KCColorTable.m */ = {isa = PBXFileReference; fileEncoding = 4; lastKnownFileType = sourcecode.c.objc; name = KCColorTable.m; path = Source/KCColorTable.m; sourceTree = SOURCE_ROOT; };
		05B3933519BCA973002C4CF7 /* KCViewAdjuster.h */ = {isa = PBXFileReference; fileEncoding = 4; lastKnownFileType = sourcecode.c.h; name = KCViewAdjuster.h; path = Source/KCViewAdjuster.h; sourceTree = SOURCE_ROOT; };
		05B3933619BCA973002C4CF7 /* KCViewAdjuster.m */ = {isa = PBXFileReference; fileEncoding = 4; lastKnownFileType = sourcecode.c.objc; name = KCViewAdjuster.m; path = Source/KCViewAdjuster.m; sourceTree = SOURCE_ROOT; };
		05C0AC43199CFDEA00BD21C3 /* KCDebugUtil.h */ = {isa = PBXFileReference; fileEncoding = 4; lastKnownFileType = sourcecode.c.h; name = KCDebugUtil.h; path = Source/KCDebugUtil.h; sourceTree = SOURCE_ROOT; };
		05C0AC44199CFDEA00BD21C3 /* KCDebugUtil.m */ = {isa = PBXFileReference; fileEncoding = 4; lastKnownFileType = sourcecode.c.objc; name = KCDebugUtil.m; path = Source/KCDebugUtil.m; sourceTree = SOURCE_ROOT; };
		05C0AC47199CFF5D00BD21C3 /* KCXIBUtil.h */ = {isa = PBXFileReference; fileEncoding = 4; lastKnownFileType = sourcecode.c.h; name = KCXIBUtil.h; path = Source/KCXIBUtil.h; sourceTree = SOURCE_ROOT; };
		05C0AC48199CFF5D00BD21C3 /* KCXIBUtil.m */ = {isa = PBXFileReference; fileEncoding = 4; lastKnownFileType = sourcecode.c.objc; name = KCXIBUtil.m; path = Source/KCXIBUtil.m; sourceTree = SOURCE_ROOT; };
		05DBE160199BB818009356CB /* libKiwiControl.a */ = {isa = PBXFileReference; explicitFileType = archive.ar; includeInIndex = 0; path = libKiwiControl.a; sourceTree = BUILT_PRODUCTS_DIR; };
		05DBE163199BB818009356CB /* KiwiControl.h */ = {isa = PBXFileReference; lastKnownFileType = sourcecode.c.h; name = KiwiControl.h; path = Source/KiwiControl.h; sourceTree = SOURCE_ROOT; };
		05DBE16B199BB818009356CB /* KiwiControlTests.xctest */ = {isa = PBXFileReference; explicitFileType = wrapper.cfbundle; includeInIndex = 0; path = KiwiControlTests.xctest; sourceTree = BUILT_PRODUCTS_DIR; };
		05DBE16E199BB818009356CB /* Info.plist */ = {isa = PBXFileReference; lastKnownFileType = text.plist.xml; path = Info.plist; sourceTree = "<group>"; };
		05DD637919BB250E00F500F7 /* KCViewVisitor.h */ = {isa = PBXFileReference; fileEncoding = 4; lastKnownFileType = sourcecode.c.h; name = KCViewVisitor.h; path = Source/KCViewVisitor.h; sourceTree = SOURCE_ROOT; };
		05DD637A19BB250E00F500F7 /* KCViewVisitor.m */ = {isa = PBXFileReference; fileEncoding = 4; lastKnownFileType = sourcecode.c.objc; name = KCViewVisitor.m; path = Source/KCViewVisitor.m; sourceTree = SOURCE_ROOT; };
/* End PBXFileReference section */

/* Begin PBXFrameworksBuildPhase section */
		05DBE15D199BB818009356CB /* Frameworks */ = {
			isa = PBXFrameworksBuildPhase;
			buildActionMask = 2147483647;
			files = (
			);
			runOnlyForDeploymentPostprocessing = 0;
		};
		05DBE168199BB818009356CB /* Frameworks */ = {
			isa = PBXFrameworksBuildPhase;
			buildActionMask = 2147483647;
			files = (
			);
			runOnlyForDeploymentPostprocessing = 0;
		};
/* End PBXFrameworksBuildPhase section */

/* Begin PBXGroup section */
		05DBE157199BB818009356CB = {
			isa = PBXGroup;
			children = (
				05DBE162199BB818009356CB /* KiwiControl */,
				05DBE16C199BB818009356CB /* KiwiControlTests */,
				05DBE161199BB818009356CB /* Products */,
			);
			sourceTree = "<group>";
		};
		05DBE161199BB818009356CB /* Products */ = {
			isa = PBXGroup;
			children = (
				05DBE160199BB818009356CB /* libKiwiControl.a */,
				05DBE16B199BB818009356CB /* KiwiControlTests.xctest */,
			);
			name = Products;
			sourceTree = "<group>";
		};
		05DBE162199BB818009356CB /* KiwiControl */ = {
			isa = PBXGroup;
			children = (
				05DBE163199BB818009356CB /* KiwiControl.h */,
				0555A30519B4D2E4005D87FE /* KCPreference.h */,
				0555A30619B4D2E4005D87FE /* KCPreference.m */,
				05B1137B199BBA3A00E9AC62 /* KCColorTable.h */,
				05B1137C199BBA3A00E9AC62 /* KCColorTable.m */,
				05C0AC47199CFF5D00BD21C3 /* KCXIBUtil.h */,
				05C0AC48199CFF5D00BD21C3 /* KCXIBUtil.m */,
				05B3933519BCA973002C4CF7 /* KCViewAdjuster.h */,
				05B3933619BCA973002C4CF7 /* KCViewAdjuster.m */,
				058D5E9219BDF52A002AC953 /* KCViewUtil.h */,
				05DD637919BB250E00F500F7 /* KCViewVisitor.h */,
				05DD637A19BB250E00F500F7 /* KCViewVisitor.m */,
				05C0AC43199CFDEA00BD21C3 /* KCDebugUtil.h */,
				05C0AC44199CFDEA00BD21C3 /* KCDebugUtil.m */,
			);
			path = KiwiControl;
			sourceTree = "<group>";
		};
		05DBE16C199BB818009356CB /* KiwiControlTests */ = {
			isa = PBXGroup;
			children = (
				05DBE16D199BB818009356CB /* Supporting Files */,
			);
			path = KiwiControlTests;
			sourceTree = "<group>";
		};
		05DBE16D199BB818009356CB /* Supporting Files */ = {
			isa = PBXGroup;
			children = (
				05DBE16E199BB818009356CB /* Info.plist */,
			);
			name = "Supporting Files";
			sourceTree = "<group>";
		};
/* End PBXGroup section */

/* Begin PBXLegacyTarget section */
		0502A041199BB8BC004E2432 /* Install */ = {
			isa = PBXLegacyTarget;
			buildArgumentsString = "-f ../script/install.mk";
			buildConfigurationList = 0502A042199BB8BC004E2432 /* Build configuration list for PBXLegacyTarget "Install" */;
			buildPhases = (
			);
			buildToolPath = /usr/bin/make;
			buildWorkingDirectory = "";
			dependencies = (
				0502A046199BB8C8004E2432 /* PBXTargetDependency */,
			);
			name = Install;
			passBuildSettingsInEnvironment = 1;
			productName = Install;
		};
/* End PBXLegacyTarget section */

/* Begin PBXNativeTarget section */
		05DBE15F199BB818009356CB /* KiwiControl */ = {
			isa = PBXNativeTarget;
			buildConfigurationList = 05DBE171199BB818009356CB /* Build configuration list for PBXNativeTarget "KiwiControl" */;
			buildPhases = (
				05DBE15C199BB818009356CB /* Sources */,
				05DBE15D199BB818009356CB /* Frameworks */,
				05DBE15E199BB818009356CB /* CopyFiles */,
			);
			buildRules = (
			);
			dependencies = (
			);
			name = KiwiControl;
			productName = KiwiControl;
			productReference = 05DBE160199BB818009356CB /* libKiwiControl.a */;
			productType = "com.apple.product-type.library.static";
		};
		05DBE16A199BB818009356CB /* KiwiControlTests */ = {
			isa = PBXNativeTarget;
			buildConfigurationList = 05DBE174199BB818009356CB /* Build configuration list for PBXNativeTarget "KiwiControlTests" */;
			buildPhases = (
				05DBE167199BB818009356CB /* Sources */,
				05DBE168199BB818009356CB /* Frameworks */,
				05DBE169199BB818009356CB /* Resources */,
			);
			buildRules = (
			);
			dependencies = (
			);
			name = KiwiControlTests;
			productName = KiwiControlTests;
			productReference = 05DBE16B199BB818009356CB /* KiwiControlTests.xctest */;
			productType = "com.apple.product-type.bundle.unit-test";
		};
/* End PBXNativeTarget section */

/* Begin PBXProject section */
		05DBE158199BB818009356CB /* Project object */ = {
			isa = PBXProject;
			attributes = {
				LastUpgradeCheck = 0600;
				ORGANIZATIONNAME = "Steel Wheels Project";
				TargetAttributes = {
					0502A041199BB8BC004E2432 = {
						CreatedOnToolsVersion = 6.0;
					};
					05DBE15F199BB818009356CB = {
						CreatedOnToolsVersion = 6.0;
					};
					05DBE16A199BB818009356CB = {
						CreatedOnToolsVersion = 6.0;
					};
				};
			};
			buildConfigurationList = 05DBE15B199BB818009356CB /* Build configuration list for PBXProject "KiwiControl" */;
			compatibilityVersion = "Xcode 3.2";
			developmentRegion = English;
			hasScannedForEncodings = 0;
			knownRegions = (
				en,
			);
			mainGroup = 05DBE157199BB818009356CB;
			productRefGroup = 05DBE161199BB818009356CB /* Products */;
			projectDirPath = "";
			projectRoot = "";
			targets = (
				05DBE15F199BB818009356CB /* KiwiControl */,
				0502A041199BB8BC004E2432 /* Install */,
				05DBE16A199BB818009356CB /* KiwiControlTests */,
			);
		};
/* End PBXProject section */

/* Begin PBXResourcesBuildPhase section */
		05DBE169199BB818009356CB /* Resources */ = {
			isa = PBXResourcesBuildPhase;
			buildActionMask = 2147483647;
			files = (
			);
			runOnlyForDeploymentPostprocessing = 0;
		};
/* End PBXResourcesBuildPhase section */

/* Begin PBXSourcesBuildPhase section */
		05DBE15C199BB818009356CB /* Sources */ = {
			isa = PBXSourcesBuildPhase;
			buildActionMask = 2147483647;
			files = (
				05DD637B19BB250E00F500F7 /* KCViewVisitor.m in Sources */,
				05B1137D199BBA3A00E9AC62 /* KCColorTable.m in Sources */,
				05C0AC45199CFDEA00BD21C3 /* KCDebugUtil.m in Sources */,
				0555A30719B4D2E4005D87FE /* KCPreference.m in Sources */,
				05B3933719BCA973002C4CF7 /* KCViewAdjuster.m in Sources */,
				05C0AC49199CFF5D00BD21C3 /* KCXIBUtil.m in Sources */,
			);
			runOnlyForDeploymentPostprocessing = 0;
		};
		05DBE167199BB818009356CB /* Sources */ = {
			isa = PBXSourcesBuildPhase;
			buildActionMask = 2147483647;
			files = (
			);
			runOnlyForDeploymentPostprocessing = 0;
		};
/* End PBXSourcesBuildPhase section */

/* Begin PBXTargetDependency section */
		0502A046199BB8C8004E2432 /* PBXTargetDependency */ = {
			isa = PBXTargetDependency;
			target = 05DBE15F199BB818009356CB /* KiwiControl */;
			targetProxy = 0502A045199BB8C8004E2432 /* PBXContainerItemProxy */;
		};
/* End PBXTargetDependency section */

/* Begin XCBuildConfiguration section */
		0502A043199BB8BC004E2432 /* Debug */ = {
			isa = XCBuildConfiguration;
			buildSettings = {
				DEBUGGING_SYMBOLS = YES;
				GCC_GENERATE_DEBUGGING_SYMBOLS = YES;
				GCC_OPTIMIZATION_LEVEL = 0;
				GCC_PREPROCESSOR_DEFINITIONS = (
					"DEBUG=1",
					"$(inherited)",
				);
				MACOSX_DEPLOYMENT_TARGET = 10.9;
				OTHER_CFLAGS = "";
				OTHER_LDFLAGS = "";
				PRODUCT_NAME = "$(TARGET_NAME)";
				SDKROOT = macosx;
			};
			name = Debug;
		};
		0502A044199BB8BC004E2432 /* Release */ = {
			isa = XCBuildConfiguration;
			buildSettings = {
				COPY_PHASE_STRIP = YES;
				DEBUG_INFORMATION_FORMAT = "dwarf-with-dsym";
				MACOSX_DEPLOYMENT_TARGET = 10.9;
				OTHER_CFLAGS = "";
				OTHER_LDFLAGS = "";
				PRODUCT_NAME = "$(TARGET_NAME)";
				SDKROOT = macosx;
			};
			name = Release;
		};
		05DBE16F199BB818009356CB /* Debug */ = {
			isa = XCBuildConfiguration;
			buildSettings = {
				ALWAYS_SEARCH_USER_PATHS = NO;
				CLANG_CXX_LANGUAGE_STANDARD = "gnu++0x";
				CLANG_CXX_LIBRARY = "libc++";
				CLANG_ENABLE_MODULES = YES;
				CLANG_ENABLE_OBJC_ARC = YES;
				CLANG_WARN_BOOL_CONVERSION = YES;
				CLANG_WARN_CONSTANT_CONVERSION = YES;
				CLANG_WARN_DIRECT_OBJC_ISA_USAGE = YES_ERROR;
				CLANG_WARN_EMPTY_BODY = YES;
				CLANG_WARN_ENUM_CONVERSION = YES;
				CLANG_WARN_INT_CONVERSION = YES;
				CLANG_WARN_OBJC_ROOT_CLASS = YES_ERROR;
				CLANG_WARN_UNREACHABLE_CODE = YES;
				CLANG_WARN__DUPLICATE_METHOD_MATCH = YES;
				COPY_PHASE_STRIP = NO;
				ENABLE_STRICT_OBJC_MSGSEND = YES;
				GCC_C_LANGUAGE_STANDARD = gnu99;
				GCC_DYNAMIC_NO_PIC = NO;
				GCC_OPTIMIZATION_LEVEL = 2;
				GCC_PREPROCESSOR_DEFINITIONS = (
					"DEBUG=1",
					"$(inherited)",
				);
				GCC_SYMBOLS_PRIVATE_EXTERN = NO;
				GCC_WARN_64_TO_32_BIT_CONVERSION = YES;
				GCC_WARN_ABOUT_RETURN_TYPE = YES_ERROR;
				GCC_WARN_UNDECLARED_SELECTOR = YES;
				GCC_WARN_UNINITIALIZED_AUTOS = YES_AGGRESSIVE;
				GCC_WARN_UNUSED_FUNCTION = YES;
				GCC_WARN_UNUSED_VARIABLE = YES;
				IPHONEOS_DEPLOYMENT_TARGET = 8.0;
				MTL_ENABLE_DEBUG_INFO = YES;
				ONLY_ACTIVE_ARCH = YES;
				SDKROOT = iphoneos;
			};
			name = Debug;
		};
		05DBE170199BB818009356CB /* Release */ = {
			isa = XCBuildConfiguration;
			buildSettings = {
				ALWAYS_SEARCH_USER_PATHS = NO;
				CLANG_CXX_LANGUAGE_STANDARD = "gnu++0x";
				CLANG_CXX_LIBRARY = "libc++";
				CLANG_ENABLE_MODULES = YES;
				CLANG_ENABLE_OBJC_ARC = YES;
				CLANG_WARN_BOOL_CONVERSION = YES;
				CLANG_WARN_CONSTANT_CONVERSION = YES;
				CLANG_WARN_DIRECT_OBJC_ISA_USAGE = YES_ERROR;
				CLANG_WARN_EMPTY_BODY = YES;
				CLANG_WARN_ENUM_CONVERSION = YES;
				CLANG_WARN_INT_CONVERSION = YES;
				CLANG_WARN_OBJC_ROOT_CLASS = YES_ERROR;
				CLANG_WARN_UNREACHABLE_CODE = YES;
				CLANG_WARN__DUPLICATE_METHOD_MATCH = YES;
				COPY_PHASE_STRIP = NO;
				ENABLE_NS_ASSERTIONS = NO;
				ENABLE_STRICT_OBJC_MSGSEND = YES;
				GCC_C_LANGUAGE_STANDARD = gnu99;
				GCC_OPTIMIZATION_LEVEL = 2;
				GCC_WARN_64_TO_32_BIT_CONVERSION = YES;
				GCC_WARN_ABOUT_RETURN_TYPE = YES_ERROR;
				GCC_WARN_UNDECLARED_SELECTOR = YES;
				GCC_WARN_UNINITIALIZED_AUTOS = YES_AGGRESSIVE;
				GCC_WARN_UNUSED_FUNCTION = YES;
				GCC_WARN_UNUSED_VARIABLE = YES;
				IPHONEOS_DEPLOYMENT_TARGET = 8.0;
				MTL_ENABLE_DEBUG_INFO = NO;
				SDKROOT = iphoneos;
				VALIDATE_PRODUCT = YES;
			};
			name = Release;
		};
		05DBE172199BB818009356CB /* Debug */ = {
			isa = XCBuildConfiguration;
			buildSettings = {
				OTHER_LDFLAGS = "-ObjC";
				PRODUCT_NAME = "$(TARGET_NAME)";
				SKIP_INSTALL = YES;
			};
			name = Debug;
		};
		05DBE173199BB818009356CB /* Release */ = {
			isa = XCBuildConfiguration;
			buildSettings = {
				OTHER_LDFLAGS = "-ObjC";
				PRODUCT_NAME = "$(TARGET_NAME)";
				SKIP_INSTALL = YES;
			};
			name = Release;
		};
		05DBE175199BB818009356CB /* Debug */ = {
			isa = XCBuildConfiguration;
			buildSettings = {
				FRAMEWORK_SEARCH_PATHS = (
					"$(SDKROOT)/Developer/Library/Frameworks",
					"$(inherited)",
				);
				GCC_PREPROCESSOR_DEFINITIONS = (
					"DEBUG=1",
					"$(inherited)",
				);
				INFOPLIST_FILE = KiwiControlTests/Info.plist;
				LD_RUNPATH_SEARCH_PATHS = "$(inherited) @executable_path/Frameworks @loader_path/Frameworks";
				PRODUCT_NAME = "$(TARGET_NAME)";
			};
			name = Debug;
		};
		05DBE176199BB818009356CB /* Release */ = {
			isa = XCBuildConfiguration;
			buildSettings = {
				FRAMEWORK_SEARCH_PATHS = (
					"$(SDKROOT)/Developer/Library/Frameworks",
					"$(inherited)",
				);
				INFOPLIST_FILE = KiwiControlTests/Info.plist;
				LD_RUNPATH_SEARCH_PATHS = "$(inherited) @executable_path/Frameworks @loader_path/Frameworks";
				PRODUCT_NAME = "$(TARGET_NAME)";
			};
			name = Release;
		};
/* End XCBuildConfiguration section */

/* Begin XCConfigurationList section */
		0502A042199BB8BC004E2432 /* Build configuration list for PBXLegacyTarget "Install" */ = {
			isa = XCConfigurationList;
			buildConfigurations = (
				0502A043199BB8BC004E2432 /* Debug */,
				0502A044199BB8BC004E2432 /* Release */,
			);
			defaultConfigurationIsVisible = 0;
			defaultConfigurationName = Release;
		};
		05DBE15B199BB818009356CB /* Build configuration list for PBXProject "KiwiControl" */ = {
			isa = XCConfigurationList;
			buildConfigurations = (
				05DBE16F199BB818009356CB /* Debug */,
				05DBE170199BB818009356CB /* Release */,
			);
			defaultConfigurationIsVisible = 0;
			defaultConfigurationName = Release;
		};
		05DBE171199BB818009356CB /* Build configuration list for PBXNativeTarget "KiwiControl" */ = {
			isa = XCConfigurationList;
			buildConfigurations = (
				05DBE172199BB818009356CB /* Debug */,
				05DBE173199BB818009356CB /* Release */,
			);
			defaultConfigurationIsVisible = 0;
			defaultConfigurationName = Release;
		};
		05DBE174199BB818009356CB /* Build configuration list for PBXNativeTarget "KiwiControlTests" */ = {
			isa = XCConfigurationList;
			buildConfigurations = (
				05DBE175199BB818009356CB /* Debug */,
				05DBE176199BB818009356CB /* Release */,
			);
			defaultConfigurationIsVisible = 0;
			defaultConfigurationName = Release;
		};
/* End XCConfigurationList section */
	};
	rootObject = 05DBE158199BB818009356CB /* Project object */;
}
