// !$*UTF8*$!
{
	archiveVersion = 1;
	classes = {
	};
	objectVersion = 46;
	objects = {

/* Begin PBXBuildFile section */
		054836A71A24E62800C9BF18 /* KCIGraphicsView.h in CopyFiles */ = {isa = PBXBuildFile; fileRef = 054836A61A24E62800C9BF18 /* KCIGraphicsView.h */; };
		054836A91A24E62800C9BF18 /* KCIGraphicsView.m in Sources */ = {isa = PBXBuildFile; fileRef = 054836A81A24E62800C9BF18 /* KCIGraphicsView.m */; };
/* End PBXBuildFile section */

/* Begin PBXCopyFilesBuildPhase section */
		054836A11A24E62800C9BF18 /* CopyFiles */ = {
			isa = PBXCopyFilesBuildPhase;
			buildActionMask = 2147483647;
			dstPath = "include/$(PRODUCT_NAME)";
			dstSubfolderSpec = 16;
			files = (
				054836A71A24E62800C9BF18 /* KCIGraphicsView.h in CopyFiles */,
			);
			runOnlyForDeploymentPostprocessing = 0;
		};
/* End PBXCopyFilesBuildPhase section */

/* Begin PBXFileReference section */
		054836A31A24E62800C9BF18 /* libKCGraphicsView.a */ = {isa = PBXFileReference; explicitFileType = archive.ar; includeInIndex = 0; path = libKCGraphicsView.a; sourceTree = BUILT_PRODUCTS_DIR; };
		054836A61A24E62800C9BF18 /* KCIGraphicsView.h */ = {isa = PBXFileReference; lastKnownFileType = sourcecode.c.h; name = KCIGraphicsView.h; path = ../Source/iOS/KCIGraphicsView.h; sourceTree = SOURCE_ROOT; };
		054836A81A24E62800C9BF18 /* KCIGraphicsView.m */ = {isa = PBXFileReference; lastKnownFileType = sourcecode.c.objc; name = KCIGraphicsView.m; path = ../Source/iOS/KCIGraphicsView.m; sourceTree = SOURCE_ROOT; };
		0589B1C71A24E6CA0052B3D8 /* KCGraphicsView.h */ = {isa = PBXFileReference; fileEncoding = 4; lastKnownFileType = sourcecode.c.h; name = KCGraphicsView.h; path = ../Source/Common/KCGraphicsView.h; sourceTree = SOURCE_ROOT; };
/* End PBXFileReference section */

/* Begin PBXFrameworksBuildPhase section */
		054836A01A24E62800C9BF18 /* Frameworks */ = {
			isa = PBXFrameworksBuildPhase;
			buildActionMask = 2147483647;
			files = (
			);
			runOnlyForDeploymentPostprocessing = 0;
		};
/* End PBXFrameworksBuildPhase section */

/* Begin PBXGroup section */
		0548369A1A24E62800C9BF18 = {
			isa = PBXGroup;
			children = (
				054836A51A24E62800C9BF18 /* KCGraphicsView */,
				054836A41A24E62800C9BF18 /* Products */,
			);
			sourceTree = "<group>";
		};
		054836A41A24E62800C9BF18 /* Products */ = {
			isa = PBXGroup;
			children = (
				054836A31A24E62800C9BF18 /* libKCGraphicsView.a */,
			);
			name = Products;
			sourceTree = "<group>";
		};
		054836A51A24E62800C9BF18 /* KCGraphicsView */ = {
			isa = PBXGroup;
			children = (
				05B0F1131A5AE16D00DD607D /* Common */,
				05B0F1141A5AE17800DD607D /* iOS */,
			);
			path = KCGraphicsView;
			sourceTree = "<group>";
		};
		05B0F1131A5AE16D00DD607D /* Common */ = {
			isa = PBXGroup;
			children = (
				0589B1C71A24E6CA0052B3D8 /* KCGraphicsView.h */,
			);
			name = Common;
			sourceTree = "<group>";
		};
		05B0F1141A5AE17800DD607D /* iOS */ = {
			isa = PBXGroup;
			children = (
				054836A61A24E62800C9BF18 /* KCIGraphicsView.h */,
				054836A81A24E62800C9BF18 /* KCIGraphicsView.m */,
			);
			name = iOS;
			sourceTree = "<group>";
		};
/* End PBXGroup section */

/* Begin PBXNativeTarget section */
		054836A21A24E62800C9BF18 /* KCGraphicsView */ = {
			isa = PBXNativeTarget;
			buildConfigurationList = 054836B71A24E62800C9BF18 /* Build configuration list for PBXNativeTarget "KCGraphicsView" */;
			buildPhases = (
				0548369F1A24E62800C9BF18 /* Sources */,
				054836A01A24E62800C9BF18 /* Frameworks */,
				054836A11A24E62800C9BF18 /* CopyFiles */,
			);
			buildRules = (
			);
			dependencies = (
			);
			name = KCGraphicsView;
			productName = KCGraphicsView;
			productReference = 054836A31A24E62800C9BF18 /* libKCGraphicsView.a */;
			productType = "com.apple.product-type.library.static";
		};
/* End PBXNativeTarget section */

/* Begin PBXProject section */
		0548369B1A24E62800C9BF18 /* Project object */ = {
			isa = PBXProject;
			attributes = {
				LastUpgradeCheck = 0610;
				ORGANIZATIONNAME = "Steel Wheels Project";
				TargetAttributes = {
					054836A21A24E62800C9BF18 = {
						CreatedOnToolsVersion = 6.1;
					};
				};
			};
			buildConfigurationList = 0548369E1A24E62800C9BF18 /* Build configuration list for PBXProject "KCGraphicsView" */;
			compatibilityVersion = "Xcode 3.2";
			developmentRegion = English;
			hasScannedForEncodings = 0;
			knownRegions = (
				en,
			);
			mainGroup = 0548369A1A24E62800C9BF18;
			productRefGroup = 054836A41A24E62800C9BF18 /* Products */;
			projectDirPath = "";
			projectRoot = "";
			targets = (
				054836A21A24E62800C9BF18 /* KCGraphicsView */,
			);
		};
/* End PBXProject section */

/* Begin PBXSourcesBuildPhase section */
		0548369F1A24E62800C9BF18 /* Sources */ = {
			isa = PBXSourcesBuildPhase;
			buildActionMask = 2147483647;
			files = (
				054836A91A24E62800C9BF18 /* KCIGraphicsView.m in Sources */,
			);
			runOnlyForDeploymentPostprocessing = 0;
		};
/* End PBXSourcesBuildPhase section */

/* Begin XCBuildConfiguration section */
		054836B51A24E62800C9BF18 /* Debug */ = {
			isa = XCBuildConfiguration;
			buildSettings = {
				ALWAYS_SEARCH_USER_PATHS = NO;
				CLANG_CXX_LANGUAGE_STANDARD = "gnu++0x";
				CLANG_CXX_LIBRARY = "libc++";
				CLANG_ENABLE_MODULES = YES;
				CLANG_ENABLE_OBJC_ARC = YES;
				CLANG_WARN_BOOL_CONVERSION = YES;
				CLANG_WARN_CONSTANT_CONVERSION = YES;
				CLANG_WARN_DIRECT_OBJC_ISA_USAGE = YES_ERROR;
				CLANG_WARN_EMPTY_BODY = YES;
				CLANG_WARN_ENUM_CONVERSION = YES;
				CLANG_WARN_INT_CONVERSION = YES;
				CLANG_WARN_OBJC_ROOT_CLASS = YES_ERROR;
				CLANG_WARN_UNREACHABLE_CODE = YES;
				CLANG_WARN__DUPLICATE_METHOD_MATCH = YES;
				COPY_PHASE_STRIP = NO;
				ENABLE_STRICT_OBJC_MSGSEND = YES;
				GCC_C_LANGUAGE_STANDARD = gnu99;
				GCC_DYNAMIC_NO_PIC = NO;
				GCC_OPTIMIZATION_LEVEL = 0;
				GCC_PREPROCESSOR_DEFINITIONS = (
					"DEBUG=1",
					"$(inherited)",
				);
				GCC_SYMBOLS_PRIVATE_EXTERN = NO;
				GCC_WARN_64_TO_32_BIT_CONVERSION = YES;
				GCC_WARN_ABOUT_RETURN_TYPE = YES_ERROR;
				GCC_WARN_UNDECLARED_SELECTOR = YES;
				GCC_WARN_UNINITIALIZED_AUTOS = YES_AGGRESSIVE;
				GCC_WARN_UNUSED_FUNCTION = YES;
				GCC_WARN_UNUSED_VARIABLE = YES;
				IPHONEOS_DEPLOYMENT_TARGET = 8.1;
				MTL_ENABLE_DEBUG_INFO = YES;
				ONLY_ACTIVE_ARCH = YES;
				SDKROOT = iphoneos;
			};
			name = Debug;
		};
		054836B61A24E62800C9BF18 /* Release */ = {
			isa = XCBuildConfiguration;
			buildSettings = {
				ALWAYS_SEARCH_USER_PATHS = NO;
				CLANG_CXX_LANGUAGE_STANDARD = "gnu++0x";
				CLANG_CXX_LIBRARY = "libc++";
				CLANG_ENABLE_MODULES = YES;
				CLANG_ENABLE_OBJC_ARC = YES;
				CLANG_WARN_BOOL_CONVERSION = YES;
				CLANG_WARN_CONSTANT_CONVERSION = YES;
				CLANG_WARN_DIRECT_OBJC_ISA_USAGE = YES_ERROR;
				CLANG_WARN_EMPTY_BODY = YES;
				CLANG_WARN_ENUM_CONVERSION = YES;
				CLANG_WARN_INT_CONVERSION = YES;
				CLANG_WARN_OBJC_ROOT_CLASS = YES_ERROR;
				CLANG_WARN_UNREACHABLE_CODE = YES;
				CLANG_WARN__DUPLICATE_METHOD_MATCH = YES;
				COPY_PHASE_STRIP = YES;
				ENABLE_NS_ASSERTIONS = NO;
				ENABLE_STRICT_OBJC_MSGSEND = YES;
				GCC_C_LANGUAGE_STANDARD = gnu99;
				GCC_WARN_64_TO_32_BIT_CONVERSION = YES;
				GCC_WARN_ABOUT_RETURN_TYPE = YES_ERROR;
				GCC_WARN_UNDECLARED_SELECTOR = YES;
				GCC_WARN_UNINITIALIZED_AUTOS = YES_AGGRESSIVE;
				GCC_WARN_UNUSED_FUNCTION = YES;
				GCC_WARN_UNUSED_VARIABLE = YES;
				IPHONEOS_DEPLOYMENT_TARGET = 8.1;
				MTL_ENABLE_DEBUG_INFO = NO;
				SDKROOT = iphoneos;
				VALIDATE_PRODUCT = YES;
			};
			name = Release;
		};
		054836B81A24E62800C9BF18 /* Debug */ = {
			isa = XCBuildConfiguration;
			buildSettings = {
				OTHER_LDFLAGS = "-ObjC";
				PRODUCT_NAME = "$(TARGET_NAME)";
				SKIP_INSTALL = YES;
			};
			name = Debug;
		};
		054836B91A24E62800C9BF18 /* Release */ = {
			isa = XCBuildConfiguration;
			buildSettings = {
				OTHER_LDFLAGS = "-ObjC";
				PRODUCT_NAME = "$(TARGET_NAME)";
				SKIP_INSTALL = YES;
			};
			name = Release;
		};
/* End XCBuildConfiguration section */

/* Begin XCConfigurationList section */
		0548369E1A24E62800C9BF18 /* Build configuration list for PBXProject "KCGraphicsView" */ = {
			isa = XCConfigurationList;
			buildConfigurations = (
				054836B51A24E62800C9BF18 /* Debug */,
				054836B61A24E62800C9BF18 /* Release */,
			);
			defaultConfigurationIsVisible = 0;
			defaultConfigurationName = Release;
		};
		054836B71A24E62800C9BF18 /* Build configuration list for PBXNativeTarget "KCGraphicsView" */ = {
			isa = XCConfigurationList;
			buildConfigurations = (
				054836B81A24E62800C9BF18 /* Debug */,
				054836B91A24E62800C9BF18 /* Release */,
			);
			defaultConfigurationIsVisible = 0;
			defaultConfigurationName = Release;
		};
/* End XCConfigurationList section */
	};
	rootObject = 0548369B1A24E62800C9BF18 /* Project object */;
}
