// !$*UTF8*$!
{
	archiveVersion = 1;
	classes = {
	};
	objectVersion = 46;
	objects = {

/* Begin PBXBuildFile section */
		0500E5E419CEC7800099D1D6 /* PzSheetCell.xib in Resources */ = {isa = PBXBuildFile; fileRef = 058452AF199CE87100E1E656 /* PzSheetCell.xib */; };
		0500E5E519CEC7830099D1D6 /* PzSheetView.xib in Resources */ = {isa = PBXBuildFile; fileRef = 058452B0199CE87100E1E656 /* PzSheetView.xib */; };
		05379926199DAE6B0072191A /* PzSheetDataSource.m in Sources */ = {isa = PBXBuildFile; fileRef = 05379925199DAE6B0072191A /* PzSheetDataSource.m */; };
		054EF702199CDCFC0099CD92 /* PzSheetView.h in CopyFiles */ = {isa = PBXBuildFile; fileRef = 054EF701199CDCFC0099CD92 /* PzSheetView.h */; };
		054EF704199CDCFC0099CD92 /* PzSheetView.m in Sources */ = {isa = PBXBuildFile; fileRef = 054EF703199CDCFC0099CD92 /* PzSheetView.m */; };
		054F1E9919D082AC0052A0DD /* PzSheetDataSource.h in CopyFiles */ = {isa = PBXBuildFile; fileRef = 05379924199DAE6B0072191A /* PzSheetDataSource.h */; };
		054F1E9A19D082B10052A0DD /* PzSheetCell.h in CopyFiles */ = {isa = PBXBuildFile; fileRef = 0593384219A24C2E006DCB20 /* PzSheetCell.h */; };
		054F1E9B19D082B70052A0DD /* PzSheetValue.h in CopyFiles */ = {isa = PBXBuildFile; fileRef = 059649B819A391C600D3007C /* PzSheetValue.h */; };
		0593384419A24C2E006DCB20 /* PzSheetCell.m in Sources */ = {isa = PBXBuildFile; fileRef = 0593384319A24C2E006DCB20 /* PzSheetCell.m */; };
		059649BA19A391C600D3007C /* PzSheetValue.m in Sources */ = {isa = PBXBuildFile; fileRef = 059649B919A391C600D3007C /* PzSheetValue.m */; };
		05C8854319CEC00E000A9B61 /* main.m in Sources */ = {isa = PBXBuildFile; fileRef = 05C8854219CEC00E000A9B61 /* main.m */; };
		05C8854619CEC00E000A9B61 /* AppDelegate.m in Sources */ = {isa = PBXBuildFile; fileRef = 05C8854519CEC00E000A9B61 /* AppDelegate.m */; };
		05C8854919CEC00E000A9B61 /* ViewController.m in Sources */ = {isa = PBXBuildFile; fileRef = 05C8854819CEC00E000A9B61 /* ViewController.m */; };
		05C8854C19CEC00E000A9B61 /* Main.storyboard in Resources */ = {isa = PBXBuildFile; fileRef = 05C8854A19CEC00E000A9B61 /* Main.storyboard */; };
		05C8854E19CEC00E000A9B61 /* Images.xcassets in Resources */ = {isa = PBXBuildFile; fileRef = 05C8854D19CEC00E000A9B61 /* Images.xcassets */; };
		05C8855119CEC00E000A9B61 /* LaunchScreen.xib in Resources */ = {isa = PBXBuildFile; fileRef = 05C8854F19CEC00E000A9B61 /* LaunchScreen.xib */; };
/* End PBXBuildFile section */

/* Begin PBXContainerItemProxy section */
		0500E5E619CECB120099D1D6 /* PBXContainerItemProxy */ = {
			isa = PBXContainerItemProxy;
			containerPortal = 054EF6F6199CDCFC0099CD92 /* Project object */;
			proxyType = 1;
			remoteGlobalIDString = 05845280199CE49400E1E656;
			remoteInfo = Install;
		};
		05845284199CE4AA00E1E656 /* PBXContainerItemProxy */ = {
			isa = PBXContainerItemProxy;
			containerPortal = 054EF6F6199CDCFC0099CD92 /* Project object */;
			proxyType = 1;
			remoteGlobalIDString = 054EF6FD199CDCFC0099CD92;
			remoteInfo = PzSheetView;
		};
/* End PBXContainerItemProxy section */

/* Begin PBXCopyFilesBuildPhase section */
		054EF6FC199CDCFC0099CD92 /* CopyFiles */ = {
			isa = PBXCopyFilesBuildPhase;
			buildActionMask = 2147483647;
			dstPath = "include/$(PRODUCT_NAME)";
			dstSubfolderSpec = 16;
			files = (
				054F1E9B19D082B70052A0DD /* PzSheetValue.h in CopyFiles */,
				054F1E9A19D082B10052A0DD /* PzSheetCell.h in CopyFiles */,
				054F1E9919D082AC0052A0DD /* PzSheetDataSource.h in CopyFiles */,
				054EF702199CDCFC0099CD92 /* PzSheetView.h in CopyFiles */,
			);
			runOnlyForDeploymentPostprocessing = 0;
		};
/* End PBXCopyFilesBuildPhase section */

/* Begin PBXFileReference section */
		05379924199DAE6B0072191A /* PzSheetDataSource.h */ = {isa = PBXFileReference; fileEncoding = 4; lastKnownFileType = sourcecode.c.h; name = PzSheetDataSource.h; path = Source/PzSheetDataSource.h; sourceTree = SOURCE_ROOT; };
		05379925199DAE6B0072191A /* PzSheetDataSource.m */ = {isa = PBXFileReference; fileEncoding = 4; lastKnownFileType = sourcecode.c.objc; name = PzSheetDataSource.m; path = Source/PzSheetDataSource.m; sourceTree = SOURCE_ROOT; };
		054EF6FE199CDCFC0099CD92 /* libPzSheetView.a */ = {isa = PBXFileReference; explicitFileType = archive.ar; includeInIndex = 0; path = libPzSheetView.a; sourceTree = BUILT_PRODUCTS_DIR; };
		054EF701199CDCFC0099CD92 /* PzSheetView.h */ = {isa = PBXFileReference; lastKnownFileType = sourcecode.c.h; name = PzSheetView.h; path = Source/PzSheetView.h; sourceTree = SOURCE_ROOT; };
		054EF703199CDCFC0099CD92 /* PzSheetView.m */ = {isa = PBXFileReference; lastKnownFileType = sourcecode.c.objc; name = PzSheetView.m; path = Source/PzSheetView.m; sourceTree = SOURCE_ROOT; };
		0584527E199CDE4100E1E656 /* PzSheetView.xib */ = {isa = PBXFileReference; fileEncoding = 4; lastKnownFileType = file.xib; name = PzSheetView.xib; path = Resource/PzSheetView.xib; sourceTree = SOURCE_ROOT; };
		0584527F199CDFD500E1E656 /* PzSheetCell.xib */ = {isa = PBXFileReference; fileEncoding = 4; lastKnownFileType = file.xib; name = PzSheetCell.xib; path = Resource/PzSheetCell.xib; sourceTree = SOURCE_ROOT; };
		058452AF199CE87100E1E656 /* PzSheetCell.xib */ = {isa = PBXFileReference; fileEncoding = 4; lastKnownFileType = file.xib; name = PzSheetCell.xib; path = ../../../local/resource/PzSheetCell.xib; sourceTree = SOURCE_ROOT; };
		058452B0199CE87100E1E656 /* PzSheetView.xib */ = {isa = PBXFileReference; fileEncoding = 4; lastKnownFileType = file.xib; name = PzSheetView.xib; path = ../../../local/resource/PzSheetView.xib; sourceTree = SOURCE_ROOT; };
		0593384219A24C2E006DCB20 /* PzSheetCell.h */ = {isa = PBXFileReference; fileEncoding = 4; lastKnownFileType = sourcecode.c.h; name = PzSheetCell.h; path = Source/PzSheetCell.h; sourceTree = SOURCE_ROOT; };
		0593384319A24C2E006DCB20 /* PzSheetCell.m */ = {isa = PBXFileReference; fileEncoding = 4; lastKnownFileType = sourcecode.c.objc; name = PzSheetCell.m; path = Source/PzSheetCell.m; sourceTree = SOURCE_ROOT; };
		059649B819A391C600D3007C /* PzSheetValue.h */ = {isa = PBXFileReference; fileEncoding = 4; lastKnownFileType = sourcecode.c.h; name = PzSheetValue.h; path = Source/PzSheetValue.h; sourceTree = SOURCE_ROOT; };
		059649B919A391C600D3007C /* PzSheetValue.m */ = {isa = PBXFileReference; fileEncoding = 4; lastKnownFileType = sourcecode.c.objc; name = PzSheetValue.m; path = Source/PzSheetValue.m; sourceTree = SOURCE_ROOT; };
		05C8853E19CEC00E000A9B61 /* PzSheetTest.app */ = {isa = PBXFileReference; explicitFileType = wrapper.application; includeInIndex = 0; path = PzSheetTest.app; sourceTree = BUILT_PRODUCTS_DIR; };
		05C8854119CEC00E000A9B61 /* Info.plist */ = {isa = PBXFileReference; lastKnownFileType = text.plist.xml; path = Info.plist; sourceTree = "<group>"; };
		05C8854219CEC00E000A9B61 /* main.m */ = {isa = PBXFileReference; lastKnownFileType = sourcecode.c.objc; path = main.m; sourceTree = "<group>"; };
		05C8854419CEC00E000A9B61 /* AppDelegate.h */ = {isa = PBXFileReference; lastKnownFileType = sourcecode.c.h; path = AppDelegate.h; sourceTree = "<group>"; };
		05C8854519CEC00E000A9B61 /* AppDelegate.m */ = {isa = PBXFileReference; lastKnownFileType = sourcecode.c.objc; path = AppDelegate.m; sourceTree = "<group>"; };
		05C8854719CEC00E000A9B61 /* ViewController.h */ = {isa = PBXFileReference; lastKnownFileType = sourcecode.c.h; path = ViewController.h; sourceTree = "<group>"; };
		05C8854819CEC00E000A9B61 /* ViewController.m */ = {isa = PBXFileReference; lastKnownFileType = sourcecode.c.objc; path = ViewController.m; sourceTree = "<group>"; };
		05C8854B19CEC00E000A9B61 /* Base */ = {isa = PBXFileReference; lastKnownFileType = file.storyboard; name = Base; path = Base.lproj/Main.storyboard; sourceTree = "<group>"; };
		05C8854D19CEC00E000A9B61 /* Images.xcassets */ = {isa = PBXFileReference; lastKnownFileType = folder.assetcatalog; path = Images.xcassets; sourceTree = "<group>"; };
		05C8855019CEC00E000A9B61 /* Base */ = {isa = PBXFileReference; lastKnownFileType = file.xib; name = Base; path = Base.lproj/LaunchScreen.xib; sourceTree = "<group>"; };
/* End PBXFileReference section */

/* Begin PBXFrameworksBuildPhase section */
		054EF6FB199CDCFC0099CD92 /* Frameworks */ = {
			isa = PBXFrameworksBuildPhase;
			buildActionMask = 2147483647;
			files = (
			);
			runOnlyForDeploymentPostprocessing = 0;
		};
		05C8853B19CEC00E000A9B61 /* Frameworks */ = {
			isa = PBXFrameworksBuildPhase;
			buildActionMask = 2147483647;
			files = (
			);
			runOnlyForDeploymentPostprocessing = 0;
		};
/* End PBXFrameworksBuildPhase section */

/* Begin PBXGroup section */
		0500E5E319CEC7540099D1D6 /* Resource */ = {
			isa = PBXGroup;
			children = (
				058452AF199CE87100E1E656 /* PzSheetCell.xib */,
				058452B0199CE87100E1E656 /* PzSheetView.xib */,
			);
			name = Resource;
			sourceTree = "<group>";
		};
		054EF6F5199CDCFC0099CD92 = {
			isa = PBXGroup;
			children = (
				054EF700199CDCFC0099CD92 /* PzSheetView */,
				05C8853F19CEC00E000A9B61 /* PzSheetTest */,
				054EF6FF199CDCFC0099CD92 /* Products */,
			);
			sourceTree = "<group>";
		};
		054EF6FF199CDCFC0099CD92 /* Products */ = {
			isa = PBXGroup;
			children = (
				054EF6FE199CDCFC0099CD92 /* libPzSheetView.a */,
				05C8853E19CEC00E000A9B61 /* PzSheetTest.app */,
			);
			name = Products;
			sourceTree = "<group>";
		};
		054EF700199CDCFC0099CD92 /* PzSheetView */ = {
			isa = PBXGroup;
			children = (
				054EF701199CDCFC0099CD92 /* PzSheetView.h */,
				054EF703199CDCFC0099CD92 /* PzSheetView.m */,
				05379924199DAE6B0072191A /* PzSheetDataSource.h */,
				05379925199DAE6B0072191A /* PzSheetDataSource.m */,
				0584527E199CDE4100E1E656 /* PzSheetView.xib */,
				0593384219A24C2E006DCB20 /* PzSheetCell.h */,
				0593384319A24C2E006DCB20 /* PzSheetCell.m */,
				0584527F199CDFD500E1E656 /* PzSheetCell.xib */,
				059649B819A391C600D3007C /* PzSheetValue.h */,
				059649B919A391C600D3007C /* PzSheetValue.m */,
			);
			path = PzSheetView;
			sourceTree = "<group>";
		};
		05C8853F19CEC00E000A9B61 /* PzSheetTest */ = {
			isa = PBXGroup;
			children = (
				05C8854419CEC00E000A9B61 /* AppDelegate.h */,
				05C8854519CEC00E000A9B61 /* AppDelegate.m */,
				05C8854719CEC00E000A9B61 /* ViewController.h */,
				05C8854819CEC00E000A9B61 /* ViewController.m */,
				05C8854A19CEC00E000A9B61 /* Main.storyboard */,
				05C8854D19CEC00E000A9B61 /* Images.xcassets */,
				05C8854F19CEC00E000A9B61 /* LaunchScreen.xib */,
				0500E5E319CEC7540099D1D6 /* Resource */,
				05C8854019CEC00E000A9B61 /* Supporting Files */,
			);
			path = PzSheetTest;
			sourceTree = "<group>";
		};
		05C8854019CEC00E000A9B61 /* Supporting Files */ = {
			isa = PBXGroup;
			children = (
				05C8854119CEC00E000A9B61 /* Info.plist */,
				05C8854219CEC00E000A9B61 /* main.m */,
			);
			name = "Supporting Files";
			sourceTree = "<group>";
		};
/* End PBXGroup section */

/* Begin PBXLegacyTarget section */
		05845280199CE49400E1E656 /* Install */ = {
			isa = PBXLegacyTarget;
			buildArgumentsString = "-f ../script/install.mk";
			buildConfigurationList = 05845281199CE49400E1E656 /* Build configuration list for PBXLegacyTarget "Install" */;
			buildPhases = (
			);
			buildToolPath = /usr/bin/make;
			buildWorkingDirectory = "";
			dependencies = (
				05845285199CE4AA00E1E656 /* PBXTargetDependency */,
			);
			name = Install;
			passBuildSettingsInEnvironment = 1;
			productName = Install;
		};
/* End PBXLegacyTarget section */

/* Begin PBXNativeTarget section */
		054EF6FD199CDCFC0099CD92 /* PzSheetView */ = {
			isa = PBXNativeTarget;
			buildConfigurationList = 054EF70F199CDCFC0099CD92 /* Build configuration list for PBXNativeTarget "PzSheetView" */;
			buildPhases = (
				054EF6FA199CDCFC0099CD92 /* Sources */,
				054EF6FB199CDCFC0099CD92 /* Frameworks */,
				054EF6FC199CDCFC0099CD92 /* CopyFiles */,
			);
			buildRules = (
			);
			dependencies = (
			);
			name = PzSheetView;
			productName = PzSheetView;
			productReference = 054EF6FE199CDCFC0099CD92 /* libPzSheetView.a */;
			productType = "com.apple.product-type.library.static";
		};
		05C8853D19CEC00E000A9B61 /* PzSheetTest */ = {
			isa = PBXNativeTarget;
			buildConfigurationList = 05C8855E19CEC00E000A9B61 /* Build configuration list for PBXNativeTarget "PzSheetTest" */;
			buildPhases = (
				05C8853A19CEC00E000A9B61 /* Sources */,
				05C8853B19CEC00E000A9B61 /* Frameworks */,
				05C8853C19CEC00E000A9B61 /* Resources */,
			);
			buildRules = (
			);
			dependencies = (
				0500E5E719CECB120099D1D6 /* PBXTargetDependency */,
			);
			name = PzSheetTest;
			productName = PzSheetTest;
			productReference = 05C8853E19CEC00E000A9B61 /* PzSheetTest.app */;
			productType = "com.apple.product-type.application";
		};
/* End PBXNativeTarget section */

/* Begin PBXProject section */
		054EF6F6199CDCFC0099CD92 /* Project object */ = {
			isa = PBXProject;
			attributes = {
				LastUpgradeCheck = 0600;
				ORGANIZATIONNAME = "Steel Wheels Project";
				TargetAttributes = {
					054EF6FD199CDCFC0099CD92 = {
						CreatedOnToolsVersion = 6.0;
					};
					05845280199CE49400E1E656 = {
						CreatedOnToolsVersion = 6.0;
					};
					05C8853D19CEC00E000A9B61 = {
						CreatedOnToolsVersion = 6.0.1;
					};
				};
			};
			buildConfigurationList = 054EF6F9199CDCFC0099CD92 /* Build configuration list for PBXProject "PzSheetView" */;
			compatibilityVersion = "Xcode 3.2";
			developmentRegion = English;
			hasScannedForEncodings = 0;
			knownRegions = (
				en,
				Base,
			);
			mainGroup = 054EF6F5199CDCFC0099CD92;
			productRefGroup = 054EF6FF199CDCFC0099CD92 /* Products */;
			projectDirPath = "";
			projectRoot = "";
			targets = (
				054EF6FD199CDCFC0099CD92 /* PzSheetView */,
				05845280199CE49400E1E656 /* Install */,
				05C8853D19CEC00E000A9B61 /* PzSheetTest */,
			);
		};
/* End PBXProject section */

/* Begin PBXResourcesBuildPhase section */
		05C8853C19CEC00E000A9B61 /* Resources */ = {
			isa = PBXResourcesBuildPhase;
			buildActionMask = 2147483647;
			files = (
				05C8854C19CEC00E000A9B61 /* Main.storyboard in Resources */,
				0500E5E519CEC7830099D1D6 /* PzSheetView.xib in Resources */,
				05C8855119CEC00E000A9B61 /* LaunchScreen.xib in Resources */,
				05C8854E19CEC00E000A9B61 /* Images.xcassets in Resources */,
				0500E5E419CEC7800099D1D6 /* PzSheetCell.xib in Resources */,
			);
			runOnlyForDeploymentPostprocessing = 0;
		};
/* End PBXResourcesBuildPhase section */

/* Begin PBXSourcesBuildPhase section */
		054EF6FA199CDCFC0099CD92 /* Sources */ = {
			isa = PBXSourcesBuildPhase;
			buildActionMask = 2147483647;
			files = (
				05379926199DAE6B0072191A /* PzSheetDataSource.m in Sources */,
				059649BA19A391C600D3007C /* PzSheetValue.m in Sources */,
				054EF704199CDCFC0099CD92 /* PzSheetView.m in Sources */,
				0593384419A24C2E006DCB20 /* PzSheetCell.m in Sources */,
			);
			runOnlyForDeploymentPostprocessing = 0;
		};
		05C8853A19CEC00E000A9B61 /* Sources */ = {
			isa = PBXSourcesBuildPhase;
			buildActionMask = 2147483647;
			files = (
				05C8854919CEC00E000A9B61 /* ViewController.m in Sources */,
				05C8854619CEC00E000A9B61 /* AppDelegate.m in Sources */,
				05C8854319CEC00E000A9B61 /* main.m in Sources */,
			);
			runOnlyForDeploymentPostprocessing = 0;
		};
/* End PBXSourcesBuildPhase section */

/* Begin PBXTargetDependency section */
		0500E5E719CECB120099D1D6 /* PBXTargetDependency */ = {
			isa = PBXTargetDependency;
			target = 05845280199CE49400E1E656 /* Install */;
			targetProxy = 0500E5E619CECB120099D1D6 /* PBXContainerItemProxy */;
		};
		05845285199CE4AA00E1E656 /* PBXTargetDependency */ = {
			isa = PBXTargetDependency;
			target = 054EF6FD199CDCFC0099CD92 /* PzSheetView */;
			targetProxy = 05845284199CE4AA00E1E656 /* PBXContainerItemProxy */;
		};
/* End PBXTargetDependency section */

/* Begin PBXVariantGroup section */
		05C8854A19CEC00E000A9B61 /* Main.storyboard */ = {
			isa = PBXVariantGroup;
			children = (
				05C8854B19CEC00E000A9B61 /* Base */,
			);
			name = Main.storyboard;
			sourceTree = "<group>";
		};
		05C8854F19CEC00E000A9B61 /* LaunchScreen.xib */ = {
			isa = PBXVariantGroup;
			children = (
				05C8855019CEC00E000A9B61 /* Base */,
			);
			name = LaunchScreen.xib;
			sourceTree = "<group>";
		};
/* End PBXVariantGroup section */

/* Begin XCBuildConfiguration section */
		054EF70D199CDCFC0099CD92 /* Debug */ = {
			isa = XCBuildConfiguration;
			buildSettings = {
				ALWAYS_SEARCH_USER_PATHS = NO;
				CLANG_CXX_LANGUAGE_STANDARD = "gnu++0x";
				CLANG_CXX_LIBRARY = "libc++";
				CLANG_ENABLE_MODULES = YES;
				CLANG_ENABLE_OBJC_ARC = YES;
				CLANG_WARN_BOOL_CONVERSION = YES;
				CLANG_WARN_CONSTANT_CONVERSION = YES;
				CLANG_WARN_DIRECT_OBJC_ISA_USAGE = YES_ERROR;
				CLANG_WARN_EMPTY_BODY = YES;
				CLANG_WARN_ENUM_CONVERSION = YES;
				CLANG_WARN_INT_CONVERSION = YES;
				CLANG_WARN_OBJC_ROOT_CLASS = YES_ERROR;
				CLANG_WARN_UNREACHABLE_CODE = YES;
				CLANG_WARN__DUPLICATE_METHOD_MATCH = YES;
				COPY_PHASE_STRIP = NO;
				ENABLE_STRICT_OBJC_MSGSEND = YES;
				GCC_C_LANGUAGE_STANDARD = gnu99;
				GCC_DYNAMIC_NO_PIC = NO;
				GCC_OPTIMIZATION_LEVEL = 2;
				GCC_PREPROCESSOR_DEFINITIONS = (
					"DEBUG=1",
					"$(inherited)",
				);
				GCC_SYMBOLS_PRIVATE_EXTERN = NO;
				GCC_WARN_64_TO_32_BIT_CONVERSION = YES;
				GCC_WARN_ABOUT_RETURN_TYPE = YES_ERROR;
				GCC_WARN_UNDECLARED_SELECTOR = YES;
				GCC_WARN_UNINITIALIZED_AUTOS = YES_AGGRESSIVE;
				GCC_WARN_UNUSED_FUNCTION = YES;
				GCC_WARN_UNUSED_VARIABLE = YES;
				IPHONEOS_DEPLOYMENT_TARGET = 8.0;
				MTL_ENABLE_DEBUG_INFO = YES;
				ONLY_ACTIVE_ARCH = YES;
				SDKROOT = iphoneos;
			};
			name = Debug;
		};
		054EF70E199CDCFC0099CD92 /* Release */ = {
			isa = XCBuildConfiguration;
			buildSettings = {
				ALWAYS_SEARCH_USER_PATHS = NO;
				CLANG_CXX_LANGUAGE_STANDARD = "gnu++0x";
				CLANG_CXX_LIBRARY = "libc++";
				CLANG_ENABLE_MODULES = YES;
				CLANG_ENABLE_OBJC_ARC = YES;
				CLANG_WARN_BOOL_CONVERSION = YES;
				CLANG_WARN_CONSTANT_CONVERSION = YES;
				CLANG_WARN_DIRECT_OBJC_ISA_USAGE = YES_ERROR;
				CLANG_WARN_EMPTY_BODY = YES;
				CLANG_WARN_ENUM_CONVERSION = YES;
				CLANG_WARN_INT_CONVERSION = YES;
				CLANG_WARN_OBJC_ROOT_CLASS = YES_ERROR;
				CLANG_WARN_UNREACHABLE_CODE = YES;
				CLANG_WARN__DUPLICATE_METHOD_MATCH = YES;
				COPY_PHASE_STRIP = YES;
				ENABLE_NS_ASSERTIONS = NO;
				ENABLE_STRICT_OBJC_MSGSEND = YES;
				GCC_C_LANGUAGE_STANDARD = gnu99;
				GCC_OPTIMIZATION_LEVEL = 2;
				GCC_WARN_64_TO_32_BIT_CONVERSION = YES;
				GCC_WARN_ABOUT_RETURN_TYPE = YES_ERROR;
				GCC_WARN_UNDECLARED_SELECTOR = YES;
				GCC_WARN_UNINITIALIZED_AUTOS = YES_AGGRESSIVE;
				GCC_WARN_UNUSED_FUNCTION = YES;
				GCC_WARN_UNUSED_VARIABLE = YES;
				IPHONEOS_DEPLOYMENT_TARGET = 8.0;
				MTL_ENABLE_DEBUG_INFO = NO;
				SDKROOT = iphoneos;
				VALIDATE_PRODUCT = YES;
			};
			name = Release;
		};
		054EF710199CDCFC0099CD92 /* Debug */ = {
			isa = XCBuildConfiguration;
			buildSettings = {
				COPY_PHASE_STRIP = NO;
				GCC_OPTIMIZATION_LEVEL = 2;
				HEADER_SEARCH_PATHS = (
					"$(inherited)",
					"/Applications/Xcode6-Beta5.app/Contents/Developer/Toolchains/XcodeDefault.xctoolchain/usr/include",
					"$(HOME)/local/include",
				);
				IPHONEOS_DEPLOYMENT_TARGET = 7.1;
				LIBRARY_SEARCH_PATHS = "$(HOME)/local/lib";
				OTHER_LDFLAGS = (
					"-lKiwiControl",
					"-load_all",
				);
				PRODUCT_NAME = "$(TARGET_NAME)";
				SKIP_INSTALL = YES;
			};
			name = Debug;
		};
		054EF711199CDCFC0099CD92 /* Release */ = {
			isa = XCBuildConfiguration;
			buildSettings = {
				COPY_PHASE_STRIP = NO;
				GCC_OPTIMIZATION_LEVEL = 2;
				HEADER_SEARCH_PATHS = (
					"$(inherited)",
					"/Applications/Xcode6-Beta5.app/Contents/Developer/Toolchains/XcodeDefault.xctoolchain/usr/include",
					"$(HOME)/local/include",
				);
				IPHONEOS_DEPLOYMENT_TARGET = 7.1;
				LIBRARY_SEARCH_PATHS = "$(HOME)/local/lib";
				OTHER_LDFLAGS = (
					"-lKiwiControl",
					"-load_all",
				);
				PRODUCT_NAME = "$(TARGET_NAME)";
				SKIP_INSTALL = YES;
			};
			name = Release;
		};
		05845282199CE49400E1E656 /* Debug */ = {
			isa = XCBuildConfiguration;
			buildSettings = {
				DEBUGGING_SYMBOLS = YES;
				GCC_GENERATE_DEBUGGING_SYMBOLS = YES;
				GCC_OPTIMIZATION_LEVEL = 0;
				GCC_PREPROCESSOR_DEFINITIONS = (
					"DEBUG=1",
					"$(inherited)",
				);
				MACOSX_DEPLOYMENT_TARGET = 10.9;
				OTHER_CFLAGS = "";
				OTHER_LDFLAGS = "";
				PRODUCT_NAME = "$(TARGET_NAME)";
				SDKROOT = macosx;
			};
			name = Debug;
		};
		05845283199CE49400E1E656 /* Release */ = {
			isa = XCBuildConfiguration;
			buildSettings = {
				DEBUG_INFORMATION_FORMAT = "dwarf-with-dsym";
				MACOSX_DEPLOYMENT_TARGET = 10.9;
				OTHER_CFLAGS = "";
				OTHER_LDFLAGS = "";
				PRODUCT_NAME = "$(TARGET_NAME)";
				SDKROOT = macosx;
			};
			name = Release;
		};
		05C8855F19CEC00E000A9B61 /* Debug */ = {
			isa = XCBuildConfiguration;
			buildSettings = {
				ASSETCATALOG_COMPILER_APPICON_NAME = AppIcon;
				"CODE_SIGN_IDENTITY[sdk=iphoneos*]" = "iPhone Developer";
				GCC_OPTIMIZATION_LEVEL = 2;
				GCC_PREPROCESSOR_DEFINITIONS = (
					"DEBUG=1",
					"$(inherited)",
				);
				HEADER_SEARCH_PATHS = (
					"$(inherited)",
					/Applications/Xcode.app/Contents/Developer/Toolchains/XcodeDefault.xctoolchain/usr/include,
					"$(HOME)/local/include",
				);
				INFOPLIST_FILE = PzSheetTest/Info.plist;
				LD_RUNPATH_SEARCH_PATHS = "$(inherited) @executable_path/Frameworks";
				LIBRARY_SEARCH_PATHS = "$(HOME)/local/lib";
				OTHER_LDFLAGS = (
					"-lPzSheetView",
					"-lKiwiControl",
					"-all_load",
				);
				PRODUCT_NAME = "$(TARGET_NAME)";
				TARGETED_DEVICE_FAMILY = "1,2";
			};
			name = Debug;
		};
		05C8856019CEC00E000A9B61 /* Release */ = {
			isa = XCBuildConfiguration;
			buildSettings = {
				ASSETCATALOG_COMPILER_APPICON_NAME = AppIcon;
				"CODE_SIGN_IDENTITY[sdk=iphoneos*]" = "iPhone Developer";
				GCC_OPTIMIZATION_LEVEL = 2;
				HEADER_SEARCH_PATHS = (
					"$(inherited)",
					/Applications/Xcode.app/Contents/Developer/Toolchains/XcodeDefault.xctoolchain/usr/include,
					"$(HOME)/local/include",
				);
				INFOPLIST_FILE = PzSheetTest/Info.plist;
				LD_RUNPATH_SEARCH_PATHS = "$(inherited) @executable_path/Frameworks";
				LIBRARY_SEARCH_PATHS = "$(HOME)/local/lib";
				OTHER_LDFLAGS = (
					"-lPzSheetView",
					"-lKiwiControl",
					"-all_load",
				);
				PRODUCT_NAME = "$(TARGET_NAME)";
				TARGETED_DEVICE_FAMILY = "1,2";
			};
			name = Release;
		};
/* End XCBuildConfiguration section */

/* Begin XCConfigurationList section */
		054EF6F9199CDCFC0099CD92 /* Build configuration list for PBXProject "PzSheetView" */ = {
			isa = XCConfigurationList;
			buildConfigurations = (
				054EF70D199CDCFC0099CD92 /* Debug */,
				054EF70E199CDCFC0099CD92 /* Release */,
			);
			defaultConfigurationIsVisible = 0;
			defaultConfigurationName = Release;
		};
		054EF70F199CDCFC0099CD92 /* Build configuration list for PBXNativeTarget "PzSheetView" */ = {
			isa = XCConfigurationList;
			buildConfigurations = (
				054EF710199CDCFC0099CD92 /* Debug */,
				054EF711199CDCFC0099CD92 /* Release */,
			);
			defaultConfigurationIsVisible = 0;
			defaultConfigurationName = Release;
		};
		05845281199CE49400E1E656 /* Build configuration list for PBXLegacyTarget "Install" */ = {
			isa = XCConfigurationList;
			buildConfigurations = (
				05845282199CE49400E1E656 /* Debug */,
				05845283199CE49400E1E656 /* Release */,
			);
			defaultConfigurationIsVisible = 0;
			defaultConfigurationName = Release;
		};
		05C8855E19CEC00E000A9B61 /* Build configuration list for PBXNativeTarget "PzSheetTest" */ = {
			isa = XCConfigurationList;
			buildConfigurations = (
				05C8855F19CEC00E000A9B61 /* Debug */,
				05C8856019CEC00E000A9B61 /* Release */,
			);
			defaultConfigurationIsVisible = 0;
			defaultConfigurationName = Release;
		};
/* End XCConfigurationList section */
	};
	rootObject = 054EF6F6199CDCFC0099CD92 /* Project object */;
}
