// !$*UTF8*$!
{
	archiveVersion = 1;
	classes = {
	};
	objectVersion = 46;
	objects = {

/* Begin PBXBuildFile section */
		05257B1F1CD8C16A005C1174 /* KCPoint3.swift in Sources */ = {isa = PBXBuildFile; fileRef = 053EF0F81CD8AAA800CFF93B /* KCPoint3.swift */; };
		05257B201CD8C16D005C1174 /* KCLine3.swift in Sources */ = {isa = PBXBuildFile; fileRef = 053EF0F71CD8AAA800CFF93B /* KCLine3.swift */; };
		05257B211CD8C170005C1174 /* KCSize3.swift in Sources */ = {isa = PBXBuildFile; fileRef = 053EF0FA1CD8AAA800CFF93B /* KCSize3.swift */; };
		05257B221CD8C174005C1174 /* KCRect3.swift in Sources */ = {isa = PBXBuildFile; fileRef = 053EF0F91CD8AAA800CFF93B /* KCRect3.swift */; };
		05257B231CD8C177005C1174 /* Info.plist in Resources */ = {isa = PBXBuildFile; fileRef = 05DA97461CD8A92400D21489 /* Info.plist */; };
/* End PBXBuildFile section */

/* Begin PBXContainerItemProxy section */
		05257B281CD8C1B3005C1174 /* PBXContainerItemProxy */ = {
			isa = PBXContainerItemProxy;
			containerPortal = 05DA97381CD8A92300D21489 /* Project object */;
			proxyType = 1;
			remoteGlobalIDString = 05257B161CD8C124005C1174;
			remoteInfo = KCGraphics;
		};
/* End PBXContainerItemProxy section */

/* Begin PBXFileReference section */
		05257B171CD8C124005C1174 /* KCGraphics.framework */ = {isa = PBXFileReference; explicitFileType = wrapper.framework; includeInIndex = 0; path = KCGraphics.framework; sourceTree = BUILT_PRODUCTS_DIR; };
		053EF0F71CD8AAA800CFF93B /* KCLine3.swift */ = {isa = PBXFileReference; fileEncoding = 4; lastKnownFileType = sourcecode.swift; path = KCLine3.swift; sourceTree = "<group>"; };
		053EF0F81CD8AAA800CFF93B /* KCPoint3.swift */ = {isa = PBXFileReference; fileEncoding = 4; lastKnownFileType = sourcecode.swift; path = KCPoint3.swift; sourceTree = "<group>"; };
		053EF0F91CD8AAA800CFF93B /* KCRect3.swift */ = {isa = PBXFileReference; fileEncoding = 4; lastKnownFileType = sourcecode.swift; path = KCRect3.swift; sourceTree = "<group>"; };
		053EF0FA1CD8AAA800CFF93B /* KCSize3.swift */ = {isa = PBXFileReference; fileEncoding = 4; lastKnownFileType = sourcecode.swift; path = KCSize3.swift; sourceTree = "<group>"; };
		05DA97461CD8A92400D21489 /* Info.plist */ = {isa = PBXFileReference; lastKnownFileType = text.plist.xml; path = Info.plist; sourceTree = "<group>"; };
/* End PBXFileReference section */

/* Begin PBXFrameworksBuildPhase section */
		05257B131CD8C124005C1174 /* Frameworks */ = {
			isa = PBXFrameworksBuildPhase;
			buildActionMask = 2147483647;
			files = (
			);
			runOnlyForDeploymentPostprocessing = 0;
		};
/* End PBXFrameworksBuildPhase section */

/* Begin PBXGroup section */
		053EF0F61CD8AA6E00CFF93B /* Source */ = {
			isa = PBXGroup;
			children = (
				053EF0F81CD8AAA800CFF93B /* KCPoint3.swift */,
				053EF0F71CD8AAA800CFF93B /* KCLine3.swift */,
				053EF0FA1CD8AAA800CFF93B /* KCSize3.swift */,
				053EF0F91CD8AAA800CFF93B /* KCRect3.swift */,
			);
			name = Source;
			path = ../Source;
			sourceTree = SOURCE_ROOT;
		};
		05DA97371CD8A92300D21489 = {
			isa = PBXGroup;
			children = (
				053EF0F61CD8AA6E00CFF93B /* Source */,
				05DA97431CD8A92400D21489 /* iOS */,
				05DA97421CD8A92300D21489 /* Products */,
			);
			sourceTree = "<group>";
		};
		05DA97421CD8A92300D21489 /* Products */ = {
			isa = PBXGroup;
			children = (
				05257B171CD8C124005C1174 /* KCGraphics.framework */,
			);
			name = Products;
			sourceTree = "<group>";
		};
		05DA97431CD8A92400D21489 /* iOS */ = {
			isa = PBXGroup;
			children = (
				05DA97461CD8A92400D21489 /* Info.plist */,
			);
			name = iOS;
			sourceTree = SOURCE_ROOT;
		};
/* End PBXGroup section */

/* Begin PBXHeadersBuildPhase section */
		05257B141CD8C124005C1174 /* Headers */ = {
			isa = PBXHeadersBuildPhase;
			buildActionMask = 2147483647;
			files = (
			);
			runOnlyForDeploymentPostprocessing = 0;
		};
/* End PBXHeadersBuildPhase section */

/* Begin PBXLegacyTarget section */
		05257B241CD8C1AB005C1174 /* Install */ = {
			isa = PBXLegacyTarget;
			buildArgumentsString = "-f ../../script/install_osx.mk";
			buildConfigurationList = 05257B251CD8C1AB005C1174 /* Build configuration list for PBXLegacyTarget "Install" */;
			buildPhases = (
			);
			buildToolPath = /usr/bin/make;
			buildWorkingDirectory = "";
			dependencies = (
				05257B291CD8C1B3005C1174 /* PBXTargetDependency */,
			);
			name = Install;
			passBuildSettingsInEnvironment = 1;
			productName = Install;
		};
/* End PBXLegacyTarget section */

/* Begin PBXNativeTarget section */
		05257B161CD8C124005C1174 /* KCGraphics */ = {
			isa = PBXNativeTarget;
			buildConfigurationList = 05257B1C1CD8C124005C1174 /* Build configuration list for PBXNativeTarget "KCGraphics" */;
			buildPhases = (
				05257B121CD8C124005C1174 /* Sources */,
				05257B131CD8C124005C1174 /* Frameworks */,
				05257B141CD8C124005C1174 /* Headers */,
				05257B151CD8C124005C1174 /* Resources */,
			);
			buildRules = (
			);
			dependencies = (
			);
			name = KCGraphics;
			productName = KCGraphics;
			productReference = 05257B171CD8C124005C1174 /* KCGraphics.framework */;
			productType = "com.apple.product-type.framework";
		};
/* End PBXNativeTarget section */

/* Begin PBXProject section */
		05DA97381CD8A92300D21489 /* Project object */ = {
			isa = PBXProject;
			attributes = {
				LastUpgradeCheck = 0730;
				ORGANIZATIONNAME = "Steel Wheels Project";
				TargetAttributes = {
					05257B161CD8C124005C1174 = {
						CreatedOnToolsVersion = 7.3;
						LastSwiftMigration = 0800;
					};
					05257B241CD8C1AB005C1174 = {
						CreatedOnToolsVersion = 7.3;
					};
				};
			};
			buildConfigurationList = 05DA973B1CD8A92300D21489 /* Build configuration list for PBXProject "KCGraphics" */;
			compatibilityVersion = "Xcode 3.2";
			developmentRegion = English;
			hasScannedForEncodings = 0;
			knownRegions = (
				en,
			);
			mainGroup = 05DA97371CD8A92300D21489;
			productRefGroup = 05DA97421CD8A92300D21489 /* Products */;
			projectDirPath = "";
			projectRoot = "";
			targets = (
				05257B161CD8C124005C1174 /* KCGraphics */,
				05257B241CD8C1AB005C1174 /* Install */,
			);
		};
/* End PBXProject section */

/* Begin PBXResourcesBuildPhase section */
		05257B151CD8C124005C1174 /* Resources */ = {
			isa = PBXResourcesBuildPhase;
			buildActionMask = 2147483647;
			files = (
				05257B231CD8C177005C1174 /* Info.plist in Resources */,
			);
			runOnlyForDeploymentPostprocessing = 0;
		};
/* End PBXResourcesBuildPhase section */

/* Begin PBXSourcesBuildPhase section */
		05257B121CD8C124005C1174 /* Sources */ = {
			isa = PBXSourcesBuildPhase;
			buildActionMask = 2147483647;
			files = (
				05257B211CD8C170005C1174 /* KCSize3.swift in Sources */,
				05257B1F1CD8C16A005C1174 /* KCPoint3.swift in Sources */,
				05257B201CD8C16D005C1174 /* KCLine3.swift in Sources */,
				05257B221CD8C174005C1174 /* KCRect3.swift in Sources */,
			);
			runOnlyForDeploymentPostprocessing = 0;
		};
/* End PBXSourcesBuildPhase section */

/* Begin PBXTargetDependency section */
		05257B291CD8C1B3005C1174 /* PBXTargetDependency */ = {
			isa = PBXTargetDependency;
			target = 05257B161CD8C124005C1174 /* KCGraphics */;
			targetProxy = 05257B281CD8C1B3005C1174 /* PBXContainerItemProxy */;
		};
/* End PBXTargetDependency section */

/* Begin XCBuildConfiguration section */
		05257B1D1CD8C124005C1174 /* Debug */ = {
			isa = XCBuildConfiguration;
			buildSettings = {
				DEFINES_MODULE = YES;
				DYLIB_COMPATIBILITY_VERSION = 1;
				DYLIB_CURRENT_VERSION = 1;
				DYLIB_INSTALL_NAME_BASE = "@rpath";
				GCC_OPTIMIZATION_LEVEL = 2;
				INFOPLIST_FILE = ./Info.plist;
				INSTALL_PATH = "$(LOCAL_LIBRARY_DIR)/Frameworks";
				LD_RUNPATH_SEARCH_PATHS = "$(inherited) @executable_path/Frameworks @loader_path/Frameworks";
				PRODUCT_BUNDLE_IDENTIFIER = "steel-wheels-project.KCGraphics";
				PRODUCT_NAME = "$(TARGET_NAME)";
				SKIP_INSTALL = YES;
				SWIFT_OPTIMIZATION_LEVEL = "-O";
				SWIFT_VERSION = 2.3;
			};
			name = Debug;
		};
		05257B1E1CD8C124005C1174 /* Release */ = {
			isa = XCBuildConfiguration;
			buildSettings = {
				DEFINES_MODULE = YES;
				DYLIB_COMPATIBILITY_VERSION = 1;
				DYLIB_CURRENT_VERSION = 1;
				DYLIB_INSTALL_NAME_BASE = "@rpath";
				GCC_OPTIMIZATION_LEVEL = 2;
				INFOPLIST_FILE = ./Info.plist;
				INSTALL_PATH = "$(LOCAL_LIBRARY_DIR)/Frameworks";
				LD_RUNPATH_SEARCH_PATHS = "$(inherited) @executable_path/Frameworks @loader_path/Frameworks";
				PRODUCT_BUNDLE_IDENTIFIER = "steel-wheels-project.KCGraphics";
				PRODUCT_NAME = "$(TARGET_NAME)";
				SKIP_INSTALL = YES;
				SWIFT_VERSION = 2.3;
			};
			name = Release;
		};
		05257B261CD8C1AB005C1174 /* Debug */ = {
			isa = XCBuildConfiguration;
			buildSettings = {
				DEBUGGING_SYMBOLS = YES;
				DEBUG_INFORMATION_FORMAT = dwarf;
				GCC_GENERATE_DEBUGGING_SYMBOLS = YES;
				GCC_OPTIMIZATION_LEVEL = 0;
				OTHER_CFLAGS = "";
				OTHER_LDFLAGS = "";
				PRODUCT_NAME = "$(TARGET_NAME)";
			};
			name = Debug;
		};
		05257B271CD8C1AB005C1174 /* Release */ = {
			isa = XCBuildConfiguration;
			buildSettings = {
				DEBUG_INFORMATION_FORMAT = "dwarf-with-dsym";
				OTHER_CFLAGS = "";
				OTHER_LDFLAGS = "";
				PRODUCT_NAME = "$(TARGET_NAME)";
			};
			name = Release;
		};
		05DA97471CD8A92400D21489 /* Debug */ = {
			isa = XCBuildConfiguration;
			buildSettings = {
				ALWAYS_SEARCH_USER_PATHS = NO;
				CLANG_ANALYZER_NONNULL = YES;
				CLANG_CXX_LANGUAGE_STANDARD = "gnu++0x";
				CLANG_CXX_LIBRARY = "libc++";
				CLANG_ENABLE_MODULES = YES;
				CLANG_ENABLE_OBJC_ARC = YES;
				CLANG_WARN_BOOL_CONVERSION = YES;
				CLANG_WARN_CONSTANT_CONVERSION = YES;
				CLANG_WARN_DIRECT_OBJC_ISA_USAGE = YES_ERROR;
				CLANG_WARN_EMPTY_BODY = YES;
				CLANG_WARN_ENUM_CONVERSION = YES;
				CLANG_WARN_INT_CONVERSION = YES;
				CLANG_WARN_OBJC_ROOT_CLASS = YES_ERROR;
				CLANG_WARN_UNREACHABLE_CODE = YES;
				CLANG_WARN__DUPLICATE_METHOD_MATCH = YES;
				"CODE_SIGN_IDENTITY[sdk=iphoneos*]" = "iPhone Developer";
				COPY_PHASE_STRIP = NO;
				CURRENT_PROJECT_VERSION = 1;
				DEBUG_INFORMATION_FORMAT = dwarf;
				ENABLE_STRICT_OBJC_MSGSEND = YES;
				ENABLE_TESTABILITY = YES;
				GCC_C_LANGUAGE_STANDARD = gnu99;
				GCC_DYNAMIC_NO_PIC = NO;
				GCC_NO_COMMON_BLOCKS = YES;
				GCC_OPTIMIZATION_LEVEL = 0;
				GCC_PREPROCESSOR_DEFINITIONS = (
					"DEBUG=1",
					"$(inherited)",
				);
				GCC_WARN_64_TO_32_BIT_CONVERSION = YES;
				GCC_WARN_ABOUT_RETURN_TYPE = YES_ERROR;
				GCC_WARN_UNDECLARED_SELECTOR = YES;
				GCC_WARN_UNINITIALIZED_AUTOS = YES_AGGRESSIVE;
				GCC_WARN_UNUSED_FUNCTION = YES;
				GCC_WARN_UNUSED_VARIABLE = YES;
				IPHONEOS_DEPLOYMENT_TARGET = 9.3;
				MTL_ENABLE_DEBUG_INFO = YES;
				ONLY_ACTIVE_ARCH = YES;
				SDKROOT = iphoneos;
				SWIFT_OPTIMIZATION_LEVEL = "-Onone";
				TARGETED_DEVICE_FAMILY = "1,2";
				VERSIONING_SYSTEM = "apple-generic";
				VERSION_INFO_PREFIX = "";
			};
			name = Debug;
		};
		05DA97481CD8A92400D21489 /* Release */ = {
			isa = XCBuildConfiguration;
			buildSettings = {
				ALWAYS_SEARCH_USER_PATHS = NO;
				CLANG_ANALYZER_NONNULL = YES;
				CLANG_CXX_LANGUAGE_STANDARD = "gnu++0x";
				CLANG_CXX_LIBRARY = "libc++";
				CLANG_ENABLE_MODULES = YES;
				CLANG_ENABLE_OBJC_ARC = YES;
				CLANG_WARN_BOOL_CONVERSION = YES;
				CLANG_WARN_CONSTANT_CONVERSION = YES;
				CLANG_WARN_DIRECT_OBJC_ISA_USAGE = YES_ERROR;
				CLANG_WARN_EMPTY_BODY = YES;
				CLANG_WARN_ENUM_CONVERSION = YES;
				CLANG_WARN_INT_CONVERSION = YES;
				CLANG_WARN_OBJC_ROOT_CLASS = YES_ERROR;
				CLANG_WARN_UNREACHABLE_CODE = YES;
				CLANG_WARN__DUPLICATE_METHOD_MATCH = YES;
				"CODE_SIGN_IDENTITY[sdk=iphoneos*]" = "iPhone Developer";
				COPY_PHASE_STRIP = NO;
				CURRENT_PROJECT_VERSION = 1;
				DEBUG_INFORMATION_FORMAT = "dwarf-with-dsym";
				ENABLE_NS_ASSERTIONS = NO;
				ENABLE_STRICT_OBJC_MSGSEND = YES;
				GCC_C_LANGUAGE_STANDARD = gnu99;
				GCC_NO_COMMON_BLOCKS = YES;
				GCC_WARN_64_TO_32_BIT_CONVERSION = YES;
				GCC_WARN_ABOUT_RETURN_TYPE = YES_ERROR;
				GCC_WARN_UNDECLARED_SELECTOR = YES;
				GCC_WARN_UNINITIALIZED_AUTOS = YES_AGGRESSIVE;
				GCC_WARN_UNUSED_FUNCTION = YES;
				GCC_WARN_UNUSED_VARIABLE = YES;
				IPHONEOS_DEPLOYMENT_TARGET = 9.3;
				MTL_ENABLE_DEBUG_INFO = NO;
				SDKROOT = iphoneos;
				TARGETED_DEVICE_FAMILY = "1,2";
				VALIDATE_PRODUCT = YES;
				VERSIONING_SYSTEM = "apple-generic";
				VERSION_INFO_PREFIX = "";
			};
			name = Release;
		};
/* End XCBuildConfiguration section */

/* Begin XCConfigurationList section */
		05257B1C1CD8C124005C1174 /* Build configuration list for PBXNativeTarget "KCGraphics" */ = {
			isa = XCConfigurationList;
			buildConfigurations = (
				05257B1D1CD8C124005C1174 /* Debug */,
				05257B1E1CD8C124005C1174 /* Release */,
			);
			defaultConfigurationIsVisible = 0;
			defaultConfigurationName = Release;
		};
		05257B251CD8C1AB005C1174 /* Build configuration list for PBXLegacyTarget "Install" */ = {
			isa = XCConfigurationList;
			buildConfigurations = (
				05257B261CD8C1AB005C1174 /* Debug */,
				05257B271CD8C1AB005C1174 /* Release */,
			);
			defaultConfigurationIsVisible = 0;
			defaultConfigurationName = Release;
		};
		05DA973B1CD8A92300D21489 /* Build configuration list for PBXProject "KCGraphics" */ = {
			isa = XCConfigurationList;
			buildConfigurations = (
				05DA97471CD8A92400D21489 /* Debug */,
				05DA97481CD8A92400D21489 /* Release */,
			);
			defaultConfigurationIsVisible = 0;
			defaultConfigurationName = Release;
		};
/* End XCConfigurationList section */
	};
	rootObject = 05DA97381CD8A92300D21489 /* Project object */;
}
