// !$*UTF8*$!
{
	archiveVersion = 1;
	classes = {
	};
	objectVersion = 46;
	objects = {

/* Begin PBXBuildFile section */
		054BAFDE1B6E3C6100C1CBEF /* KCConsoleView.framework in Frameworks */ = {isa = PBXBuildFile; fileRef = 054BAFDD1B6E3C6100C1CBEF /* KCConsoleView.framework */; };
		057664961B6D797B0058CDAB /* KCConsoleView.h in Headers */ = {isa = PBXBuildFile; fileRef = 057664951B6D797B0058CDAB /* KCConsoleView.h */; settings = {ATTRIBUTES = (Public, ); }; };
		05C4F8AA1B6E3032008B0189 /* KCConsoleView.swift in Sources */ = {isa = PBXBuildFile; fileRef = 05C4F8A91B6E3032008B0189 /* KCConsoleView.swift */; };
		05C4F8AC1B6E31B6008B0189 /* KCConsoleTextView.swift in Sources */ = {isa = PBXBuildFile; fileRef = 05C4F8AB1B6E31B6008B0189 /* KCConsoleTextView.swift */; };
		05C4F8AE1B6E37E9008B0189 /* KCConsoleTextView.xib in Resources */ = {isa = PBXBuildFile; fileRef = 05C4F8AD1B6E37E9008B0189 /* KCConsoleTextView.xib */; };
		05F7E1FA1B6E3AEE001E6F33 /* AppDelegate.swift in Sources */ = {isa = PBXBuildFile; fileRef = 05F7E1F91B6E3AEE001E6F33 /* AppDelegate.swift */; };
		05F7E1FC1B6E3AEE001E6F33 /* ViewController.swift in Sources */ = {isa = PBXBuildFile; fileRef = 05F7E1FB1B6E3AEE001E6F33 /* ViewController.swift */; };
		05F7E1FE1B6E3AEE001E6F33 /* Images.xcassets in Resources */ = {isa = PBXBuildFile; fileRef = 05F7E1FD1B6E3AEE001E6F33 /* Images.xcassets */; };
		05F7E2011B6E3AEE001E6F33 /* Main.storyboard in Resources */ = {isa = PBXBuildFile; fileRef = 05F7E1FF1B6E3AEE001E6F33 /* Main.storyboard */; };
/* End PBXBuildFile section */

/* Begin PBXContainerItemProxy section */
		05C4F8B31B6E39C8008B0189 /* PBXContainerItemProxy */ = {
			isa = PBXContainerItemProxy;
			containerPortal = 057664871B6D797B0058CDAB /* Project object */;
			proxyType = 1;
			remoteGlobalIDString = 0576648F1B6D797B0058CDAB;
			remoteInfo = KCConsoleView;
		};
		05F7E2141B6E3B0C001E6F33 /* PBXContainerItemProxy */ = {
			isa = PBXContainerItemProxy;
			containerPortal = 057664871B6D797B0058CDAB /* Project object */;
			proxyType = 1;
			remoteGlobalIDString = 05C4F8AF1B6E39BD008B0189;
			remoteInfo = Install;
		};
/* End PBXContainerItemProxy section */

/* Begin PBXFileReference section */
		054BAFDD1B6E3C6100C1CBEF /* KCConsoleView.framework */ = {isa = PBXFileReference; lastKnownFileType = wrapper.framework; name = KCConsoleView.framework; path = ../../../../../Library/Frameworks/KCConsoleView.framework; sourceTree = "<group>"; };
		057664901B6D797B0058CDAB /* KCConsoleView.framework */ = {isa = PBXFileReference; explicitFileType = wrapper.framework; includeInIndex = 0; path = KCConsoleView.framework; sourceTree = BUILT_PRODUCTS_DIR; };
		057664941B6D797B0058CDAB /* Info.plist */ = {isa = PBXFileReference; lastKnownFileType = text.plist.xml; path = Info.plist; sourceTree = SOURCE_ROOT; };
		057664951B6D797B0058CDAB /* KCConsoleView.h */ = {isa = PBXFileReference; lastKnownFileType = sourcecode.c.h; path = KCConsoleView.h; sourceTree = "<group>"; };
		05C4F8A91B6E3032008B0189 /* KCConsoleView.swift */ = {isa = PBXFileReference; fileEncoding = 4; lastKnownFileType = sourcecode.swift; path = KCConsoleView.swift; sourceTree = "<group>"; };
		05C4F8AB1B6E31B6008B0189 /* KCConsoleTextView.swift */ = {isa = PBXFileReference; fileEncoding = 4; lastKnownFileType = sourcecode.swift; path = KCConsoleTextView.swift; sourceTree = "<group>"; };
		05C4F8AD1B6E37E9008B0189 /* KCConsoleTextView.xib */ = {isa = PBXFileReference; fileEncoding = 4; lastKnownFileType = file.xib; path = KCConsoleTextView.xib; sourceTree = SOURCE_ROOT; };
		05C4F8B61B6E3A66008B0189 /* install_osx.mk */ = {isa = PBXFileReference; fileEncoding = 4; lastKnownFileType = text; name = install_osx.mk; path = ../../script/install_osx.mk; sourceTree = "<group>"; };
		05F7E1F51B6E3AEE001E6F33 /* UTConsoleView.app */ = {isa = PBXFileReference; explicitFileType = wrapper.application; includeInIndex = 0; path = UTConsoleView.app; sourceTree = BUILT_PRODUCTS_DIR; };
		05F7E1F81B6E3AEE001E6F33 /* Info.plist */ = {isa = PBXFileReference; lastKnownFileType = text.plist.xml; path = Info.plist; sourceTree = "<group>"; };
		05F7E1F91B6E3AEE001E6F33 /* AppDelegate.swift */ = {isa = PBXFileReference; lastKnownFileType = sourcecode.swift; path = AppDelegate.swift; sourceTree = "<group>"; };
		05F7E1FB1B6E3AEE001E6F33 /* ViewController.swift */ = {isa = PBXFileReference; lastKnownFileType = sourcecode.swift; path = ViewController.swift; sourceTree = "<group>"; };
		05F7E1FD1B6E3AEE001E6F33 /* Images.xcassets */ = {isa = PBXFileReference; lastKnownFileType = folder.assetcatalog; path = Images.xcassets; sourceTree = "<group>"; };
		05F7E2001B6E3AEE001E6F33 /* Base */ = {isa = PBXFileReference; lastKnownFileType = file.storyboard; name = Base; path = Base.lproj/Main.storyboard; sourceTree = "<group>"; };
/* End PBXFileReference section */

/* Begin PBXFrameworksBuildPhase section */
		0576648C1B6D797B0058CDAB /* Frameworks */ = {
			isa = PBXFrameworksBuildPhase;
			buildActionMask = 2147483647;
			files = (
			);
			runOnlyForDeploymentPostprocessing = 0;
		};
		05F7E1F21B6E3AEE001E6F33 /* Frameworks */ = {
			isa = PBXFrameworksBuildPhase;
			buildActionMask = 2147483647;
			files = (
				054BAFDE1B6E3C6100C1CBEF /* KCConsoleView.framework in Frameworks */,
			);
			runOnlyForDeploymentPostprocessing = 0;
		};
/* End PBXFrameworksBuildPhase section */

/* Begin PBXGroup section */
		054BAFDC1B6E3B5E00C1CBEF /* UnitTest */ = {
			isa = PBXGroup;
			children = (
				05F7E1F61B6E3AEE001E6F33 /* OSX */,
			);
			name = UnitTest;
			path = ../UnitTest;
			sourceTree = SOURCE_ROOT;
		};
		057664861B6D797B0058CDAB = {
			isa = PBXGroup;
			children = (
				057664921B6D797B0058CDAB /* Source */,
				054BAFDC1B6E3B5E00C1CBEF /* UnitTest */,
				057664911B6D797B0058CDAB /* Products */,
			);
			sourceTree = "<group>";
		};
		057664911B6D797B0058CDAB /* Products */ = {
			isa = PBXGroup;
			children = (
				057664901B6D797B0058CDAB /* KCConsoleView.framework */,
				05F7E1F51B6E3AEE001E6F33 /* UTConsoleView.app */,
			);
			name = Products;
			sourceTree = "<group>";
		};
		057664921B6D797B0058CDAB /* Source */ = {
			isa = PBXGroup;
			children = (
				057664951B6D797B0058CDAB /* KCConsoleView.h */,
				05C4F8A91B6E3032008B0189 /* KCConsoleView.swift */,
				05C4F8AB1B6E31B6008B0189 /* KCConsoleTextView.swift */,
				05C4F8AD1B6E37E9008B0189 /* KCConsoleTextView.xib */,
				057664931B6D797B0058CDAB /* Supporting Files */,
			);
			name = Source;
			path = ../Source;
			sourceTree = SOURCE_ROOT;
		};
		057664931B6D797B0058CDAB /* Supporting Files */ = {
			isa = PBXGroup;
			children = (
				05C4F8B61B6E3A66008B0189 /* install_osx.mk */,
				057664941B6D797B0058CDAB /* Info.plist */,
			);
			name = "Supporting Files";
			sourceTree = "<group>";
		};
		05F7E1F61B6E3AEE001E6F33 /* OSX */ = {
			isa = PBXGroup;
			children = (
				05F7E1F91B6E3AEE001E6F33 /* AppDelegate.swift */,
				05F7E1FB1B6E3AEE001E6F33 /* ViewController.swift */,
				05F7E1FD1B6E3AEE001E6F33 /* Images.xcassets */,
				05F7E1FF1B6E3AEE001E6F33 /* Main.storyboard */,
				05F7E1F71B6E3AEE001E6F33 /* Supporting Files */,
			);
			name = OSX;
			path = ../UnitTest/OSX;
			sourceTree = SOURCE_ROOT;
		};
		05F7E1F71B6E3AEE001E6F33 /* Supporting Files */ = {
			isa = PBXGroup;
			children = (
				054BAFDD1B6E3C6100C1CBEF /* KCConsoleView.framework */,
				05F7E1F81B6E3AEE001E6F33 /* Info.plist */,
			);
			name = "Supporting Files";
			sourceTree = "<group>";
		};
/* End PBXGroup section */

/* Begin PBXHeadersBuildPhase section */
		0576648D1B6D797B0058CDAB /* Headers */ = {
			isa = PBXHeadersBuildPhase;
			buildActionMask = 2147483647;
			files = (
				057664961B6D797B0058CDAB /* KCConsoleView.h in Headers */,
			);
			runOnlyForDeploymentPostprocessing = 0;
		};
/* End PBXHeadersBuildPhase section */

/* Begin PBXLegacyTarget section */
		05C4F8AF1B6E39BD008B0189 /* Install */ = {
			isa = PBXLegacyTarget;
			buildArgumentsString = "-f ../../Script/install_osx.mk";
			buildConfigurationList = 05C4F8B01B6E39BD008B0189 /* Build configuration list for PBXLegacyTarget "Install" */;
			buildPhases = (
			);
			buildToolPath = /usr/bin/make;
			buildWorkingDirectory = "";
			dependencies = (
				05C4F8B41B6E39C8008B0189 /* PBXTargetDependency */,
			);
			name = Install;
			passBuildSettingsInEnvironment = 1;
			productName = Install;
		};
/* End PBXLegacyTarget section */

/* Begin PBXNativeTarget section */
		0576648F1B6D797B0058CDAB /* KCConsoleView */ = {
			isa = PBXNativeTarget;
			buildConfigurationList = 057664A61B6D797B0058CDAB /* Build configuration list for PBXNativeTarget "KCConsoleView" */;
			buildPhases = (
				0576648B1B6D797B0058CDAB /* Sources */,
				0576648C1B6D797B0058CDAB /* Frameworks */,
				0576648D1B6D797B0058CDAB /* Headers */,
				0576648E1B6D797B0058CDAB /* Resources */,
			);
			buildRules = (
			);
			dependencies = (
			);
			name = KCConsoleView;
			productName = KCConsole;
			productReference = 057664901B6D797B0058CDAB /* KCConsoleView.framework */;
			productType = "com.apple.product-type.framework";
		};
		05F7E1F41B6E3AEE001E6F33 /* UTConsoleView */ = {
			isa = PBXNativeTarget;
			buildConfigurationList = 05F7E2121B6E3AEE001E6F33 /* Build configuration list for PBXNativeTarget "UTConsoleView" */;
			buildPhases = (
				05F7E1F11B6E3AEE001E6F33 /* Sources */,
				05F7E1F21B6E3AEE001E6F33 /* Frameworks */,
				05F7E1F31B6E3AEE001E6F33 /* Resources */,
			);
			buildRules = (
			);
			dependencies = (
				05F7E2151B6E3B0C001E6F33 /* PBXTargetDependency */,
			);
			name = UTConsoleView;
			productName = UTConsoleView;
			productReference = 05F7E1F51B6E3AEE001E6F33 /* UTConsoleView.app */;
			productType = "com.apple.product-type.application";
		};
/* End PBXNativeTarget section */

/* Begin PBXProject section */
		057664871B6D797B0058CDAB /* Project object */ = {
			isa = PBXProject;
			attributes = {
				LastSwiftUpdateCheck = 0700;
				LastUpgradeCheck = 0700;
				ORGANIZATIONNAME = "Steel Wheels Project";
				TargetAttributes = {
					0576648F1B6D797B0058CDAB = {
						CreatedOnToolsVersion = 6.4;
					};
					05C4F8AF1B6E39BD008B0189 = {
						CreatedOnToolsVersion = 6.4;
					};
					05F7E1F41B6E3AEE001E6F33 = {
						CreatedOnToolsVersion = 6.4;
					};
				};
			};
			buildConfigurationList = 0576648A1B6D797B0058CDAB /* Build configuration list for PBXProject "KCConsoleView" */;
			compatibilityVersion = "Xcode 3.2";
			developmentRegion = English;
			hasScannedForEncodings = 0;
			knownRegions = (
				en,
				Base,
			);
			mainGroup = 057664861B6D797B0058CDAB;
			productRefGroup = 057664911B6D797B0058CDAB /* Products */;
			projectDirPath = "";
			projectRoot = "";
			targets = (
				0576648F1B6D797B0058CDAB /* KCConsoleView */,
				05C4F8AF1B6E39BD008B0189 /* Install */,
				05F7E1F41B6E3AEE001E6F33 /* UTConsoleView */,
			);
		};
/* End PBXProject section */

/* Begin PBXResourcesBuildPhase section */
		0576648E1B6D797B0058CDAB /* Resources */ = {
			isa = PBXResourcesBuildPhase;
			buildActionMask = 2147483647;
			files = (
				05C4F8AE1B6E37E9008B0189 /* KCConsoleTextView.xib in Resources */,
			);
			runOnlyForDeploymentPostprocessing = 0;
		};
		05F7E1F31B6E3AEE001E6F33 /* Resources */ = {
			isa = PBXResourcesBuildPhase;
			buildActionMask = 2147483647;
			files = (
				05F7E1FE1B6E3AEE001E6F33 /* Images.xcassets in Resources */,
				05F7E2011B6E3AEE001E6F33 /* Main.storyboard in Resources */,
			);
			runOnlyForDeploymentPostprocessing = 0;
		};
/* End PBXResourcesBuildPhase section */

/* Begin PBXSourcesBuildPhase section */
		0576648B1B6D797B0058CDAB /* Sources */ = {
			isa = PBXSourcesBuildPhase;
			buildActionMask = 2147483647;
			files = (
				05C4F8AA1B6E3032008B0189 /* KCConsoleView.swift in Sources */,
				05C4F8AC1B6E31B6008B0189 /* KCConsoleTextView.swift in Sources */,
			);
			runOnlyForDeploymentPostprocessing = 0;
		};
		05F7E1F11B6E3AEE001E6F33 /* Sources */ = {
			isa = PBXSourcesBuildPhase;
			buildActionMask = 2147483647;
			files = (
				05F7E1FC1B6E3AEE001E6F33 /* ViewController.swift in Sources */,
				05F7E1FA1B6E3AEE001E6F33 /* AppDelegate.swift in Sources */,
			);
			runOnlyForDeploymentPostprocessing = 0;
		};
/* End PBXSourcesBuildPhase section */

/* Begin PBXTargetDependency section */
		05C4F8B41B6E39C8008B0189 /* PBXTargetDependency */ = {
			isa = PBXTargetDependency;
			target = 0576648F1B6D797B0058CDAB /* KCConsoleView */;
			targetProxy = 05C4F8B31B6E39C8008B0189 /* PBXContainerItemProxy */;
		};
		05F7E2151B6E3B0C001E6F33 /* PBXTargetDependency */ = {
			isa = PBXTargetDependency;
			target = 05C4F8AF1B6E39BD008B0189 /* Install */;
			targetProxy = 05F7E2141B6E3B0C001E6F33 /* PBXContainerItemProxy */;
		};
/* End PBXTargetDependency section */

/* Begin PBXVariantGroup section */
		05F7E1FF1B6E3AEE001E6F33 /* Main.storyboard */ = {
			isa = PBXVariantGroup;
			children = (
				05F7E2001B6E3AEE001E6F33 /* Base */,
			);
			name = Main.storyboard;
			sourceTree = "<group>";
		};
/* End PBXVariantGroup section */

/* Begin XCBuildConfiguration section */
		057664A41B6D797B0058CDAB /* Debug */ = {
			isa = XCBuildConfiguration;
			buildSettings = {
				ALWAYS_SEARCH_USER_PATHS = NO;
				CLANG_CXX_LANGUAGE_STANDARD = "gnu++0x";
				CLANG_CXX_LIBRARY = "libc++";
				CLANG_ENABLE_MODULES = YES;
				CLANG_ENABLE_OBJC_ARC = YES;
				CLANG_WARN_BOOL_CONVERSION = YES;
				CLANG_WARN_CONSTANT_CONVERSION = YES;
				CLANG_WARN_DIRECT_OBJC_ISA_USAGE = YES_ERROR;
				CLANG_WARN_EMPTY_BODY = YES;
				CLANG_WARN_ENUM_CONVERSION = YES;
				CLANG_WARN_INT_CONVERSION = YES;
				CLANG_WARN_OBJC_ROOT_CLASS = YES_ERROR;
				CLANG_WARN_UNREACHABLE_CODE = YES;
				CLANG_WARN__DUPLICATE_METHOD_MATCH = YES;
				COPY_PHASE_STRIP = NO;
				CURRENT_PROJECT_VERSION = 1;
				DEBUG_INFORMATION_FORMAT = dwarf;
				ENABLE_STRICT_OBJC_MSGSEND = YES;
				ENABLE_TESTABILITY = YES;
				GCC_C_LANGUAGE_STANDARD = gnu99;
				GCC_DYNAMIC_NO_PIC = NO;
				GCC_NO_COMMON_BLOCKS = YES;
				GCC_OPTIMIZATION_LEVEL = 0;
				GCC_PREPROCESSOR_DEFINITIONS = (
					"DEBUG=1",
					"$(inherited)",
				);
				GCC_SYMBOLS_PRIVATE_EXTERN = NO;
				GCC_WARN_64_TO_32_BIT_CONVERSION = YES;
				GCC_WARN_ABOUT_RETURN_TYPE = YES_ERROR;
				GCC_WARN_UNDECLARED_SELECTOR = YES;
				GCC_WARN_UNINITIALIZED_AUTOS = YES_AGGRESSIVE;
				GCC_WARN_UNUSED_FUNCTION = YES;
				GCC_WARN_UNUSED_VARIABLE = YES;
				MACOSX_DEPLOYMENT_TARGET = 10.10;
				MTL_ENABLE_DEBUG_INFO = YES;
				ONLY_ACTIVE_ARCH = YES;
				SDKROOT = macosx;
				SWIFT_OPTIMIZATION_LEVEL = "-Onone";
				VERSIONING_SYSTEM = "apple-generic";
				VERSION_INFO_PREFIX = "";
			};
			name = Debug;
		};
		057664A51B6D797B0058CDAB /* Release */ = {
			isa = XCBuildConfiguration;
			buildSettings = {
				ALWAYS_SEARCH_USER_PATHS = NO;
				CLANG_CXX_LANGUAGE_STANDARD = "gnu++0x";
				CLANG_CXX_LIBRARY = "libc++";
				CLANG_ENABLE_MODULES = YES;
				CLANG_ENABLE_OBJC_ARC = YES;
				CLANG_WARN_BOOL_CONVERSION = YES;
				CLANG_WARN_CONSTANT_CONVERSION = YES;
				CLANG_WARN_DIRECT_OBJC_ISA_USAGE = YES_ERROR;
				CLANG_WARN_EMPTY_BODY = YES;
				CLANG_WARN_ENUM_CONVERSION = YES;
				CLANG_WARN_INT_CONVERSION = YES;
				CLANG_WARN_OBJC_ROOT_CLASS = YES_ERROR;
				CLANG_WARN_UNREACHABLE_CODE = YES;
				CLANG_WARN__DUPLICATE_METHOD_MATCH = YES;
				COPY_PHASE_STRIP = NO;
				CURRENT_PROJECT_VERSION = 1;
				DEBUG_INFORMATION_FORMAT = "dwarf-with-dsym";
				ENABLE_NS_ASSERTIONS = NO;
				ENABLE_STRICT_OBJC_MSGSEND = YES;
				GCC_C_LANGUAGE_STANDARD = gnu99;
				GCC_NO_COMMON_BLOCKS = YES;
				GCC_WARN_64_TO_32_BIT_CONVERSION = YES;
				GCC_WARN_ABOUT_RETURN_TYPE = YES_ERROR;
				GCC_WARN_UNDECLARED_SELECTOR = YES;
				GCC_WARN_UNINITIALIZED_AUTOS = YES_AGGRESSIVE;
				GCC_WARN_UNUSED_FUNCTION = YES;
				GCC_WARN_UNUSED_VARIABLE = YES;
				MACOSX_DEPLOYMENT_TARGET = 10.10;
				MTL_ENABLE_DEBUG_INFO = NO;
				SDKROOT = macosx;
				VERSIONING_SYSTEM = "apple-generic";
				VERSION_INFO_PREFIX = "";
			};
			name = Release;
		};
		057664A71B6D797B0058CDAB /* Debug */ = {
			isa = XCBuildConfiguration;
			buildSettings = {
				CLANG_ENABLE_MODULES = YES;
				COMBINE_HIDPI_IMAGES = YES;
				DEFINES_MODULE = YES;
				DYLIB_COMPATIBILITY_VERSION = 1;
				DYLIB_CURRENT_VERSION = 1;
				DYLIB_INSTALL_NAME_BASE = "@rpath";
				FRAMEWORK_VERSION = A;
				GCC_OPTIMIZATION_LEVEL = 2;
				INFOPLIST_FILE = Info.plist;
				INSTALL_PATH = "$(HOME)/Library/Frameworks";
				LD_RUNPATH_SEARCH_PATHS = "$(inherited) @executable_path/../Frameworks @loader_path/Frameworks";
				PRODUCT_BUNDLE_IDENTIFIER = "steel-wheels-project.$(PRODUCT_NAME:rfc1034identifier)";
				PRODUCT_NAME = KCConsoleView;
				SKIP_INSTALL = NO;
				SWIFT_OPTIMIZATION_LEVEL = "-O";
			};
			name = Debug;
		};
		057664A81B6D797B0058CDAB /* Release */ = {
			isa = XCBuildConfiguration;
			buildSettings = {
				CLANG_ENABLE_MODULES = YES;
				COMBINE_HIDPI_IMAGES = YES;
				DEFINES_MODULE = YES;
				DYLIB_COMPATIBILITY_VERSION = 1;
				DYLIB_CURRENT_VERSION = 1;
				DYLIB_INSTALL_NAME_BASE = "@rpath";
				FRAMEWORK_VERSION = A;
				GCC_OPTIMIZATION_LEVEL = 2;
				INFOPLIST_FILE = Info.plist;
				INSTALL_PATH = "$(HOME)/Library/Frameworks";
				LD_RUNPATH_SEARCH_PATHS = "$(inherited) @executable_path/../Frameworks @loader_path/Frameworks";
				PRODUCT_BUNDLE_IDENTIFIER = "steel-wheels-project.$(PRODUCT_NAME:rfc1034identifier)";
				PRODUCT_NAME = KCConsoleView;
				SKIP_INSTALL = NO;
				SWIFT_OPTIMIZATION_LEVEL = "-O";
			};
			name = Release;
		};
		05C4F8B11B6E39BD008B0189 /* Debug */ = {
			isa = XCBuildConfiguration;
			buildSettings = {
				DEBUGGING_SYMBOLS = YES;
				GCC_GENERATE_DEBUGGING_SYMBOLS = YES;
				GCC_OPTIMIZATION_LEVEL = 0;
				GCC_PREPROCESSOR_DEFINITIONS = (
					"DEBUG=1",
					"$(inherited)",
				);
				OTHER_CFLAGS = "";
				OTHER_LDFLAGS = "";
				PRODUCT_NAME = "$(TARGET_NAME)";
			};
			name = Debug;
		};
		05C4F8B21B6E39BD008B0189 /* Release */ = {
			isa = XCBuildConfiguration;
			buildSettings = {
				OTHER_CFLAGS = "";
				OTHER_LDFLAGS = "";
				PRODUCT_NAME = "$(TARGET_NAME)";
			};
			name = Release;
		};
		05F7E20E1B6E3AEE001E6F33 /* Debug */ = {
			isa = XCBuildConfiguration;
			buildSettings = {
				ASSETCATALOG_COMPILER_APPICON_NAME = AppIcon;
				CODE_SIGN_IDENTITY = "-";
				COMBINE_HIDPI_IMAGES = YES;
				FRAMEWORK_SEARCH_PATHS = (
					"$(inherited)",
					"$(USER_LIBRARY_DIR)/Frameworks",
				);
				GCC_PREPROCESSOR_DEFINITIONS = (
					"DEBUG=1",
					"$(inherited)",
				);
				INFOPLIST_FILE = ../UnitTest/OSX/Info.plist;
				LD_RUNPATH_SEARCH_PATHS = "$(inherited) @executable_path/../Frameworks";
				PRODUCT_BUNDLE_IDENTIFIER = "steel-wheels-project.$(PRODUCT_NAME:rfc1034identifier)";
				PRODUCT_NAME = "$(TARGET_NAME)";
			};
			name = Debug;
		};
		05F7E20F1B6E3AEE001E6F33 /* Release */ = {
			isa = XCBuildConfiguration;
			buildSettings = {
				ASSETCATALOG_COMPILER_APPICON_NAME = AppIcon;
				CODE_SIGN_IDENTITY = "-";
				COMBINE_HIDPI_IMAGES = YES;
				FRAMEWORK_SEARCH_PATHS = (
					"$(inherited)",
					"$(USER_LIBRARY_DIR)/Frameworks",
				);
				INFOPLIST_FILE = ../UnitTest/OSX/Info.plist;
				LD_RUNPATH_SEARCH_PATHS = "$(inherited) @executable_path/../Frameworks";
				PRODUCT_BUNDLE_IDENTIFIER = "steel-wheels-project.$(PRODUCT_NAME:rfc1034identifier)";
				PRODUCT_NAME = "$(TARGET_NAME)";
			};
			name = Release;
		};
/* End XCBuildConfiguration section */

/* Begin XCConfigurationList section */
		0576648A1B6D797B0058CDAB /* Build configuration list for PBXProject "KCConsoleView" */ = {
			isa = XCConfigurationList;
			buildConfigurations = (
				057664A41B6D797B0058CDAB /* Debug */,
				057664A51B6D797B0058CDAB /* Release */,
			);
			defaultConfigurationIsVisible = 0;
			defaultConfigurationName = Release;
		};
		057664A61B6D797B0058CDAB /* Build configuration list for PBXNativeTarget "KCConsoleView" */ = {
			isa = XCConfigurationList;
			buildConfigurations = (
				057664A71B6D797B0058CDAB /* Debug */,
				057664A81B6D797B0058CDAB /* Release */,
			);
			defaultConfigurationIsVisible = 0;
			defaultConfigurationName = Release;
		};
		05C4F8B01B6E39BD008B0189 /* Build configuration list for PBXLegacyTarget "Install" */ = {
			isa = XCConfigurationList;
			buildConfigurations = (
				05C4F8B11B6E39BD008B0189 /* Debug */,
				05C4F8B21B6E39BD008B0189 /* Release */,
			);
			defaultConfigurationIsVisible = 0;
			defaultConfigurationName = Release;
		};
		05F7E2121B6E3AEE001E6F33 /* Build configuration list for PBXNativeTarget "UTConsoleView" */ = {
			isa = XCConfigurationList;
			buildConfigurations = (
				05F7E20E1B6E3AEE001E6F33 /* Debug */,
				05F7E20F1B6E3AEE001E6F33 /* Release */,
			);
			defaultConfigurationIsVisible = 0;
			defaultConfigurationName = Release;
		};
/* End XCConfigurationList section */
	};
	rootObject = 057664871B6D797B0058CDAB /* Project object */;
}
