// !$*UTF8*$!
{
	archiveVersion = 1;
	classes = {
	};
	objectVersion = 46;
	objects = {

/* Begin PBXBuildFile section */
		0501F7A11E12D78400B68A98 /* KCCheckBoxCore.xib in Resources */ = {isa = PBXBuildFile; fileRef = 0501F7A01E12D78400B68A98 /* KCCheckBoxCore.xib */; };
		0501F7A31E12D84300B68A98 /* KCCheckBoxCore.swift in Sources */ = {isa = PBXBuildFile; fileRef = 0501F7A21E12D84300B68A98 /* KCCheckBoxCore.swift */; };
		0501F7A51E12D93700B68A98 /* KCCheckBox.swift in Sources */ = {isa = PBXBuildFile; fileRef = 0501F7A41E12D93700B68A98 /* KCCheckBox.swift */; };
		0504EE391D8E9D3900D20B55 /* KiwiControls.framework in Frameworks */ = {isa = PBXBuildFile; fileRef = 0504EE381D8E9D3900D20B55 /* KiwiControls.framework */; };
		050E30D31E0D48F60076EBF1 /* UTState.swift in Sources */ = {isa = PBXBuildFile; fileRef = 050E30D21E0D48F60076EBF1 /* UTState.swift */; };
		050E30D41E0D49B90076EBF1 /* KiwiControls.framework in Frameworks */ = {isa = PBXBuildFile; fileRef = 0504EE381D8E9D3900D20B55 /* KiwiControls.framework */; };
		050E30D51E0D49BD0076EBF1 /* KiwiGraphics.framework in Frameworks */ = {isa = PBXBuildFile; fileRef = 056DDBC71D96A00C007A8677 /* KiwiGraphics.framework */; };
		051847C51E0DD4F700671A2D /* KCStepperCore.xib in Resources */ = {isa = PBXBuildFile; fileRef = 051847C41E0DD4F700671A2D /* KCStepperCore.xib */; };
		051847C71E0DD53E00671A2D /* KCStepperCore.swift in Sources */ = {isa = PBXBuildFile; fileRef = 051847C61E0DD53E00671A2D /* KCStepperCore.swift */; };
		051847C91E0DD76F00671A2D /* KCStepper.swift in Sources */ = {isa = PBXBuildFile; fileRef = 051847C81E0DD76F00671A2D /* KCStepper.swift */; };
		05386D471D8570A4004B8DDF /* KCAlert.swift in Sources */ = {isa = PBXBuildFile; fileRef = 05386D411D8570A4004B8DDF /* KCAlert.swift */; };
		05386D481D8570A4004B8DDF /* KCTableView.swift in Sources */ = {isa = PBXBuildFile; fileRef = 05386D421D8570A4004B8DDF /* KCTableView.swift */; };
		05386D491D8570A4004B8DDF /* KCTextFieldDelegate.swift in Sources */ = {isa = PBXBuildFile; fileRef = 05386D431D8570A4004B8DDF /* KCTextFieldDelegate.swift */; };
		05386D4A1D8570A4004B8DDF /* KCView.swift in Sources */ = {isa = PBXBuildFile; fileRef = 05386D441D8570A4004B8DDF /* KCView.swift */; };
		05386D4B1D8570A4004B8DDF /* KCViewController.swift in Sources */ = {isa = PBXBuildFile; fileRef = 05386D451D8570A4004B8DDF /* KCViewController.swift */; };
		05386D591D858603004B8DDF /* KCLayerView.swift in Sources */ = {isa = PBXBuildFile; fileRef = 05386D581D858603004B8DDF /* KCLayerView.swift */; };
		053B67E91D96135B00A153F8 /* AppDelegate.swift in Sources */ = {isa = PBXBuildFile; fileRef = 053B67E81D96135B00A153F8 /* AppDelegate.swift */; };
		053B67EB1D96135B00A153F8 /* ViewController.swift in Sources */ = {isa = PBXBuildFile; fileRef = 053B67EA1D96135B00A153F8 /* ViewController.swift */; };
		053B67ED1D96135B00A153F8 /* Assets.xcassets in Resources */ = {isa = PBXBuildFile; fileRef = 053B67EC1D96135B00A153F8 /* Assets.xcassets */; };
		053B67F01D96135B00A153F8 /* Main.storyboard in Resources */ = {isa = PBXBuildFile; fileRef = 053B67EE1D96135B00A153F8 /* Main.storyboard */; };
		054983E61DDF519400C66782 /* AppDelegate.swift in Sources */ = {isa = PBXBuildFile; fileRef = 054983E51DDF519400C66782 /* AppDelegate.swift */; };
		054983E81DDF519400C66782 /* ViewController.swift in Sources */ = {isa = PBXBuildFile; fileRef = 054983E71DDF519400C66782 /* ViewController.swift */; };
		054983EA1DDF519400C66782 /* Assets.xcassets in Resources */ = {isa = PBXBuildFile; fileRef = 054983E91DDF519400C66782 /* Assets.xcassets */; };
		054983ED1DDF519400C66782 /* Main.storyboard in Resources */ = {isa = PBXBuildFile; fileRef = 054983EB1DDF519400C66782 /* Main.storyboard */; };
		055674CB1DFB963B00794510 /* KCGraphicsView.swift in Sources */ = {isa = PBXBuildFile; fileRef = 055674CA1DFB963B00794510 /* KCGraphicsView.swift */; };
		05648A691D8EB1A500EABCD0 /* ViewController.swift in Sources */ = {isa = PBXBuildFile; fileRef = 05648A681D8EB1A500EABCD0 /* ViewController.swift */; };
		05648A6C1D8EB1B100EABCD0 /* Main.storyboard in Resources */ = {isa = PBXBuildFile; fileRef = 05648A6A1D8EB1B100EABCD0 /* Main.storyboard */; };
		056DDBC61D969FF4007A8677 /* KiwiControls.framework in Frameworks */ = {isa = PBXBuildFile; fileRef = 0504EE381D8E9D3900D20B55 /* KiwiControls.framework */; };
		056DDBC81D96A00C007A8677 /* KiwiGraphics.framework in Frameworks */ = {isa = PBXBuildFile; fileRef = 056DDBC71D96A00C007A8677 /* KiwiGraphics.framework */; };
		056DDBC91D96A014007A8677 /* KiwiGraphics.framework in Frameworks */ = {isa = PBXBuildFile; fileRef = 056DDBC71D96A00C007A8677 /* KiwiGraphics.framework */; };
		056DDBCA1D96A015007A8677 /* KiwiGraphics.framework in Frameworks */ = {isa = PBXBuildFile; fileRef = 056DDBC71D96A00C007A8677 /* KiwiGraphics.framework */; };
		057A34981E0C1E3E0071F20A /* KCStateObserver.swift in Sources */ = {isa = PBXBuildFile; fileRef = 057A34971E0C1E3E0071F20A /* KCStateObserver.swift */; };
		057E16B01E11886100EC4DF6 /* KCButtonCore.xib in Resources */ = {isa = PBXBuildFile; fileRef = 057E16AF1E11886100EC4DF6 /* KCButtonCore.xib */; };
		057E16B21E1189D900EC4DF6 /* KCButtonCore.swift in Sources */ = {isa = PBXBuildFile; fileRef = 057E16B11E1189D900EC4DF6 /* KCButtonCore.swift */; };
		0584E7601DEADFDE007E33C3 /* KiwiControls.framework in Frameworks */ = {isa = PBXBuildFile; fileRef = 05043C1C1D856F910033FEC6 /* KiwiControls.framework */; };
		0584E7611DEADFE3007E33C3 /* KiwiGraphics.framework in Frameworks */ = {isa = PBXBuildFile; fileRef = 056DDBC71D96A00C007A8677 /* KiwiGraphics.framework */; };
		058A953F1DF08E47003C47CD /* KiwiControls.framework in Frameworks */ = {isa = PBXBuildFile; fileRef = 05043C1C1D856F910033FEC6 /* KiwiControls.framework */; };
		05931FDD1DEF28C200B25543 /* AppDelegate.swift in Sources */ = {isa = PBXBuildFile; fileRef = 05931FDC1DEF28C200B25543 /* AppDelegate.swift */; };
		05931FDF1DEF28C200B25543 /* ViewController.swift in Sources */ = {isa = PBXBuildFile; fileRef = 05931FDE1DEF28C200B25543 /* ViewController.swift */; };
		05931FE11DEF28C200B25543 /* Assets.xcassets in Resources */ = {isa = PBXBuildFile; fileRef = 05931FE01DEF28C200B25543 /* Assets.xcassets */; };
		05931FE41DEF28C200B25543 /* Main.storyboard in Resources */ = {isa = PBXBuildFile; fileRef = 05931FE21DEF28C200B25543 /* Main.storyboard */; };
		05978CC11E2228380023640E /* KCTextFieldCore.xib in Resources */ = {isa = PBXBuildFile; fileRef = 05978CC01E2228380023640E /* KCTextFieldCore.xib */; };
		05978CC41E2228510023640E /* KCTextField.swift in Sources */ = {isa = PBXBuildFile; fileRef = 05978CC21E2228510023640E /* KCTextField.swift */; };
		0598D5781DE180D50098C5B8 /* KCBackgroundLayer.swift in Sources */ = {isa = PBXBuildFile; fileRef = 0598D5731DE180D50098C5B8 /* KCBackgroundLayer.swift */; };
		0598D5791DE180D50098C5B8 /* KCImageDrawerLayer.swift in Sources */ = {isa = PBXBuildFile; fileRef = 0598D5741DE180D50098C5B8 /* KCImageDrawerLayer.swift */; };
		0598D57A1DE180D50098C5B8 /* KCLayer.swift in Sources */ = {isa = PBXBuildFile; fileRef = 0598D5751DE180D50098C5B8 /* KCLayer.swift */; };
		0598D57B1DE180D50098C5B8 /* KCRepetitiveLayer.swift in Sources */ = {isa = PBXBuildFile; fileRef = 0598D5761DE180D50098C5B8 /* KCRepetitiveLayer.swift */; };
		0598D57C1DE180D50098C5B8 /* KCStrokeEditorLayer.swift in Sources */ = {isa = PBXBuildFile; fileRef = 0598D5771DE180D50098C5B8 /* KCStrokeEditorLayer.swift */; };
		05A03C0A1E1EAB5300156321 /* KCButtonBody.swift in Sources */ = {isa = PBXBuildFile; fileRef = 05A03C091E1EAB5300156321 /* KCButtonBody.swift */; };
		05ACEF591E0C2C3C009F10A7 /* KCButton.swift in Sources */ = {isa = PBXBuildFile; fileRef = 05ACEF581E0C2C3C009F10A7 /* KCButton.swift */; };
		05ACEF611E0C3317009F10A7 /* AppDelegate.swift in Sources */ = {isa = PBXBuildFile; fileRef = 05ACEF601E0C3317009F10A7 /* AppDelegate.swift */; };
		05ACEF631E0C3317009F10A7 /* ViewController.swift in Sources */ = {isa = PBXBuildFile; fileRef = 05ACEF621E0C3317009F10A7 /* ViewController.swift */; };
		05ACEF651E0C3317009F10A7 /* Assets.xcassets in Resources */ = {isa = PBXBuildFile; fileRef = 05ACEF641E0C3317009F10A7 /* Assets.xcassets */; };
		05ACEF681E0C3317009F10A7 /* Main.storyboard in Resources */ = {isa = PBXBuildFile; fileRef = 05ACEF661E0C3317009F10A7 /* Main.storyboard */; };
		05B03B7F1E223194001656A0 /* KCTextFieldCore.swift in Sources */ = {isa = PBXBuildFile; fileRef = 05978CC31E2228510023640E /* KCTextFieldCore.swift */; };
		05BCED101D8E67FE00EBEA0B /* AppDelegate.swift in Sources */ = {isa = PBXBuildFile; fileRef = 05BCED0F1D8E67FE00EBEA0B /* AppDelegate.swift */; };
		05BCED141D8E67FE00EBEA0B /* Assets.xcassets in Resources */ = {isa = PBXBuildFile; fileRef = 05BCED131D8E67FE00EBEA0B /* Assets.xcassets */; };
		05C20D5C1DEADEDE007EF254 /* AppDelegate.swift in Sources */ = {isa = PBXBuildFile; fileRef = 05C20D5B1DEADEDE007EF254 /* AppDelegate.swift */; };
		05C20D5E1DEADEDE007EF254 /* ViewController.swift in Sources */ = {isa = PBXBuildFile; fileRef = 05C20D5D1DEADEDE007EF254 /* ViewController.swift */; };
		05C20D601DEADEDE007EF254 /* Assets.xcassets in Resources */ = {isa = PBXBuildFile; fileRef = 05C20D5F1DEADEDE007EF254 /* Assets.xcassets */; };
		05C20D631DEADEDE007EF254 /* Main.storyboard in Resources */ = {isa = PBXBuildFile; fileRef = 05C20D611DEADEDE007EF254 /* Main.storyboard */; };
		05CBCF3E1DDF53A2007E16F9 /* KiwiGraphics.framework in Frameworks */ = {isa = PBXBuildFile; fileRef = 056DDBC71D96A00C007A8677 /* KiwiGraphics.framework */; };
		05D10C5A1DEDEFC700210470 /* KCTimer.swift in Sources */ = {isa = PBXBuildFile; fileRef = 05D10C591DEDEFC700210470 /* KCTimer.swift */; };
		05FB742B1E40E7BA00B7A2C6 /* KCStrokeDrawerLayer.swift in Sources */ = {isa = PBXBuildFile; fileRef = 05FB742A1E40E7BA00B7A2C6 /* KCStrokeDrawerLayer.swift */; };
/* End PBXBuildFile section */

/* Begin PBXContainerItemProxy section */
		0504EE271D8E685F00D20B55 /* PBXContainerItemProxy */ = {
			isa = PBXContainerItemProxy;
			containerPortal = 05043C131D856F910033FEC6 /* Project object */;
			proxyType = 1;
			remoteGlobalIDString = 05386D4F1D857F77004B8DDF;
			remoteInfo = Install;
		};
		05386D531D857F7F004B8DDF /* PBXContainerItemProxy */ = {
			isa = PBXContainerItemProxy;
			containerPortal = 05043C131D856F910033FEC6 /* Project object */;
			proxyType = 1;
			remoteGlobalIDString = 05043C1B1D856F910033FEC6;
			remoteInfo = KiwiControls;
		};
		053B67F51D96136700A153F8 /* PBXContainerItemProxy */ = {
			isa = PBXContainerItemProxy;
			containerPortal = 05043C131D856F910033FEC6 /* Project object */;
			proxyType = 1;
			remoteGlobalIDString = 05386D4F1D857F77004B8DDF;
			remoteInfo = Install;
		};
		054983F21DDF519F00C66782 /* PBXContainerItemProxy */ = {
			isa = PBXContainerItemProxy;
			containerPortal = 05043C131D856F910033FEC6 /* Project object */;
			proxyType = 1;
			remoteGlobalIDString = 05386D4F1D857F77004B8DDF;
			remoteInfo = Install;
		};
		0584E75E1DEADF4B007E33C3 /* PBXContainerItemProxy */ = {
			isa = PBXContainerItemProxy;
			containerPortal = 05043C131D856F910033FEC6 /* Project object */;
			proxyType = 1;
			remoteGlobalIDString = 05386D4F1D857F77004B8DDF;
			remoteInfo = Install;
		};
		058A95401DF08E5C003C47CD /* PBXContainerItemProxy */ = {
			isa = PBXContainerItemProxy;
			containerPortal = 05043C131D856F910033FEC6 /* Project object */;
			proxyType = 1;
			remoteGlobalIDString = 05386D4F1D857F77004B8DDF;
			remoteInfo = Install;
		};
		05ACEF6D1E0C3320009F10A7 /* PBXContainerItemProxy */ = {
			isa = PBXContainerItemProxy;
			containerPortal = 05043C131D856F910033FEC6 /* Project object */;
			proxyType = 1;
			remoteGlobalIDString = 05386D4F1D857F77004B8DDF;
			remoteInfo = Install;
		};
/* End PBXContainerItemProxy section */

/* Begin PBXCopyFilesBuildPhase section */
		0504EE331D8E79F600D20B55 /* CopyFiles */ = {
			isa = PBXCopyFilesBuildPhase;
			buildActionMask = 2147483647;
			dstPath = "";
			dstSubfolderSpec = 7;
			files = (
			);
			runOnlyForDeploymentPostprocessing = 0;
		};
/* End PBXCopyFilesBuildPhase section */

/* Begin PBXFileReference section */
		0501F7A01E12D78400B68A98 /* KCCheckBoxCore.xib */ = {isa = PBXFileReference; fileEncoding = 4; lastKnownFileType = file.xib; path = KCCheckBoxCore.xib; sourceTree = "<group>"; };
		0501F7A21E12D84300B68A98 /* KCCheckBoxCore.swift */ = {isa = PBXFileReference; fileEncoding = 4; lastKnownFileType = sourcecode.swift; name = KCCheckBoxCore.swift; path = Controls/KCCheckBoxCore.swift; sourceTree = "<group>"; };
		0501F7A41E12D93700B68A98 /* KCCheckBox.swift */ = {isa = PBXFileReference; fileEncoding = 4; lastKnownFileType = sourcecode.swift; name = KCCheckBox.swift; path = Controls/KCCheckBox.swift; sourceTree = "<group>"; };
		05043C1C1D856F910033FEC6 /* KiwiControls.framework */ = {isa = PBXFileReference; explicitFileType = wrapper.framework; includeInIndex = 0; path = KiwiControls.framework; sourceTree = BUILT_PRODUCTS_DIR; };
		05043C201D856F910033FEC6 /* Info.plist */ = {isa = PBXFileReference; lastKnownFileType = text.plist.xml; path = Info.plist; sourceTree = "<group>"; };
		0504EE381D8E9D3900D20B55 /* KiwiControls.framework */ = {isa = PBXFileReference; lastKnownFileType = wrapper.framework; name = KiwiControls.framework; path = /Users/tomoo/Project/KiwiControls/UnitTest/../../../Library/Frameworks/KiwiControls.framework; sourceTree = "<absolute>"; };
		050E30D21E0D48F60076EBF1 /* UTState.swift */ = {isa = PBXFileReference; fileEncoding = 4; lastKnownFileType = sourcecode.swift; path = UTState.swift; sourceTree = "<group>"; };
		051847C41E0DD4F700671A2D /* KCStepperCore.xib */ = {isa = PBXFileReference; fileEncoding = 4; lastKnownFileType = file.xib; path = KCStepperCore.xib; sourceTree = "<group>"; };
		051847C61E0DD53E00671A2D /* KCStepperCore.swift */ = {isa = PBXFileReference; fileEncoding = 4; lastKnownFileType = sourcecode.swift; name = KCStepperCore.swift; path = Controls/KCStepperCore.swift; sourceTree = "<group>"; };
		051847C81E0DD76F00671A2D /* KCStepper.swift */ = {isa = PBXFileReference; fileEncoding = 4; lastKnownFileType = sourcecode.swift; name = KCStepper.swift; path = Controls/KCStepper.swift; sourceTree = "<group>"; };
		052711741D8FBAD500AB7531 /* install_osx.mk */ = {isa = PBXFileReference; fileEncoding = 4; lastKnownFileType = file; name = install_osx.mk; path = ../Script/install_osx.mk; sourceTree = "<group>"; };
		05386D411D8570A4004B8DDF /* KCAlert.swift */ = {isa = PBXFileReference; fileEncoding = 4; lastKnownFileType = sourcecode.swift; path = KCAlert.swift; sourceTree = "<group>"; };
		05386D421D8570A4004B8DDF /* KCTableView.swift */ = {isa = PBXFileReference; fileEncoding = 4; lastKnownFileType = sourcecode.swift; path = KCTableView.swift; sourceTree = "<group>"; };
		05386D431D8570A4004B8DDF /* KCTextFieldDelegate.swift */ = {isa = PBXFileReference; fileEncoding = 4; lastKnownFileType = sourcecode.swift; path = KCTextFieldDelegate.swift; sourceTree = "<group>"; };
		05386D441D8570A4004B8DDF /* KCView.swift */ = {isa = PBXFileReference; fileEncoding = 4; lastKnownFileType = sourcecode.swift; path = KCView.swift; sourceTree = "<group>"; };
		05386D451D8570A4004B8DDF /* KCViewController.swift */ = {isa = PBXFileReference; fileEncoding = 4; lastKnownFileType = sourcecode.swift; path = KCViewController.swift; sourceTree = "<group>"; };
		05386D581D858603004B8DDF /* KCLayerView.swift */ = {isa = PBXFileReference; fileEncoding = 4; lastKnownFileType = sourcecode.swift; path = KCLayerView.swift; sourceTree = "<group>"; };
		053B67E61D96135B00A153F8 /* UTGraphicsDrawer.app */ = {isa = PBXFileReference; explicitFileType = wrapper.application; includeInIndex = 0; path = UTGraphicsDrawer.app; sourceTree = BUILT_PRODUCTS_DIR; };
		053B67E81D96135B00A153F8 /* AppDelegate.swift */ = {isa = PBXFileReference; lastKnownFileType = sourcecode.swift; path = AppDelegate.swift; sourceTree = "<group>"; };
		053B67EA1D96135B00A153F8 /* ViewController.swift */ = {isa = PBXFileReference; lastKnownFileType = sourcecode.swift; path = ViewController.swift; sourceTree = "<group>"; };
		053B67EC1D96135B00A153F8 /* Assets.xcassets */ = {isa = PBXFileReference; lastKnownFileType = folder.assetcatalog; path = Assets.xcassets; sourceTree = "<group>"; };
		053B67EF1D96135B00A153F8 /* Base */ = {isa = PBXFileReference; lastKnownFileType = file.storyboard; name = Base; path = Base.lproj/Main.storyboard; sourceTree = "<group>"; };
		053B67F11D96135B00A153F8 /* Info.plist */ = {isa = PBXFileReference; lastKnownFileType = text.plist.xml; path = Info.plist; sourceTree = "<group>"; };
		054983E31DDF519400C66782 /* UTLayer.app */ = {isa = PBXFileReference; explicitFileType = wrapper.application; includeInIndex = 0; path = UTLayer.app; sourceTree = BUILT_PRODUCTS_DIR; };
		054983E51DDF519400C66782 /* AppDelegate.swift */ = {isa = PBXFileReference; lastKnownFileType = sourcecode.swift; path = AppDelegate.swift; sourceTree = "<group>"; };
		054983E71DDF519400C66782 /* ViewController.swift */ = {isa = PBXFileReference; lastKnownFileType = sourcecode.swift; path = ViewController.swift; sourceTree = "<group>"; };
		054983E91DDF519400C66782 /* Assets.xcassets */ = {isa = PBXFileReference; lastKnownFileType = folder.assetcatalog; path = Assets.xcassets; sourceTree = "<group>"; };
		054983EC1DDF519400C66782 /* Base */ = {isa = PBXFileReference; lastKnownFileType = file.storyboard; name = Base; path = Base.lproj/Main.storyboard; sourceTree = "<group>"; };
		054983EE1DDF519400C66782 /* Info.plist */ = {isa = PBXFileReference; lastKnownFileType = text.plist.xml; path = Info.plist; sourceTree = "<group>"; };
		055674CA1DFB963B00794510 /* KCGraphicsView.swift */ = {isa = PBXFileReference; fileEncoding = 4; lastKnownFileType = sourcecode.swift; path = KCGraphicsView.swift; sourceTree = "<group>"; };
		05648A681D8EB1A500EABCD0 /* ViewController.swift */ = {isa = PBXFileReference; fileEncoding = 4; lastKnownFileType = sourcecode.swift; path = ViewController.swift; sourceTree = "<group>"; };
		05648A6B1D8EB1B100EABCD0 /* Base */ = {isa = PBXFileReference; lastKnownFileType = file.storyboard; name = Base; path = Base.lproj/Main.storyboard; sourceTree = "<group>"; };
		056DDBC71D96A00C007A8677 /* KiwiGraphics.framework */ = {isa = PBXFileReference; lastKnownFileType = wrapper.framework; name = KiwiGraphics.framework; path = ../../../Library/Frameworks/KiwiGraphics.framework; sourceTree = "<group>"; };
		057A34971E0C1E3E0071F20A /* KCStateObserver.swift */ = {isa = PBXFileReference; fileEncoding = 4; lastKnownFileType = sourcecode.swift; path = KCStateObserver.swift; sourceTree = "<group>"; };
		057E16AF1E11886100EC4DF6 /* KCButtonCore.xib */ = {isa = PBXFileReference; fileEncoding = 4; lastKnownFileType = file.xib; path = KCButtonCore.xib; sourceTree = "<group>"; };
		057E16B11E1189D900EC4DF6 /* KCButtonCore.swift */ = {isa = PBXFileReference; fileEncoding = 4; lastKnownFileType = sourcecode.swift; name = KCButtonCore.swift; path = Controls/KCButtonCore.swift; sourceTree = "<group>"; };
		05931FDA1DEF28C200B25543 /* UTCountDownTimer.app */ = {isa = PBXFileReference; explicitFileType = wrapper.application; includeInIndex = 0; path = UTCountDownTimer.app; sourceTree = BUILT_PRODUCTS_DIR; };
		05931FDC1DEF28C200B25543 /* AppDelegate.swift */ = {isa = PBXFileReference; lastKnownFileType = sourcecode.swift; path = AppDelegate.swift; sourceTree = "<group>"; };
		05931FDE1DEF28C200B25543 /* ViewController.swift */ = {isa = PBXFileReference; lastKnownFileType = sourcecode.swift; path = ViewController.swift; sourceTree = "<group>"; };
		05931FE01DEF28C200B25543 /* Assets.xcassets */ = {isa = PBXFileReference; lastKnownFileType = folder.assetcatalog; path = Assets.xcassets; sourceTree = "<group>"; };
		05931FE31DEF28C200B25543 /* Base */ = {isa = PBXFileReference; lastKnownFileType = file.storyboard; name = Base; path = Base.lproj/Main.storyboard; sourceTree = "<group>"; };
		05931FE51DEF28C200B25543 /* Info.plist */ = {isa = PBXFileReference; lastKnownFileType = text.plist.xml; path = Info.plist; sourceTree = "<group>"; };
		05978CC01E2228380023640E /* KCTextFieldCore.xib */ = {isa = PBXFileReference; fileEncoding = 4; lastKnownFileType = file.xib; path = KCTextFieldCore.xib; sourceTree = "<group>"; };
		05978CC21E2228510023640E /* KCTextField.swift */ = {isa = PBXFileReference; fileEncoding = 4; lastKnownFileType = sourcecode.swift; name = KCTextField.swift; path = Controls/KCTextField.swift; sourceTree = "<group>"; };
		05978CC31E2228510023640E /* KCTextFieldCore.swift */ = {isa = PBXFileReference; fileEncoding = 4; lastKnownFileType = sourcecode.swift; name = KCTextFieldCore.swift; path = Controls/KCTextFieldCore.swift; sourceTree = "<group>"; };
		0598D5731DE180D50098C5B8 /* KCBackgroundLayer.swift */ = {isa = PBXFileReference; fileEncoding = 4; lastKnownFileType = sourcecode.swift; path = KCBackgroundLayer.swift; sourceTree = "<group>"; };
		0598D5741DE180D50098C5B8 /* KCImageDrawerLayer.swift */ = {isa = PBXFileReference; fileEncoding = 4; lastKnownFileType = sourcecode.swift; path = KCImageDrawerLayer.swift; sourceTree = "<group>"; };
		0598D5751DE180D50098C5B8 /* KCLayer.swift */ = {isa = PBXFileReference; fileEncoding = 4; lastKnownFileType = sourcecode.swift; path = KCLayer.swift; sourceTree = "<group>"; };
		0598D5761DE180D50098C5B8 /* KCRepetitiveLayer.swift */ = {isa = PBXFileReference; fileEncoding = 4; lastKnownFileType = sourcecode.swift; path = KCRepetitiveLayer.swift; sourceTree = "<group>"; };
		0598D5771DE180D50098C5B8 /* KCStrokeEditorLayer.swift */ = {isa = PBXFileReference; fileEncoding = 4; lastKnownFileType = sourcecode.swift; path = KCStrokeEditorLayer.swift; sourceTree = "<group>"; };
		05A03C091E1EAB5300156321 /* KCButtonBody.swift */ = {isa = PBXFileReference; fileEncoding = 4; lastKnownFileType = sourcecode.swift; path = KCButtonBody.swift; sourceTree = "<group>"; };
		05ACEF581E0C2C3C009F10A7 /* KCButton.swift */ = {isa = PBXFileReference; fileEncoding = 4; lastKnownFileType = sourcecode.swift; name = KCButton.swift; path = Controls/KCButton.swift; sourceTree = "<group>"; };
		05ACEF5E1E0C3317009F10A7 /* UTControl.app */ = {isa = PBXFileReference; explicitFileType = wrapper.application; includeInIndex = 0; path = UTControl.app; sourceTree = BUILT_PRODUCTS_DIR; };
		05ACEF601E0C3317009F10A7 /* AppDelegate.swift */ = {isa = PBXFileReference; lastKnownFileType = sourcecode.swift; path = AppDelegate.swift; sourceTree = "<group>"; };
		05ACEF621E0C3317009F10A7 /* ViewController.swift */ = {isa = PBXFileReference; lastKnownFileType = sourcecode.swift; path = ViewController.swift; sourceTree = "<group>"; };
		05ACEF641E0C3317009F10A7 /* Assets.xcassets */ = {isa = PBXFileReference; lastKnownFileType = folder.assetcatalog; path = Assets.xcassets; sourceTree = "<group>"; };
		05ACEF671E0C3317009F10A7 /* Base */ = {isa = PBXFileReference; lastKnownFileType = file.storyboard; name = Base; path = Base.lproj/Main.storyboard; sourceTree = "<group>"; };
		05ACEF691E0C3317009F10A7 /* Info.plist */ = {isa = PBXFileReference; lastKnownFileType = text.plist.xml; path = Info.plist; sourceTree = "<group>"; };
		05BCED0D1D8E67FE00EBEA0B /* UTGraphicsView.app */ = {isa = PBXFileReference; explicitFileType = wrapper.application; includeInIndex = 0; path = UTGraphicsView.app; sourceTree = BUILT_PRODUCTS_DIR; };
		05BCED0F1D8E67FE00EBEA0B /* AppDelegate.swift */ = {isa = PBXFileReference; lastKnownFileType = sourcecode.swift; path = AppDelegate.swift; sourceTree = "<group>"; };
		05BCED131D8E67FE00EBEA0B /* Assets.xcassets */ = {isa = PBXFileReference; lastKnownFileType = folder.assetcatalog; path = Assets.xcassets; sourceTree = "<group>"; };
		05BCED181D8E67FE00EBEA0B /* Info.plist */ = {isa = PBXFileReference; lastKnownFileType = text.plist.xml; path = Info.plist; sourceTree = "<group>"; };
		05C20D591DEADEDE007EF254 /* UTGraphicsEditor.app */ = {isa = PBXFileReference; explicitFileType = wrapper.application; includeInIndex = 0; path = UTGraphicsEditor.app; sourceTree = BUILT_PRODUCTS_DIR; };
		05C20D5B1DEADEDE007EF254 /* AppDelegate.swift */ = {isa = PBXFileReference; lastKnownFileType = sourcecode.swift; path = AppDelegate.swift; sourceTree = "<group>"; };
		05C20D5D1DEADEDE007EF254 /* ViewController.swift */ = {isa = PBXFileReference; lastKnownFileType = sourcecode.swift; path = ViewController.swift; sourceTree = "<group>"; };
		05C20D5F1DEADEDE007EF254 /* Assets.xcassets */ = {isa = PBXFileReference; lastKnownFileType = folder.assetcatalog; path = Assets.xcassets; sourceTree = "<group>"; };
		05C20D621DEADEDE007EF254 /* Base */ = {isa = PBXFileReference; lastKnownFileType = file.storyboard; name = Base; path = Base.lproj/Main.storyboard; sourceTree = "<group>"; };
		05C20D641DEADEDE007EF254 /* Info.plist */ = {isa = PBXFileReference; lastKnownFileType = text.plist.xml; path = Info.plist; sourceTree = "<group>"; };
		05D10C591DEDEFC700210470 /* KCTimer.swift */ = {isa = PBXFileReference; fileEncoding = 4; lastKnownFileType = sourcecode.swift; path = KCTimer.swift; sourceTree = "<group>"; };
		05FB742A1E40E7BA00B7A2C6 /* KCStrokeDrawerLayer.swift */ = {isa = PBXFileReference; fileEncoding = 4; lastKnownFileType = sourcecode.swift; path = KCStrokeDrawerLayer.swift; sourceTree = "<group>"; };
/* End PBXFileReference section */

/* Begin PBXFrameworksBuildPhase section */
		05043C181D856F910033FEC6 /* Frameworks */ = {
			isa = PBXFrameworksBuildPhase;
			buildActionMask = 2147483647;
			files = (
				056DDBC81D96A00C007A8677 /* KiwiGraphics.framework in Frameworks */,
			);
			runOnlyForDeploymentPostprocessing = 0;
		};
		053B67E31D96135B00A153F8 /* Frameworks */ = {
			isa = PBXFrameworksBuildPhase;
			buildActionMask = 2147483647;
			files = (
				056DDBC61D969FF4007A8677 /* KiwiControls.framework in Frameworks */,
				056DDBCA1D96A015007A8677 /* KiwiGraphics.framework in Frameworks */,
			);
			runOnlyForDeploymentPostprocessing = 0;
		};
		054983E01DDF519400C66782 /* Frameworks */ = {
			isa = PBXFrameworksBuildPhase;
			buildActionMask = 2147483647;
			files = (
				05CBCF3E1DDF53A2007E16F9 /* KiwiGraphics.framework in Frameworks */,
			);
			runOnlyForDeploymentPostprocessing = 0;
		};
		05931FD71DEF28C200B25543 /* Frameworks */ = {
			isa = PBXFrameworksBuildPhase;
			buildActionMask = 2147483647;
			files = (
				058A953F1DF08E47003C47CD /* KiwiControls.framework in Frameworks */,
			);
			runOnlyForDeploymentPostprocessing = 0;
		};
		05ACEF5B1E0C3317009F10A7 /* Frameworks */ = {
			isa = PBXFrameworksBuildPhase;
			buildActionMask = 2147483647;
			files = (
				050E30D41E0D49B90076EBF1 /* KiwiControls.framework in Frameworks */,
				050E30D51E0D49BD0076EBF1 /* KiwiGraphics.framework in Frameworks */,
			);
			runOnlyForDeploymentPostprocessing = 0;
		};
		05BCED0A1D8E67FE00EBEA0B /* Frameworks */ = {
			isa = PBXFrameworksBuildPhase;
			buildActionMask = 2147483647;
			files = (
				0504EE391D8E9D3900D20B55 /* KiwiControls.framework in Frameworks */,
				056DDBC91D96A014007A8677 /* KiwiGraphics.framework in Frameworks */,
			);
			runOnlyForDeploymentPostprocessing = 0;
		};
		05C20D561DEADEDE007EF254 /* Frameworks */ = {
			isa = PBXFrameworksBuildPhase;
			buildActionMask = 2147483647;
			files = (
				0584E7601DEADFDE007E33C3 /* KiwiControls.framework in Frameworks */,
				0584E7611DEADFE3007E33C3 /* KiwiGraphics.framework in Frameworks */,
			);
			runOnlyForDeploymentPostprocessing = 0;
		};
/* End PBXFrameworksBuildPhase section */

/* Begin PBXGroup section */
		05043C121D856F910033FEC6 = {
			isa = PBXGroup;
			children = (
				05386D3F1D857009004B8DDF /* Source */,
				0569CCDC1D85CCA2005412C7 /* UnitTest */,
				05043C1E1D856F910033FEC6 /* KiwiControls */,
				05043C1D1D856F910033FEC6 /* Products */,
			);
			sourceTree = "<group>";
		};
		05043C1D1D856F910033FEC6 /* Products */ = {
			isa = PBXGroup;
			children = (
				05043C1C1D856F910033FEC6 /* KiwiControls.framework */,
				05BCED0D1D8E67FE00EBEA0B /* UTGraphicsView.app */,
				053B67E61D96135B00A153F8 /* UTGraphicsDrawer.app */,
				054983E31DDF519400C66782 /* UTLayer.app */,
				05C20D591DEADEDE007EF254 /* UTGraphicsEditor.app */,
				05931FDA1DEF28C200B25543 /* UTCountDownTimer.app */,
				05ACEF5E1E0C3317009F10A7 /* UTControl.app */,
			);
			name = Products;
			sourceTree = "<group>";
		};
		05043C1E1D856F910033FEC6 /* KiwiControls */ = {
			isa = PBXGroup;
			children = (
				052711741D8FBAD500AB7531 /* install_osx.mk */,
				05043C201D856F910033FEC6 /* Info.plist */,
			);
			path = KiwiControls;
			sourceTree = "<group>";
		};
		051847C31E0DD46200671A2D /* OSX */ = {
			isa = PBXGroup;
			children = (
				051847C41E0DD4F700671A2D /* KCStepperCore.xib */,
				057E16AF1E11886100EC4DF6 /* KCButtonCore.xib */,
				0501F7A01E12D78400B68A98 /* KCCheckBoxCore.xib */,
				05A03C091E1EAB5300156321 /* KCButtonBody.swift */,
				05978CC01E2228380023640E /* KCTextFieldCore.xib */,
			);
			name = OSX;
			path = Controls/OSX;
			sourceTree = "<group>";
		};
		05386D3F1D857009004B8DDF /* Source */ = {
			isa = PBXGroup;
			children = (
				05386D401D85708E004B8DDF /* Basic */,
				05ACEF571E0C2BC9009F10A7 /* Controls */,
				055674C91DFB960100794510 /* GraphicsView */,
				05386D571D8585AC004B8DDF /* LayerView */,
				05D10C581DEDEFA300210470 /* Timer */,
			);
			name = Source;
			path = ../Source;
			sourceTree = SOURCE_ROOT;
		};
		05386D401D85708E004B8DDF /* Basic */ = {
			isa = PBXGroup;
			children = (
				05386D411D8570A4004B8DDF /* KCAlert.swift */,
				05386D421D8570A4004B8DDF /* KCTableView.swift */,
				05386D431D8570A4004B8DDF /* KCTextFieldDelegate.swift */,
				05386D441D8570A4004B8DDF /* KCView.swift */,
				05386D451D8570A4004B8DDF /* KCViewController.swift */,
				057A34971E0C1E3E0071F20A /* KCStateObserver.swift */,
			);
			path = Basic;
			sourceTree = "<group>";
		};
		05386D571D8585AC004B8DDF /* LayerView */ = {
			isa = PBXGroup;
			children = (
				05386D581D858603004B8DDF /* KCLayerView.swift */,
				0598D5751DE180D50098C5B8 /* KCLayer.swift */,
				0598D5731DE180D50098C5B8 /* KCBackgroundLayer.swift */,
				0598D5741DE180D50098C5B8 /* KCImageDrawerLayer.swift */,
				0598D5761DE180D50098C5B8 /* KCRepetitiveLayer.swift */,
				05FB742A1E40E7BA00B7A2C6 /* KCStrokeDrawerLayer.swift */,
				0598D5771DE180D50098C5B8 /* KCStrokeEditorLayer.swift */,
			);
			path = LayerView;
			sourceTree = "<group>";
		};
		053B67E71D96135B00A153F8 /* UTGraphicsDrawer */ = {
			isa = PBXGroup;
			children = (
				053B67E81D96135B00A153F8 /* AppDelegate.swift */,
				053B67EA1D96135B00A153F8 /* ViewController.swift */,
				053B67EC1D96135B00A153F8 /* Assets.xcassets */,
				053B67EE1D96135B00A153F8 /* Main.storyboard */,
				053B67F11D96135B00A153F8 /* Info.plist */,
			);
			name = UTGraphicsDrawer;
			path = OSX/UTGraphicsDrawer;
			sourceTree = "<group>";
		};
		054983E41DDF519400C66782 /* UTLayer */ = {
			isa = PBXGroup;
			children = (
				054983E51DDF519400C66782 /* AppDelegate.swift */,
				054983E71DDF519400C66782 /* ViewController.swift */,
				054983E91DDF519400C66782 /* Assets.xcassets */,
				054983EB1DDF519400C66782 /* Main.storyboard */,
				054983EE1DDF519400C66782 /* Info.plist */,
			);
			name = UTLayer;
			path = OSX/UTLayer;
			sourceTree = "<group>";
		};
		055674C91DFB960100794510 /* GraphicsView */ = {
			isa = PBXGroup;
			children = (
				055674CA1DFB963B00794510 /* KCGraphicsView.swift */,
			);
			path = GraphicsView;
			sourceTree = "<group>";
		};
		0569CCDC1D85CCA2005412C7 /* UnitTest */ = {
			isa = PBXGroup;
			children = (
				054983E41DDF519400C66782 /* UTLayer */,
				05BCED0E1D8E67FE00EBEA0B /* UTGraphicsView */,
				053B67E71D96135B00A153F8 /* UTGraphicsDrawer */,
				05C20D5A1DEADEDE007EF254 /* UTGraphicsEditor */,
				05931FDB1DEF28C200B25543 /* UTCountDownTimer */,
				05ACEF5F1E0C3317009F10A7 /* UTControl */,
				0504EE381D8E9D3900D20B55 /* KiwiControls.framework */,
				056DDBC71D96A00C007A8677 /* KiwiGraphics.framework */,
			);
			name = UnitTest;
			path = ../UnitTest;
			sourceTree = "<group>";
		};
		05931FDB1DEF28C200B25543 /* UTCountDownTimer */ = {
			isa = PBXGroup;
			children = (
				05931FDC1DEF28C200B25543 /* AppDelegate.swift */,
				05931FDE1DEF28C200B25543 /* ViewController.swift */,
				05931FE01DEF28C200B25543 /* Assets.xcassets */,
				05931FE21DEF28C200B25543 /* Main.storyboard */,
				05931FE51DEF28C200B25543 /* Info.plist */,
			);
			name = UTCountDownTimer;
			path = OSX/UTCountDownTimer;
			sourceTree = "<group>";
		};
		05ACEF571E0C2BC9009F10A7 /* Controls */ = {
			isa = PBXGroup;
			children = (
				051847C31E0DD46200671A2D /* OSX */,
				05ACEF581E0C2C3C009F10A7 /* KCButton.swift */,
				057E16B11E1189D900EC4DF6 /* KCButtonCore.swift */,
				0501F7A41E12D93700B68A98 /* KCCheckBox.swift */,
				0501F7A21E12D84300B68A98 /* KCCheckBoxCore.swift */,
				051847C81E0DD76F00671A2D /* KCStepper.swift */,
				051847C61E0DD53E00671A2D /* KCStepperCore.swift */,
				05978CC21E2228510023640E /* KCTextField.swift */,
				05978CC31E2228510023640E /* KCTextFieldCore.swift */,
			);
			name = Controls;
			sourceTree = "<group>";
		};
		05ACEF5F1E0C3317009F10A7 /* UTControl */ = {
			isa = PBXGroup;
			children = (
				05ACEF601E0C3317009F10A7 /* AppDelegate.swift */,
				05ACEF621E0C3317009F10A7 /* ViewController.swift */,
				050E30D21E0D48F60076EBF1 /* UTState.swift */,
				05ACEF641E0C3317009F10A7 /* Assets.xcassets */,
				05ACEF661E0C3317009F10A7 /* Main.storyboard */,
				05ACEF691E0C3317009F10A7 /* Info.plist */,
			);
			name = UTControl;
			path = OSX/UTControl;
			sourceTree = "<group>";
		};
		05BCED0E1D8E67FE00EBEA0B /* UTGraphicsView */ = {
			isa = PBXGroup;
			children = (
				05648A6A1D8EB1B100EABCD0 /* Main.storyboard */,
				05648A681D8EB1A500EABCD0 /* ViewController.swift */,
				05BCED0F1D8E67FE00EBEA0B /* AppDelegate.swift */,
				05BCED131D8E67FE00EBEA0B /* Assets.xcassets */,
				05BCED181D8E67FE00EBEA0B /* Info.plist */,
			);
			name = UTGraphicsView;
			path = OSX/UTGraphicsView;
			sourceTree = "<group>";
		};
		05C20D5A1DEADEDE007EF254 /* UTGraphicsEditor */ = {
			isa = PBXGroup;
			children = (
				05C20D5B1DEADEDE007EF254 /* AppDelegate.swift */,
				05C20D5D1DEADEDE007EF254 /* ViewController.swift */,
				05C20D5F1DEADEDE007EF254 /* Assets.xcassets */,
				05C20D611DEADEDE007EF254 /* Main.storyboard */,
				05C20D641DEADEDE007EF254 /* Info.plist */,
			);
			name = UTGraphicsEditor;
			path = OSX/UTGraphicsEditor;
			sourceTree = "<group>";
		};
		05D10C581DEDEFA300210470 /* Timer */ = {
			isa = PBXGroup;
			children = (
				05D10C591DEDEFC700210470 /* KCTimer.swift */,
			);
			path = Timer;
			sourceTree = "<group>";
		};
/* End PBXGroup section */

/* Begin PBXHeadersBuildPhase section */
		05043C191D856F910033FEC6 /* Headers */ = {
			isa = PBXHeadersBuildPhase;
			buildActionMask = 2147483647;
			files = (
			);
			runOnlyForDeploymentPostprocessing = 0;
		};
/* End PBXHeadersBuildPhase section */

/* Begin PBXLegacyTarget section */
		05386D4F1D857F77004B8DDF /* Install */ = {
			isa = PBXLegacyTarget;
			buildArgumentsString = "-f ../Script/install_osx.mk";
			buildConfigurationList = 05386D501D857F77004B8DDF /* Build configuration list for PBXLegacyTarget "Install" */;
			buildPhases = (
			);
			buildToolPath = /usr/bin/make;
			buildWorkingDirectory = "";
			dependencies = (
				05386D541D857F7F004B8DDF /* PBXTargetDependency */,
			);
			name = Install;
			passBuildSettingsInEnvironment = 1;
			productName = Install;
		};
/* End PBXLegacyTarget section */

/* Begin PBXNativeTarget section */
		05043C1B1D856F910033FEC6 /* KiwiControls */ = {
			isa = PBXNativeTarget;
			buildConfigurationList = 05043C241D856F910033FEC6 /* Build configuration list for PBXNativeTarget "KiwiControls" */;
			buildPhases = (
				05043C171D856F910033FEC6 /* Sources */,
				05043C181D856F910033FEC6 /* Frameworks */,
				05043C191D856F910033FEC6 /* Headers */,
				05043C1A1D856F910033FEC6 /* Resources */,
			);
			buildRules = (
			);
			dependencies = (
			);
			name = KiwiControls;
			productName = KiwiControls;
			productReference = 05043C1C1D856F910033FEC6 /* KiwiControls.framework */;
			productType = "com.apple.product-type.framework";
		};
		053B67E51D96135B00A153F8 /* UTGraphicsDrawer */ = {
			isa = PBXNativeTarget;
			buildConfigurationList = 053B67F41D96135B00A153F8 /* Build configuration list for PBXNativeTarget "UTGraphicsDrawer" */;
			buildPhases = (
				053B67E21D96135B00A153F8 /* Sources */,
				053B67E31D96135B00A153F8 /* Frameworks */,
				053B67E41D96135B00A153F8 /* Resources */,
			);
			buildRules = (
			);
			dependencies = (
				053B67F61D96136700A153F8 /* PBXTargetDependency */,
			);
			name = UTGraphicsDrawer;
			productName = UTGraphicsDrawer;
			productReference = 053B67E61D96135B00A153F8 /* UTGraphicsDrawer.app */;
			productType = "com.apple.product-type.application";
		};
		054983E21DDF519400C66782 /* UTLayer */ = {
			isa = PBXNativeTarget;
			buildConfigurationList = 054983F11DDF519400C66782 /* Build configuration list for PBXNativeTarget "UTLayer" */;
			buildPhases = (
				054983DF1DDF519400C66782 /* Sources */,
				054983E01DDF519400C66782 /* Frameworks */,
				054983E11DDF519400C66782 /* Resources */,
			);
			buildRules = (
			);
			dependencies = (
				054983F31DDF519F00C66782 /* PBXTargetDependency */,
			);
			name = UTLayer;
			productName = UTLayer;
			productReference = 054983E31DDF519400C66782 /* UTLayer.app */;
			productType = "com.apple.product-type.application";
		};
		05931FD91DEF28C200B25543 /* UTCountDownTimer */ = {
			isa = PBXNativeTarget;
			buildConfigurationList = 05931FE81DEF28C200B25543 /* Build configuration list for PBXNativeTarget "UTCountDownTimer" */;
			buildPhases = (
				05931FD61DEF28C200B25543 /* Sources */,
				05931FD71DEF28C200B25543 /* Frameworks */,
				05931FD81DEF28C200B25543 /* Resources */,
			);
			buildRules = (
			);
			dependencies = (
				058A95411DF08E5C003C47CD /* PBXTargetDependency */,
			);
			name = UTCountDownTimer;
			productName = UTCountDownTimer;
			productReference = 05931FDA1DEF28C200B25543 /* UTCountDownTimer.app */;
			productType = "com.apple.product-type.application";
		};
		05ACEF5D1E0C3317009F10A7 /* UTControl */ = {
			isa = PBXNativeTarget;
			buildConfigurationList = 05ACEF6A1E0C3317009F10A7 /* Build configuration list for PBXNativeTarget "UTControl" */;
			buildPhases = (
				05ACEF5A1E0C3317009F10A7 /* Sources */,
				05ACEF5B1E0C3317009F10A7 /* Frameworks */,
				05ACEF5C1E0C3317009F10A7 /* Resources */,
			);
			buildRules = (
			);
			dependencies = (
				05ACEF6E1E0C3320009F10A7 /* PBXTargetDependency */,
			);
			name = UTControl;
			productName = UTControl;
			productReference = 05ACEF5E1E0C3317009F10A7 /* UTControl.app */;
			productType = "com.apple.product-type.application";
		};
		05BCED0C1D8E67FE00EBEA0B /* UTGraphicsView */ = {
			isa = PBXNativeTarget;
			buildConfigurationList = 05BCED191D8E67FE00EBEA0B /* Build configuration list for PBXNativeTarget "UTGraphicsView" */;
			buildPhases = (
				05BCED091D8E67FE00EBEA0B /* Sources */,
				05BCED0A1D8E67FE00EBEA0B /* Frameworks */,
				05BCED0B1D8E67FE00EBEA0B /* Resources */,
				0504EE331D8E79F600D20B55 /* CopyFiles */,
			);
			buildRules = (
			);
			dependencies = (
				0504EE281D8E685F00D20B55 /* PBXTargetDependency */,
			);
			name = UTGraphicsView;
			productName = UTGraphicsView;
			productReference = 05BCED0D1D8E67FE00EBEA0B /* UTGraphicsView.app */;
			productType = "com.apple.product-type.application";
		};
		05C20D581DEADEDE007EF254 /* UTGraphicsEditor */ = {
			isa = PBXNativeTarget;
			buildConfigurationList = 05C20D671DEADEDE007EF254 /* Build configuration list for PBXNativeTarget "UTGraphicsEditor" */;
			buildPhases = (
				05C20D551DEADEDE007EF254 /* Sources */,
				05C20D561DEADEDE007EF254 /* Frameworks */,
				05C20D571DEADEDE007EF254 /* Resources */,
			);
			buildRules = (
			);
			dependencies = (
				0584E75F1DEADF4B007E33C3 /* PBXTargetDependency */,
			);
			name = UTGraphicsEditor;
			productName = UTGraphicsEditor;
			productReference = 05C20D591DEADEDE007EF254 /* UTGraphicsEditor.app */;
			productType = "com.apple.product-type.application";
		};
/* End PBXNativeTarget section */

/* Begin PBXProject section */
		05043C131D856F910033FEC6 /* Project object */ = {
			isa = PBXProject;
			attributes = {
				LastSwiftUpdateCheck = 0820;
				LastUpgradeCheck = 0810;
				ORGANIZATIONNAME = "Steel Wheels Project";
				TargetAttributes = {
					05043C1B1D856F910033FEC6 = {
						CreatedOnToolsVersion = 8.0;
						DevelopmentTeam = TR2DNF3P93;
						LastSwiftMigration = 0800;
						ProvisioningStyle = Automatic;
					};
					05386D4F1D857F77004B8DDF = {
						CreatedOnToolsVersion = 8.0;
						DevelopmentTeam = TR2DNF3P93;
						ProvisioningStyle = Automatic;
					};
					053B67E51D96135B00A153F8 = {
						CreatedOnToolsVersion = 8.0;
						DevelopmentTeam = TR2DNF3P93;
						ProvisioningStyle = Automatic;
					};
					054983E21DDF519400C66782 = {
						CreatedOnToolsVersion = 8.1;
						DevelopmentTeam = TR2DNF3P93;
						ProvisioningStyle = Automatic;
					};
					05931FD91DEF28C200B25543 = {
						CreatedOnToolsVersion = 8.1;
						DevelopmentTeam = TR2DNF3P93;
						ProvisioningStyle = Automatic;
					};
					05ACEF5D1E0C3317009F10A7 = {
						CreatedOnToolsVersion = 8.2.1;
						DevelopmentTeam = TR2DNF3P93;
						ProvisioningStyle = Automatic;
					};
					05BCED0C1D8E67FE00EBEA0B = {
						CreatedOnToolsVersion = 8.0;
						DevelopmentTeam = TR2DNF3P93;
						ProvisioningStyle = Automatic;
					};
					05C20D581DEADEDE007EF254 = {
						CreatedOnToolsVersion = 8.1;
						DevelopmentTeam = TR2DNF3P93;
						ProvisioningStyle = Automatic;
					};
				};
			};
			buildConfigurationList = 05043C161D856F910033FEC6 /* Build configuration list for PBXProject "KiwiControls" */;
			compatibilityVersion = "Xcode 3.2";
			developmentRegion = English;
			hasScannedForEncodings = 0;
			knownRegions = (
				en,
				Base,
			);
			mainGroup = 05043C121D856F910033FEC6;
			productRefGroup = 05043C1D1D856F910033FEC6 /* Products */;
			projectDirPath = "";
			projectRoot = "";
			targets = (
				05043C1B1D856F910033FEC6 /* KiwiControls */,
				05386D4F1D857F77004B8DDF /* Install */,
				05BCED0C1D8E67FE00EBEA0B /* UTGraphicsView */,
				053B67E51D96135B00A153F8 /* UTGraphicsDrawer */,
				054983E21DDF519400C66782 /* UTLayer */,
				05C20D581DEADEDE007EF254 /* UTGraphicsEditor */,
				05931FD91DEF28C200B25543 /* UTCountDownTimer */,
				05ACEF5D1E0C3317009F10A7 /* UTControl */,
			);
		};
/* End PBXProject section */

/* Begin PBXResourcesBuildPhase section */
		05043C1A1D856F910033FEC6 /* Resources */ = {
			isa = PBXResourcesBuildPhase;
			buildActionMask = 2147483647;
			files = (
				05978CC11E2228380023640E /* KCTextFieldCore.xib in Resources */,
				057E16B01E11886100EC4DF6 /* KCButtonCore.xib in Resources */,
				0501F7A11E12D78400B68A98 /* KCCheckBoxCore.xib in Resources */,
				051847C51E0DD4F700671A2D /* KCStepperCore.xib in Resources */,
			);
			runOnlyForDeploymentPostprocessing = 0;
		};
		053B67E41D96135B00A153F8 /* Resources */ = {
			isa = PBXResourcesBuildPhase;
			buildActionMask = 2147483647;
			files = (
				053B67ED1D96135B00A153F8 /* Assets.xcassets in Resources */,
				053B67F01D96135B00A153F8 /* Main.storyboard in Resources */,
			);
			runOnlyForDeploymentPostprocessing = 0;
		};
		054983E11DDF519400C66782 /* Resources */ = {
			isa = PBXResourcesBuildPhase;
			buildActionMask = 2147483647;
			files = (
				054983EA1DDF519400C66782 /* Assets.xcassets in Resources */,
				054983ED1DDF519400C66782 /* Main.storyboard in Resources */,
			);
			runOnlyForDeploymentPostprocessing = 0;
		};
		05931FD81DEF28C200B25543 /* Resources */ = {
			isa = PBXResourcesBuildPhase;
			buildActionMask = 2147483647;
			files = (
				05931FE11DEF28C200B25543 /* Assets.xcassets in Resources */,
				05931FE41DEF28C200B25543 /* Main.storyboard in Resources */,
			);
			runOnlyForDeploymentPostprocessing = 0;
		};
		05ACEF5C1E0C3317009F10A7 /* Resources */ = {
			isa = PBXResourcesBuildPhase;
			buildActionMask = 2147483647;
			files = (
				05ACEF651E0C3317009F10A7 /* Assets.xcassets in Resources */,
				05ACEF681E0C3317009F10A7 /* Main.storyboard in Resources */,
			);
			runOnlyForDeploymentPostprocessing = 0;
		};
		05BCED0B1D8E67FE00EBEA0B /* Resources */ = {
			isa = PBXResourcesBuildPhase;
			buildActionMask = 2147483647;
			files = (
				05BCED141D8E67FE00EBEA0B /* Assets.xcassets in Resources */,
				05648A6C1D8EB1B100EABCD0 /* Main.storyboard in Resources */,
			);
			runOnlyForDeploymentPostprocessing = 0;
		};
		05C20D571DEADEDE007EF254 /* Resources */ = {
			isa = PBXResourcesBuildPhase;
			buildActionMask = 2147483647;
			files = (
				05C20D601DEADEDE007EF254 /* Assets.xcassets in Resources */,
				05C20D631DEADEDE007EF254 /* Main.storyboard in Resources */,
			);
			runOnlyForDeploymentPostprocessing = 0;
		};
/* End PBXResourcesBuildPhase section */

/* Begin PBXSourcesBuildPhase section */
		05043C171D856F910033FEC6 /* Sources */ = {
			isa = PBXSourcesBuildPhase;
			buildActionMask = 2147483647;
			files = (
				0598D57B1DE180D50098C5B8 /* KCRepetitiveLayer.swift in Sources */,
				05386D4B1D8570A4004B8DDF /* KCViewController.swift in Sources */,
				05386D4A1D8570A4004B8DDF /* KCView.swift in Sources */,
				05386D491D8570A4004B8DDF /* KCTextFieldDelegate.swift in Sources */,
				05386D471D8570A4004B8DDF /* KCAlert.swift in Sources */,
				051847C91E0DD76F00671A2D /* KCStepper.swift in Sources */,
				0598D5791DE180D50098C5B8 /* KCImageDrawerLayer.swift in Sources */,
				05B03B7F1E223194001656A0 /* KCTextFieldCore.swift in Sources */,
				057A34981E0C1E3E0071F20A /* KCStateObserver.swift in Sources */,
				05978CC41E2228510023640E /* KCTextField.swift in Sources */,
				051847C71E0DD53E00671A2D /* KCStepperCore.swift in Sources */,
				05386D481D8570A4004B8DDF /* KCTableView.swift in Sources */,
				0598D57C1DE180D50098C5B8 /* KCStrokeEditorLayer.swift in Sources */,
				05ACEF591E0C2C3C009F10A7 /* KCButton.swift in Sources */,
				055674CB1DFB963B00794510 /* KCGraphicsView.swift in Sources */,
				05386D591D858603004B8DDF /* KCLayerView.swift in Sources */,
				0501F7A51E12D93700B68A98 /* KCCheckBox.swift in Sources */,
				05D10C5A1DEDEFC700210470 /* KCTimer.swift in Sources */,
				0598D57A1DE180D50098C5B8 /* KCLayer.swift in Sources */,
				057E16B21E1189D900EC4DF6 /* KCButtonCore.swift in Sources */,
				05FB742B1E40E7BA00B7A2C6 /* KCStrokeDrawerLayer.swift in Sources */,
				05A03C0A1E1EAB5300156321 /* KCButtonBody.swift in Sources */,
				0501F7A31E12D84300B68A98 /* KCCheckBoxCore.swift in Sources */,
				0598D5781DE180D50098C5B8 /* KCBackgroundLayer.swift in Sources */,
			);
			runOnlyForDeploymentPostprocessing = 0;
		};
		053B67E21D96135B00A153F8 /* Sources */ = {
			isa = PBXSourcesBuildPhase;
			buildActionMask = 2147483647;
			files = (
				053B67EB1D96135B00A153F8 /* ViewController.swift in Sources */,
				053B67E91D96135B00A153F8 /* AppDelegate.swift in Sources */,
			);
			runOnlyForDeploymentPostprocessing = 0;
		};
		054983DF1DDF519400C66782 /* Sources */ = {
			isa = PBXSourcesBuildPhase;
			buildActionMask = 2147483647;
			files = (
				054983E81DDF519400C66782 /* ViewController.swift in Sources */,
				054983E61DDF519400C66782 /* AppDelegate.swift in Sources */,
			);
			runOnlyForDeploymentPostprocessing = 0;
		};
		05931FD61DEF28C200B25543 /* Sources */ = {
			isa = PBXSourcesBuildPhase;
			buildActionMask = 2147483647;
			files = (
				05931FDF1DEF28C200B25543 /* ViewController.swift in Sources */,
				05931FDD1DEF28C200B25543 /* AppDelegate.swift in Sources */,
			);
			runOnlyForDeploymentPostprocessing = 0;
		};
		05ACEF5A1E0C3317009F10A7 /* Sources */ = {
			isa = PBXSourcesBuildPhase;
			buildActionMask = 2147483647;
			files = (
				05ACEF631E0C3317009F10A7 /* ViewController.swift in Sources */,
				05ACEF611E0C3317009F10A7 /* AppDelegate.swift in Sources */,
				050E30D31E0D48F60076EBF1 /* UTState.swift in Sources */,
			);
			runOnlyForDeploymentPostprocessing = 0;
		};
		05BCED091D8E67FE00EBEA0B /* Sources */ = {
			isa = PBXSourcesBuildPhase;
			buildActionMask = 2147483647;
			files = (
				05648A691D8EB1A500EABCD0 /* ViewController.swift in Sources */,
				05BCED101D8E67FE00EBEA0B /* AppDelegate.swift in Sources */,
			);
			runOnlyForDeploymentPostprocessing = 0;
		};
		05C20D551DEADEDE007EF254 /* Sources */ = {
			isa = PBXSourcesBuildPhase;
			buildActionMask = 2147483647;
			files = (
				05C20D5E1DEADEDE007EF254 /* ViewController.swift in Sources */,
				05C20D5C1DEADEDE007EF254 /* AppDelegate.swift in Sources */,
			);
			runOnlyForDeploymentPostprocessing = 0;
		};
/* End PBXSourcesBuildPhase section */

/* Begin PBXTargetDependency section */
		0504EE281D8E685F00D20B55 /* PBXTargetDependency */ = {
			isa = PBXTargetDependency;
			target = 05386D4F1D857F77004B8DDF /* Install */;
			targetProxy = 0504EE271D8E685F00D20B55 /* PBXContainerItemProxy */;
		};
		05386D541D857F7F004B8DDF /* PBXTargetDependency */ = {
			isa = PBXTargetDependency;
			target = 05043C1B1D856F910033FEC6 /* KiwiControls */;
			targetProxy = 05386D531D857F7F004B8DDF /* PBXContainerItemProxy */;
		};
		053B67F61D96136700A153F8 /* PBXTargetDependency */ = {
			isa = PBXTargetDependency;
			target = 05386D4F1D857F77004B8DDF /* Install */;
			targetProxy = 053B67F51D96136700A153F8 /* PBXContainerItemProxy */;
		};
		054983F31DDF519F00C66782 /* PBXTargetDependency */ = {
			isa = PBXTargetDependency;
			target = 05386D4F1D857F77004B8DDF /* Install */;
			targetProxy = 054983F21DDF519F00C66782 /* PBXContainerItemProxy */;
		};
		0584E75F1DEADF4B007E33C3 /* PBXTargetDependency */ = {
			isa = PBXTargetDependency;
			target = 05386D4F1D857F77004B8DDF /* Install */;
			targetProxy = 0584E75E1DEADF4B007E33C3 /* PBXContainerItemProxy */;
		};
		058A95411DF08E5C003C47CD /* PBXTargetDependency */ = {
			isa = PBXTargetDependency;
			target = 05386D4F1D857F77004B8DDF /* Install */;
			targetProxy = 058A95401DF08E5C003C47CD /* PBXContainerItemProxy */;
		};
		05ACEF6E1E0C3320009F10A7 /* PBXTargetDependency */ = {
			isa = PBXTargetDependency;
			target = 05386D4F1D857F77004B8DDF /* Install */;
			targetProxy = 05ACEF6D1E0C3320009F10A7 /* PBXContainerItemProxy */;
		};
/* End PBXTargetDependency section */

/* Begin PBXVariantGroup section */
		053B67EE1D96135B00A153F8 /* Main.storyboard */ = {
			isa = PBXVariantGroup;
			children = (
				053B67EF1D96135B00A153F8 /* Base */,
			);
			name = Main.storyboard;
			sourceTree = "<group>";
		};
		054983EB1DDF519400C66782 /* Main.storyboard */ = {
			isa = PBXVariantGroup;
			children = (
				054983EC1DDF519400C66782 /* Base */,
			);
			name = Main.storyboard;
			sourceTree = "<group>";
		};
		05648A6A1D8EB1B100EABCD0 /* Main.storyboard */ = {
			isa = PBXVariantGroup;
			children = (
				05648A6B1D8EB1B100EABCD0 /* Base */,
			);
			name = Main.storyboard;
			sourceTree = "<group>";
		};
		05931FE21DEF28C200B25543 /* Main.storyboard */ = {
			isa = PBXVariantGroup;
			children = (
				05931FE31DEF28C200B25543 /* Base */,
			);
			name = Main.storyboard;
			sourceTree = "<group>";
		};
		05ACEF661E0C3317009F10A7 /* Main.storyboard */ = {
			isa = PBXVariantGroup;
			children = (
				05ACEF671E0C3317009F10A7 /* Base */,
			);
			name = Main.storyboard;
			sourceTree = "<group>";
		};
		05C20D611DEADEDE007EF254 /* Main.storyboard */ = {
			isa = PBXVariantGroup;
			children = (
				05C20D621DEADEDE007EF254 /* Base */,
			);
			name = Main.storyboard;
			sourceTree = "<group>";
		};
/* End PBXVariantGroup section */

/* Begin XCBuildConfiguration section */
		05043C221D856F910033FEC6 /* Debug */ = {
			isa = XCBuildConfiguration;
			buildSettings = {
				ALWAYS_SEARCH_USER_PATHS = NO;
				CLANG_ANALYZER_NONNULL = YES;
				CLANG_CXX_LANGUAGE_STANDARD = "gnu++0x";
				CLANG_CXX_LIBRARY = "libc++";
				CLANG_ENABLE_MODULES = YES;
				CLANG_ENABLE_OBJC_ARC = YES;
				CLANG_WARN_BOOL_CONVERSION = YES;
				CLANG_WARN_CONSTANT_CONVERSION = YES;
				CLANG_WARN_DIRECT_OBJC_ISA_USAGE = YES_ERROR;
				CLANG_WARN_DOCUMENTATION_COMMENTS = YES;
				CLANG_WARN_EMPTY_BODY = YES;
				CLANG_WARN_ENUM_CONVERSION = YES;
				CLANG_WARN_INFINITE_RECURSION = YES;
				CLANG_WARN_INT_CONVERSION = YES;
				CLANG_WARN_OBJC_ROOT_CLASS = YES_ERROR;
				CLANG_WARN_SUSPICIOUS_MOVE = YES;
				CLANG_WARN_SUSPICIOUS_MOVES = YES;
				CLANG_WARN_UNREACHABLE_CODE = YES;
				CLANG_WARN__DUPLICATE_METHOD_MATCH = YES;
				CODE_SIGN_IDENTITY = "-";
				COPY_PHASE_STRIP = NO;
				CURRENT_PROJECT_VERSION = 1;
				DEBUG_INFORMATION_FORMAT = dwarf;
				ENABLE_STRICT_OBJC_MSGSEND = YES;
				ENABLE_TESTABILITY = YES;
				GCC_C_LANGUAGE_STANDARD = gnu99;
				GCC_DYNAMIC_NO_PIC = NO;
				GCC_NO_COMMON_BLOCKS = YES;
				GCC_OPTIMIZATION_LEVEL = 0;
				GCC_PREPROCESSOR_DEFINITIONS = (
					"DEBUG=1",
					"$(inherited)",
				);
				GCC_WARN_64_TO_32_BIT_CONVERSION = YES;
				GCC_WARN_ABOUT_RETURN_TYPE = YES_ERROR;
				GCC_WARN_UNDECLARED_SELECTOR = YES;
				GCC_WARN_UNINITIALIZED_AUTOS = YES_AGGRESSIVE;
				GCC_WARN_UNUSED_FUNCTION = YES;
				GCC_WARN_UNUSED_VARIABLE = YES;
				MACOSX_DEPLOYMENT_TARGET = 10.11;
				MTL_ENABLE_DEBUG_INFO = YES;
				ONLY_ACTIVE_ARCH = YES;
				SDKROOT = macosx;
				SWIFT_ACTIVE_COMPILATION_CONDITIONS = DEBUG;
				SWIFT_OPTIMIZATION_LEVEL = "-Onone";
				VERSIONING_SYSTEM = "apple-generic";
				VERSION_INFO_PREFIX = "";
			};
			name = Debug;
		};
		05043C231D856F910033FEC6 /* Release */ = {
			isa = XCBuildConfiguration;
			buildSettings = {
				ALWAYS_SEARCH_USER_PATHS = NO;
				CLANG_ANALYZER_NONNULL = YES;
				CLANG_CXX_LANGUAGE_STANDARD = "gnu++0x";
				CLANG_CXX_LIBRARY = "libc++";
				CLANG_ENABLE_MODULES = YES;
				CLANG_ENABLE_OBJC_ARC = YES;
				CLANG_WARN_BOOL_CONVERSION = YES;
				CLANG_WARN_CONSTANT_CONVERSION = YES;
				CLANG_WARN_DIRECT_OBJC_ISA_USAGE = YES_ERROR;
				CLANG_WARN_DOCUMENTATION_COMMENTS = YES;
				CLANG_WARN_EMPTY_BODY = YES;
				CLANG_WARN_ENUM_CONVERSION = YES;
				CLANG_WARN_INFINITE_RECURSION = YES;
				CLANG_WARN_INT_CONVERSION = YES;
				CLANG_WARN_OBJC_ROOT_CLASS = YES_ERROR;
				CLANG_WARN_SUSPICIOUS_MOVE = YES;
				CLANG_WARN_SUSPICIOUS_MOVES = YES;
				CLANG_WARN_UNREACHABLE_CODE = YES;
				CLANG_WARN__DUPLICATE_METHOD_MATCH = YES;
				CODE_SIGN_IDENTITY = "-";
				COPY_PHASE_STRIP = NO;
				CURRENT_PROJECT_VERSION = 1;
				DEBUG_INFORMATION_FORMAT = "dwarf-with-dsym";
				ENABLE_NS_ASSERTIONS = NO;
				ENABLE_STRICT_OBJC_MSGSEND = YES;
				GCC_C_LANGUAGE_STANDARD = gnu99;
				GCC_NO_COMMON_BLOCKS = YES;
				GCC_WARN_64_TO_32_BIT_CONVERSION = YES;
				GCC_WARN_ABOUT_RETURN_TYPE = YES_ERROR;
				GCC_WARN_UNDECLARED_SELECTOR = YES;
				GCC_WARN_UNINITIALIZED_AUTOS = YES_AGGRESSIVE;
				GCC_WARN_UNUSED_FUNCTION = YES;
				GCC_WARN_UNUSED_VARIABLE = YES;
				MACOSX_DEPLOYMENT_TARGET = 10.11;
				MTL_ENABLE_DEBUG_INFO = NO;
				SDKROOT = macosx;
				SWIFT_OPTIMIZATION_LEVEL = "-Owholemodule";
				VERSIONING_SYSTEM = "apple-generic";
				VERSION_INFO_PREFIX = "";
			};
			name = Release;
		};
		05043C251D856F910033FEC6 /* Debug */ = {
			isa = XCBuildConfiguration;
			buildSettings = {
				CLANG_ENABLE_MODULES = YES;
				CODE_SIGN_IDENTITY = "";
				COMBINE_HIDPI_IMAGES = YES;
				DEFINES_MODULE = YES;
				DEVELOPMENT_TEAM = TR2DNF3P93;
				DYLIB_COMPATIBILITY_VERSION = 1;
				DYLIB_CURRENT_VERSION = 1;
				DYLIB_INSTALL_NAME_BASE = "@rpath";
				FRAMEWORK_SEARCH_PATHS = (
					"$(inherited)",
					"$(USER_LIBRARY_DIR)/Frameworks",
				);
				FRAMEWORK_VERSION = A;
				GCC_OPTIMIZATION_LEVEL = 2;
				INFOPLIST_FILE = Info.plist;
				INSTALL_PATH = "$(HOME)/Library/Frameworks";
				LD_RUNPATH_SEARCH_PATHS = "$(inherited) @executable_path/../Frameworks @loader_path/Frameworks";
				PRODUCT_BUNDLE_IDENTIFIER = "steel-wheels-project.KiwiControls";
				PRODUCT_NAME = "$(TARGET_NAME)";
				SKIP_INSTALL = NO;
				SWIFT_OPTIMIZATION_LEVEL = "-O";
				SWIFT_TREAT_WARNINGS_AS_ERRORS = YES;
				SWIFT_VERSION = 3.0;
			};
			name = Debug;
		};
		05043C261D856F910033FEC6 /* Release */ = {
			isa = XCBuildConfiguration;
			buildSettings = {
				CLANG_ENABLE_MODULES = YES;
				CODE_SIGN_IDENTITY = "";
				COMBINE_HIDPI_IMAGES = YES;
				DEFINES_MODULE = YES;
				DEVELOPMENT_TEAM = TR2DNF3P93;
				DYLIB_COMPATIBILITY_VERSION = 1;
				DYLIB_CURRENT_VERSION = 1;
				DYLIB_INSTALL_NAME_BASE = "@rpath";
				FRAMEWORK_SEARCH_PATHS = (
					"$(inherited)",
					"$(USER_LIBRARY_DIR)/Frameworks",
				);
				FRAMEWORK_VERSION = A;
				GCC_OPTIMIZATION_LEVEL = 2;
				INFOPLIST_FILE = Info.plist;
				INSTALL_PATH = "$(HOME)/Library/Frameworks";
				LD_RUNPATH_SEARCH_PATHS = "$(inherited) @executable_path/../Frameworks @loader_path/Frameworks";
				PRODUCT_BUNDLE_IDENTIFIER = "steel-wheels-project.KiwiControls";
				PRODUCT_NAME = "$(TARGET_NAME)";
				SKIP_INSTALL = NO;
				SWIFT_TREAT_WARNINGS_AS_ERRORS = YES;
				SWIFT_VERSION = 3.0;
			};
			name = Release;
		};
		05386D511D857F77004B8DDF /* Debug */ = {
			isa = XCBuildConfiguration;
			buildSettings = {
				DEBUGGING_SYMBOLS = YES;
				DEBUG_INFORMATION_FORMAT = dwarf;
				DEVELOPMENT_TEAM = TR2DNF3P93;
				GCC_GENERATE_DEBUGGING_SYMBOLS = YES;
				GCC_OPTIMIZATION_LEVEL = 0;
				OTHER_CFLAGS = "";
				OTHER_LDFLAGS = "";
				PRODUCT_NAME = "$(TARGET_NAME)";
			};
			name = Debug;
		};
		05386D521D857F77004B8DDF /* Release */ = {
			isa = XCBuildConfiguration;
			buildSettings = {
				DEBUG_INFORMATION_FORMAT = "dwarf-with-dsym";
				DEVELOPMENT_TEAM = TR2DNF3P93;
				OTHER_CFLAGS = "";
				OTHER_LDFLAGS = "";
				PRODUCT_NAME = "$(TARGET_NAME)";
			};
			name = Release;
		};
		053B67F21D96135B00A153F8 /* Debug */ = {
			isa = XCBuildConfiguration;
			buildSettings = {
				ASSETCATALOG_COMPILER_APPICON_NAME = AppIcon;
				COMBINE_HIDPI_IMAGES = YES;
				DEVELOPMENT_TEAM = TR2DNF3P93;
				FRAMEWORK_SEARCH_PATHS = (
					"$(inherited)",
					"$(USER_LIBRARY_DIR)/Frameworks",
				);
				GCC_OPTIMIZATION_LEVEL = 2;
				INFOPLIST_FILE = ../UnitTest/OSX/UTGraphicsDrawer/Info.plist;
				LD_RUNPATH_SEARCH_PATHS = "$(inherited) @executable_path/../Frameworks";
				MACOSX_DEPLOYMENT_TARGET = 10.12;
				PRODUCT_BUNDLE_IDENTIFIER = "steel-wheels-project.UTGraphicsDrawer";
				PRODUCT_NAME = "$(TARGET_NAME)";
				SWIFT_OPTIMIZATION_LEVEL = "-O";
				SWIFT_TREAT_WARNINGS_AS_ERRORS = YES;
				SWIFT_VERSION = 3.0;
			};
			name = Debug;
		};
		053B67F31D96135B00A153F8 /* Release */ = {
			isa = XCBuildConfiguration;
			buildSettings = {
				ASSETCATALOG_COMPILER_APPICON_NAME = AppIcon;
				COMBINE_HIDPI_IMAGES = YES;
				DEVELOPMENT_TEAM = TR2DNF3P93;
				FRAMEWORK_SEARCH_PATHS = (
					"$(inherited)",
					"$(USER_LIBRARY_DIR)/Frameworks",
				);
				GCC_OPTIMIZATION_LEVEL = 2;
				INFOPLIST_FILE = ../UnitTest/OSX/UTGraphicsDrawer/Info.plist;
				LD_RUNPATH_SEARCH_PATHS = "$(inherited) @executable_path/../Frameworks";
				MACOSX_DEPLOYMENT_TARGET = 10.12;
				PRODUCT_BUNDLE_IDENTIFIER = "steel-wheels-project.UTGraphicsDrawer";
				PRODUCT_NAME = "$(TARGET_NAME)";
				SWIFT_TREAT_WARNINGS_AS_ERRORS = YES;
				SWIFT_VERSION = 3.0;
			};
			name = Release;
		};
		054983EF1DDF519400C66782 /* Debug */ = {
			isa = XCBuildConfiguration;
			buildSettings = {
				ASSETCATALOG_COMPILER_APPICON_NAME = AppIcon;
				COMBINE_HIDPI_IMAGES = YES;
				DEVELOPMENT_TEAM = TR2DNF3P93;
				FRAMEWORK_SEARCH_PATHS = (
					"$(inherited)",
					"$(USER_LIBRARY_DIR)/Frameworks",
				);
				INFOPLIST_FILE = ../UnitTest/OSX/UTLayer/Info.plist;
				LD_RUNPATH_SEARCH_PATHS = "$(inherited) @executable_path/../Frameworks $(HOME)/Library/Frameworks";
				MACOSX_DEPLOYMENT_TARGET = 10.12;
				PRODUCT_BUNDLE_IDENTIFIER = "steel-wheels-project.UTLayer";
				PRODUCT_NAME = "$(TARGET_NAME)";
				SWIFT_VERSION = 3.0;
			};
			name = Debug;
		};
		054983F01DDF519400C66782 /* Release */ = {
			isa = XCBuildConfiguration;
			buildSettings = {
				ASSETCATALOG_COMPILER_APPICON_NAME = AppIcon;
				COMBINE_HIDPI_IMAGES = YES;
				DEVELOPMENT_TEAM = TR2DNF3P93;
				FRAMEWORK_SEARCH_PATHS = (
					"$(inherited)",
					"$(USER_LIBRARY_DIR)/Frameworks",
				);
				INFOPLIST_FILE = ../UnitTest/OSX/UTLayer/Info.plist;
				LD_RUNPATH_SEARCH_PATHS = "$(inherited) @executable_path/../Frameworks $(HOME)/Library/Frameworks";
				MACOSX_DEPLOYMENT_TARGET = 10.12;
				PRODUCT_BUNDLE_IDENTIFIER = "steel-wheels-project.UTLayer";
				PRODUCT_NAME = "$(TARGET_NAME)";
				SWIFT_VERSION = 3.0;
			};
			name = Release;
		};
		05931FE61DEF28C200B25543 /* Debug */ = {
			isa = XCBuildConfiguration;
			buildSettings = {
				ASSETCATALOG_COMPILER_APPICON_NAME = AppIcon;
				COMBINE_HIDPI_IMAGES = YES;
				DEVELOPMENT_TEAM = TR2DNF3P93;
				FRAMEWORK_SEARCH_PATHS = "$(HOME)/Library/Frameworks";
				GCC_OPTIMIZATION_LEVEL = 2;
				INFOPLIST_FILE = ../UnitTest/OSX/UTCountDownTimer/Info.plist;
				LD_RUNPATH_SEARCH_PATHS = "$(inherited) @executable_path/../Frameworks $(HOME)/Library/Frameworks";
				MACOSX_DEPLOYMENT_TARGET = 10.12;
				PRODUCT_BUNDLE_IDENTIFIER = "steel-wheels-project.UTCountDownTimer";
				PRODUCT_NAME = "$(TARGET_NAME)";
				SWIFT_OPTIMIZATION_LEVEL = "-Owholemodule";
				SWIFT_TREAT_WARNINGS_AS_ERRORS = YES;
				SWIFT_VERSION = 3.0;
			};
			name = Debug;
		};
		05931FE71DEF28C200B25543 /* Release */ = {
			isa = XCBuildConfiguration;
			buildSettings = {
				ASSETCATALOG_COMPILER_APPICON_NAME = AppIcon;
				COMBINE_HIDPI_IMAGES = YES;
				DEVELOPMENT_TEAM = TR2DNF3P93;
				FRAMEWORK_SEARCH_PATHS = "$(HOME)/Library/Frameworks";
				GCC_OPTIMIZATION_LEVEL = 2;
				INFOPLIST_FILE = ../UnitTest/OSX/UTCountDownTimer/Info.plist;
				LD_RUNPATH_SEARCH_PATHS = "$(inherited) @executable_path/../Frameworks $(HOME)/Library/Frameworks";
				MACOSX_DEPLOYMENT_TARGET = 10.12;
				PRODUCT_BUNDLE_IDENTIFIER = "steel-wheels-project.UTCountDownTimer";
				PRODUCT_NAME = "$(TARGET_NAME)";
				SWIFT_OPTIMIZATION_LEVEL = "-Owholemodule";
				SWIFT_TREAT_WARNINGS_AS_ERRORS = YES;
				SWIFT_VERSION = 3.0;
			};
			name = Release;
		};
		05ACEF6B1E0C3317009F10A7 /* Debug */ = {
			isa = XCBuildConfiguration;
			buildSettings = {
				ASSETCATALOG_COMPILER_APPICON_NAME = AppIcon;
				COMBINE_HIDPI_IMAGES = YES;
				DEVELOPMENT_TEAM = TR2DNF3P93;
				FRAMEWORK_SEARCH_PATHS = (
					"$(inherited)",
					"$(USER_LIBRARY_DIR)/Frameworks",
				);
				INFOPLIST_FILE = ../UnitTest/OSX/UTControl/Info.plist;
				LD_RUNPATH_SEARCH_PATHS = "$(inherited) @executable_path/../Frameworks";
				MACOSX_DEPLOYMENT_TARGET = 10.12;
				PRODUCT_BUNDLE_IDENTIFIER = "steel-wheels-project.UTControl";
				PRODUCT_NAME = "$(TARGET_NAME)";
				SWIFT_VERSION = 3.0;
			};
			name = Debug;
		};
		05ACEF6C1E0C3317009F10A7 /* Release */ = {
			isa = XCBuildConfiguration;
			buildSettings = {
				ASSETCATALOG_COMPILER_APPICON_NAME = AppIcon;
				COMBINE_HIDPI_IMAGES = YES;
				DEVELOPMENT_TEAM = TR2DNF3P93;
				FRAMEWORK_SEARCH_PATHS = (
					"$(inherited)",
					"$(USER_LIBRARY_DIR)/Frameworks",
				);
				INFOPLIST_FILE = ../UnitTest/OSX/UTControl/Info.plist;
				LD_RUNPATH_SEARCH_PATHS = "$(inherited) @executable_path/../Frameworks";
				MACOSX_DEPLOYMENT_TARGET = 10.12;
				PRODUCT_BUNDLE_IDENTIFIER = "steel-wheels-project.UTControl";
				PRODUCT_NAME = "$(TARGET_NAME)";
				SWIFT_VERSION = 3.0;
			};
			name = Release;
		};
		05BCED1A1D8E67FE00EBEA0B /* Debug */ = {
			isa = XCBuildConfiguration;
			buildSettings = {
				ASSETCATALOG_COMPILER_APPICON_NAME = AppIcon;
				COMBINE_HIDPI_IMAGES = YES;
				DEVELOPMENT_TEAM = TR2DNF3P93;
				FRAMEWORK_SEARCH_PATHS = (
					"$(inherited)",
					"$(USER_LIBRARY_DIR)/Frameworks",
				);
				GCC_OPTIMIZATION_LEVEL = 2;
				INFOPLIST_FILE = ../UnitTest/OSX/UTGraphicsView/Info.plist;
				LD_RUNPATH_SEARCH_PATHS = "$(inherited) @executable_path/../Frameworks $(HOME)/Library/Frameworks";
				PRODUCT_BUNDLE_IDENTIFIER = "steel-wheels-project.UTGraphicsView";
				PRODUCT_NAME = "$(TARGET_NAME)";
				SWIFT_OPTIMIZATION_LEVEL = "-O";
				SWIFT_TREAT_WARNINGS_AS_ERRORS = YES;
				SWIFT_VERSION = 3.0;
			};
			name = Debug;
		};
		05BCED1B1D8E67FE00EBEA0B /* Release */ = {
			isa = XCBuildConfiguration;
			buildSettings = {
				ASSETCATALOG_COMPILER_APPICON_NAME = AppIcon;
				COMBINE_HIDPI_IMAGES = YES;
				DEVELOPMENT_TEAM = TR2DNF3P93;
				FRAMEWORK_SEARCH_PATHS = (
					"$(inherited)",
					"$(USER_LIBRARY_DIR)/Frameworks",
				);
				GCC_OPTIMIZATION_LEVEL = 2;
				INFOPLIST_FILE = ../UnitTest/OSX/UTGraphicsView/Info.plist;
				LD_RUNPATH_SEARCH_PATHS = "$(inherited) @executable_path/../Frameworks $(HOME)/Library/Frameworks";
				PRODUCT_BUNDLE_IDENTIFIER = "steel-wheels-project.UTGraphicsView";
				PRODUCT_NAME = "$(TARGET_NAME)";
				SWIFT_TREAT_WARNINGS_AS_ERRORS = YES;
				SWIFT_VERSION = 3.0;
			};
			name = Release;
		};
		05C20D651DEADEDE007EF254 /* Debug */ = {
			isa = XCBuildConfiguration;
			buildSettings = {
				ASSETCATALOG_COMPILER_APPICON_NAME = AppIcon;
				COMBINE_HIDPI_IMAGES = YES;
				DEVELOPMENT_TEAM = TR2DNF3P93;
				FRAMEWORK_SEARCH_PATHS = (
					"$(inherited)",
					"$(USER_LIBRARY_DIR)/Frameworks",
				);
				INFOPLIST_FILE = ../UnitTest/OSX/UTGraphicsEditor/Info.plist;
				LD_RUNPATH_SEARCH_PATHS = "$(inherited) @executable_path/../Frameworks";
				MACOSX_DEPLOYMENT_TARGET = 10.12;
				PRODUCT_BUNDLE_IDENTIFIER = "steel-wheels-project.UTGraphicsEditor";
				PRODUCT_NAME = "$(TARGET_NAME)";
				SWIFT_VERSION = 3.0;
			};
			name = Debug;
		};
		05C20D661DEADEDE007EF254 /* Release */ = {
			isa = XCBuildConfiguration;
			buildSettings = {
				ASSETCATALOG_COMPILER_APPICON_NAME = AppIcon;
				COMBINE_HIDPI_IMAGES = YES;
				DEVELOPMENT_TEAM = TR2DNF3P93;
				FRAMEWORK_SEARCH_PATHS = (
					"$(inherited)",
					"$(USER_LIBRARY_DIR)/Frameworks",
				);
				INFOPLIST_FILE = ../UnitTest/OSX/UTGraphicsEditor/Info.plist;
				LD_RUNPATH_SEARCH_PATHS = "$(inherited) @executable_path/../Frameworks";
				MACOSX_DEPLOYMENT_TARGET = 10.12;
				PRODUCT_BUNDLE_IDENTIFIER = "steel-wheels-project.UTGraphicsEditor";
				PRODUCT_NAME = "$(TARGET_NAME)";
				SWIFT_VERSION = 3.0;
			};
			name = Release;
		};
/* End XCBuildConfiguration section */

/* Begin XCConfigurationList section */
		05043C161D856F910033FEC6 /* Build configuration list for PBXProject "KiwiControls" */ = {
			isa = XCConfigurationList;
			buildConfigurations = (
				05043C221D856F910033FEC6 /* Debug */,
				05043C231D856F910033FEC6 /* Release */,
			);
			defaultConfigurationIsVisible = 0;
			defaultConfigurationName = Release;
		};
		05043C241D856F910033FEC6 /* Build configuration list for PBXNativeTarget "KiwiControls" */ = {
			isa = XCConfigurationList;
			buildConfigurations = (
				05043C251D856F910033FEC6 /* Debug */,
				05043C261D856F910033FEC6 /* Release */,
			);
			defaultConfigurationIsVisible = 0;
			defaultConfigurationName = Release;
		};
		05386D501D857F77004B8DDF /* Build configuration list for PBXLegacyTarget "Install" */ = {
			isa = XCConfigurationList;
			buildConfigurations = (
				05386D511D857F77004B8DDF /* Debug */,
				05386D521D857F77004B8DDF /* Release */,
			);
			defaultConfigurationIsVisible = 0;
			defaultConfigurationName = Release;
		};
		053B67F41D96135B00A153F8 /* Build configuration list for PBXNativeTarget "UTGraphicsDrawer" */ = {
			isa = XCConfigurationList;
			buildConfigurations = (
				053B67F21D96135B00A153F8 /* Debug */,
				053B67F31D96135B00A153F8 /* Release */,
			);
			defaultConfigurationIsVisible = 0;
			defaultConfigurationName = Release;
		};
		054983F11DDF519400C66782 /* Build configuration list for PBXNativeTarget "UTLayer" */ = {
			isa = XCConfigurationList;
			buildConfigurations = (
				054983EF1DDF519400C66782 /* Debug */,
				054983F01DDF519400C66782 /* Release */,
			);
			defaultConfigurationIsVisible = 0;
			defaultConfigurationName = Release;
		};
		05931FE81DEF28C200B25543 /* Build configuration list for PBXNativeTarget "UTCountDownTimer" */ = {
			isa = XCConfigurationList;
			buildConfigurations = (
				05931FE61DEF28C200B25543 /* Debug */,
				05931FE71DEF28C200B25543 /* Release */,
			);
			defaultConfigurationIsVisible = 0;
			defaultConfigurationName = Release;
		};
		05ACEF6A1E0C3317009F10A7 /* Build configuration list for PBXNativeTarget "UTControl" */ = {
			isa = XCConfigurationList;
			buildConfigurations = (
				05ACEF6B1E0C3317009F10A7 /* Debug */,
				05ACEF6C1E0C3317009F10A7 /* Release */,
			);
			defaultConfigurationIsVisible = 0;
			defaultConfigurationName = Release;
		};
		05BCED191D8E67FE00EBEA0B /* Build configuration list for PBXNativeTarget "UTGraphicsView" */ = {
			isa = XCConfigurationList;
			buildConfigurations = (
				05BCED1A1D8E67FE00EBEA0B /* Debug */,
				05BCED1B1D8E67FE00EBEA0B /* Release */,
			);
			defaultConfigurationIsVisible = 0;
			defaultConfigurationName = Release;
		};
		05C20D671DEADEDE007EF254 /* Build configuration list for PBXNativeTarget "UTGraphicsEditor" */ = {
			isa = XCConfigurationList;
			buildConfigurations = (
				05C20D651DEADEDE007EF254 /* Debug */,
				05C20D661DEADEDE007EF254 /* Release */,
			);
			defaultConfigurationIsVisible = 0;
			defaultConfigurationName = Release;
		};
/* End XCConfigurationList section */
	};
	rootObject = 05043C131D856F910033FEC6 /* Project object */;
}
